{
  "object": {
    "pins": [
      {
        "package": "Alamofire",
        "repositoryURL": "https://github.com/Alamofire/Alamofire.git",
        "state": {
          "branch": null,
          "revision": "7fe7b918b746fbb4b7a7c2146bef7a88c7ddc54e",
          "version": "4.5.0"
        }
      },
      {
        "package": "ReactiveSwift",
        "repositoryURL": "https://github.com/ReactiveCocoa/ReactiveSwift.git",
        "state": {
          "branch": null,
          "revision": "2ec944c43ef9cf6b1380629e3ea483f62a7afaef",
          "version": "3.0.0"
        }
      },
      {
        "package": "Result",
        "repositoryURL": "https://github.com/antitypical/Result.git",
        "state": {
          "branch": null,
          "revision": "c8446185238659a2b27c0261f64ff1254291d07d",
          "version": "3.2.3"
        }
      },
      {
        "package": "RxSwift",
        "repositoryURL": "https://github.com/ReactiveX/RxSwift.git",
        "state": {
          "branch": null,
          "revision": "49eba516f11dbd856f7856e293422f561c854433",
          "version": "4.1.0"
        }
      }
    ]
  },
  "version": 1
}
