// !$*UTF8*$!
{
	archiveVersion = 1;
	classes = {
	};
	objectVersion = 46;
	objects = {

/* Begin PBXBuildFile section */
		0AF1D218204A9E0F5CCC7340 /* RxMoya.framework in Frameworks */ = {isa = PBXBuildFile; fileRef = 4D3C74EB65D75BC6DFCC646E /* RxMoya.framework */; };
		0DA77DF1329D3EFD3BD295CE /* Moya.h in Headers */ = {isa = PBXBuildFile; fileRef = D38525FE207BE148B17084F3 /* Moya.h */; settings = {ATTRIBUTES = (Public, ); }; };
		12F88B3755343FB9DD244AEC /* RxMoya.h in Headers */ = {isa = PBXBuildFile; fileRef = 8A53DF8B33D58E052A78E2BA /* RxMoya.h */; settings = {ATTRIBUTES = (Public, ); }; };
		1425941E1F42FDED00C9E171 /* Single+Response.swift in Sources */ = {isa = PBXBuildFile; fileRef = 14FB7A3E1F3E089900308949 /* Single+Response.swift */; };
		1446FBB31F214C5200C1EFF2 /* URL+Moya.swift in Sources */ = {isa = PBXBuildFile; fileRef = 1446FBB21F214C5200C1EFF2 /* URL+Moya.swift */; };
		1463B87B1F8A8A79002D9C4F /* Alamofire.framework in Frameworks */ = {isa = PBXBuildFile; fileRef = 1463B8731F8A8A5B002D9C4F /* Alamofire.framework */; };
		1463B87C1F8A8A79002D9C4F /* Alamofire.framework in Embed Frameworks */ = {isa = PBXBuildFile; fileRef = 1463B8731F8A8A5B002D9C4F /* Alamofire.framework */; settings = {ATTRIBUTES = (CodeSignOnCopy, RemoveHeadersOnCopy, ); }; };
		1463B8801F8A8A7F002D9C4F /* Alamofire.framework in Frameworks */ = {isa = PBXBuildFile; fileRef = 1463B8731F8A8A5B002D9C4F /* Alamofire.framework */; };
		1463B8811F8A8A7F002D9C4F /* Alamofire.framework in Embed Frameworks */ = {isa = PBXBuildFile; fileRef = 1463B8731F8A8A5B002D9C4F /* Alamofire.framework */; settings = {ATTRIBUTES = (CodeSignOnCopy, RemoveHeadersOnCopy, ); }; };
		147E26EC1F5B14B300C1F513 /* Task.swift in Sources */ = {isa = PBXBuildFile; fileRef = 147E26EB1F5B14B300C1F513 /* Task.swift */; };
		148FAF0DFB395B4A64314803 /* ReactiveMoya.framework in Frameworks */ = {isa = PBXBuildFile; fileRef = 62A8C06CC9BA491AE62A431B /* ReactiveMoya.framework */; };
		149675EC1F81340B0085EDEE /* GitHubAPI.swift in Sources */ = {isa = PBXBuildFile; fileRef = 469A06B01F705DDE001153A0 /* GitHubAPI.swift */; };
		149675ED1F81340D0085EDEE /* GiphyAPI.swift in Sources */ = {isa = PBXBuildFile; fileRef = 469A06AE1F705DDD001153A0 /* GiphyAPI.swift */; };
		149675EE1F81340F0085EDEE /* GitHubUserContentAPI.swift in Sources */ = {isa = PBXBuildFile; fileRef = 469A06AD1F705DDD001153A0 /* GitHubUserContentAPI.swift */; };
		149749431F8923EC00FA4900 /* AnyEncodable.swift in Sources */ = {isa = PBXBuildFile; fileRef = 149749421F8923EC00FA4900 /* AnyEncodable.swift */; };
		149749451F892E2F00FA4900 /* URLRequest+Encoding.swift in Sources */ = {isa = PBXBuildFile; fileRef = 149749441F892E2F00FA4900 /* URLRequest+Encoding.swift */; };
		15D3A2BD1223B59E2BBE09F0 /* MoyaError.swift in Sources */ = {isa = PBXBuildFile; fileRef = 2D47F3DC51C28D950491FAAB /* MoyaError.swift */; };
		1F24393320125F8200C9D813 /* EndpointClosureSpec.swift in Sources */ = {isa = PBXBuildFile; fileRef = 1F24393220125F8200C9D813 /* EndpointClosureSpec.swift */; };
		1F8AA0BC1FE0630300C9D7B6 /* ValidationType.swift in Sources */ = {isa = PBXBuildFile; fileRef = 1F8AA0BB1FE0630300C9D7B6 /* ValidationType.swift */; };
		1FD44D9E21CEA6B6221807EF /* NetworkLoggerPlugin.swift in Sources */ = {isa = PBXBuildFile; fileRef = 4553E5591EE96535C5310C02 /* NetworkLoggerPlugin.swift */; };
		2ADDFC96D7F7912333534C46 /* SignalProducer+Response.swift in Sources */ = {isa = PBXBuildFile; fileRef = 269C64D1ABED61A91DD873D3 /* SignalProducer+Response.swift */; };
		2C7132B56A7B129E12BAACAC /* EndpointSpec.swift in Sources */ = {isa = PBXBuildFile; fileRef = E825A32256FC030B8BA2684D /* EndpointSpec.swift */; };
		312750ECEEBC68A508BFD681 /* Moya.framework in Frameworks */ = {isa = PBXBuildFile; fileRef = 559D567FD0DA37D6CC98FF92 /* Moya.framework */; };
		3AF7063CBE1F9626FB32D933 /* Cancellable.swift in Sources */ = {isa = PBXBuildFile; fileRef = 5C2B20158E599EDBE51D7AB2 /* Cancellable.swift */; };
		4033070748A57EB4A0040DB1 /* NetworkLoggerPluginSpec.swift in Sources */ = {isa = PBXBuildFile; fileRef = 832781077A551E1F86E5F2D4 /* NetworkLoggerPluginSpec.swift */; };
		469A06761F705C3E001153A0 /* AppDelegate.swift in Sources */ = {isa = PBXBuildFile; fileRef = 469A06751F705C3E001153A0 /* AppDelegate.swift */; };
		469A06781F705C3E001153A0 /* ViewController.swift in Sources */ = {isa = PBXBuildFile; fileRef = 469A06771F705C3E001153A0 /* ViewController.swift */; };
		469A068C1F705C4E001153A0 /* AppDelegate.swift in Sources */ = {isa = PBXBuildFile; fileRef = 469A068B1F705C4E001153A0 /* AppDelegate.swift */; };
		469A068E1F705C4E001153A0 /* ViewController.swift in Sources */ = {isa = PBXBuildFile; fileRef = 469A068D1F705C4E001153A0 /* ViewController.swift */; };
		469A06B21F705ECF001153A0 /* Moya.framework in Frameworks */ = {isa = PBXBuildFile; fileRef = 559D567FD0DA37D6CC98FF92 /* Moya.framework */; };
		469A06B31F706373001153A0 /* LaunchScreen.storyboard in Resources */ = {isa = PBXBuildFile; fileRef = 469A06A71F705D0D001153A0 /* LaunchScreen.storyboard */; };
		469A06B41F706373001153A0 /* LaunchScreen.storyboard in Resources */ = {isa = PBXBuildFile; fileRef = 469A06A71F705D0D001153A0 /* LaunchScreen.storyboard */; };
		469A06B51F706377001153A0 /* Main.storyboard in Resources */ = {isa = PBXBuildFile; fileRef = 469A06A81F705D0D001153A0 /* Main.storyboard */; };
		469A06B61F706377001153A0 /* Main.storyboard in Resources */ = {isa = PBXBuildFile; fileRef = 469A06A81F705D0D001153A0 /* Main.storyboard */; };
		469A06BA1F70637C001153A0 /* Images.xcassets in Resources */ = {isa = PBXBuildFile; fileRef = 469A06AF1F705DDD001153A0 /* Images.xcassets */; };
		469A06BB1F70637C001153A0 /* GiphyAPI.swift in Sources */ = {isa = PBXBuildFile; fileRef = 469A06AE1F705DDD001153A0 /* GiphyAPI.swift */; };
		469A06BC1F70637C001153A0 /* GitHubAPI.swift in Sources */ = {isa = PBXBuildFile; fileRef = 469A06B01F705DDE001153A0 /* GitHubAPI.swift */; };
		469A06BD1F70637C001153A0 /* GitHubUserContentAPI.swift in Sources */ = {isa = PBXBuildFile; fileRef = 469A06AD1F705DDD001153A0 /* GitHubUserContentAPI.swift */; };
		469A06BE1F70637C001153A0 /* Images.xcassets in Resources */ = {isa = PBXBuildFile; fileRef = 469A06AF1F705DDD001153A0 /* Images.xcassets */; };
		49C61E884A595E94758B5643 /* Endpoint.swift in Sources */ = {isa = PBXBuildFile; fileRef = 3FF1994427C5440527B03B31 /* Endpoint.swift */; };
		4A609CED953E8A6C59AD01A1 /* NetworkActivityPlugin.swift in Sources */ = {isa = PBXBuildFile; fileRef = 2AD20F6A819D899E3278E903 /* NetworkActivityPlugin.swift */; };
		5054F87AFF61EAC0097F88BD /* MultiTarget.swift in Sources */ = {isa = PBXBuildFile; fileRef = 8F4EAC41B82FF5081DEC4808 /* MultiTarget.swift */; };
		53376123902C6A22A44DB88E /* Error+MoyaSpec.swift in Sources */ = {isa = PBXBuildFile; fileRef = C79C5F376B4A2C3F70051980 /* Error+MoyaSpec.swift */; };
		539FD70730B00973E1778CD3 /* MethodSpec.swift in Sources */ = {isa = PBXBuildFile; fileRef = 819334FE5D32EFB82599D482 /* MethodSpec.swift */; };
		58F73370045D6F1FBF73FC82 /* MoyaProvider+RxSpec.swift in Sources */ = {isa = PBXBuildFile; fileRef = 4C7A20CC38EB5A0221E6EA34 /* MoyaProvider+RxSpec.swift */; };
		59BC4B9B9D0D6F9C060E5620 /* MoyaProvider+Defaults.swift in Sources */ = {isa = PBXBuildFile; fileRef = 39F87B4349AC772FF766904B /* MoyaProvider+Defaults.swift */; };
		5BCAACCA268FEA0DAB07F998 /* MoyaProvider.swift in Sources */ = {isa = PBXBuildFile; fileRef = 851FFE6DC58E873408D0E8E7 /* MoyaProvider.swift */; };
		61633F6E85FB39A4707A6167 /* MultipartFormData.swift in Sources */ = {isa = PBXBuildFile; fileRef = B184F8E91A84A02E209EEB91 /* MultipartFormData.swift */; };
		62B78032862A529C4AF42061 /* MoyaProvider+Rx.swift in Sources */ = {isa = PBXBuildFile; fileRef = D48555FB39336D99F8365F5E /* MoyaProvider+Rx.swift */; };
		78A2D3991F44BACD00C9E122 /* RxTestHelpers.swift in Sources */ = {isa = PBXBuildFile; fileRef = 78A2D3981F44BACD00C9E122 /* RxTestHelpers.swift */; };
		78A2D39B1F44D45100C9E122 /* Single+MoyaSpec.swift in Sources */ = {isa = PBXBuildFile; fileRef = 78A2D39A1F44D45100C9E122 /* Single+MoyaSpec.swift */; };
		7B147185DCE78CD98E28D3F2 /* Observable+Response.swift in Sources */ = {isa = PBXBuildFile; fileRef = 8736BEE85376471D7CB1E0ED /* Observable+Response.swift */; };
		7C32947EA657E981CB15D58C /* TestPlugin.swift in Sources */ = {isa = PBXBuildFile; fileRef = DCACC7B19F3FFC2DEE74E07B /* TestPlugin.swift */; };
		83B0E400A7562256224CB7FF /* AccessTokenPlugin.swift in Sources */ = {isa = PBXBuildFile; fileRef = CC115388D44D0DB7A753E9BB /* AccessTokenPlugin.swift */; };
		85850A4122CF5AB50089E731 /* NimbleHelpers.swift in Sources */ = {isa = PBXBuildFile; fileRef = 85850A4022CF5AB50089E731 /* NimbleHelpers.swift */; };
		85B2DBBC221C69620098F59A /* PropertyListEncoding.swift in Sources */ = {isa = PBXBuildFile; fileRef = 85B2DBBB221C69620098F59A /* PropertyListEncoding.swift */; };
		85C98002231D3EC700AAAFB2 /* MoyaProvider+CombineSpec.swift in Sources */ = {isa = PBXBuildFile; fileRef = 85C98001231D3EC700AAAFB2 /* MoyaProvider+CombineSpec.swift */; };
		85D5277A2302BEF30093E9C1 /* TestImage.swift in Sources */ = {isa = PBXBuildFile; fileRef = 85D527792302BEF30093E9C1 /* TestImage.swift */; };
		85F6042E22A018BB00063320 /* RequestTypeWrapper.swift in Sources */ = {isa = PBXBuildFile; fileRef = 85F6042D22A018BB00063320 /* RequestTypeWrapper.swift */; };
		8995DF740A59721AA79F5B43 /* MoyaProvider+ReactiveSpec.swift in Sources */ = {isa = PBXBuildFile; fileRef = C841AA621AEC61FAEA0CA019 /* MoyaProvider+ReactiveSpec.swift */; };
		9854C1DBF14818CCA76AEC7F /* MoyaProvider+Internal.swift in Sources */ = {isa = PBXBuildFile; fileRef = 225C397C03E17F7DFBCA2848 /* MoyaProvider+Internal.swift */; };
		9A58B120B1293AFE556915AE /* MoyaProviderSpec.swift in Sources */ = {isa = PBXBuildFile; fileRef = B1F68927EA26EBDB45E82C8C /* MoyaProviderSpec.swift */; };
		A2B64B2383FB0BC3C17B3160 /* TargetType.swift in Sources */ = {isa = PBXBuildFile; fileRef = 9C38151BF038BA0B61EF5A62 /* TargetType.swift */; };
		A6304A7E74FA3B04C9B10B63 /* AccessTokenPluginSpec.swift in Sources */ = {isa = PBXBuildFile; fileRef = 31BAAD7EC02607A52AD3EF1E /* AccessTokenPluginSpec.swift */; };
		A8C55515DFA147BE4159B40A /* Response.swift in Sources */ = {isa = PBXBuildFile; fileRef = 7EFCB6731C60D3830DA5D2CB /* Response.swift */; };
		AB5048DC5042B016964EE958 /* MoyaProvider+Reactive.swift in Sources */ = {isa = PBXBuildFile; fileRef = 371C174EF53873DE04BB159E /* MoyaProvider+Reactive.swift */; };
		B2CD7F4F23A6F1BA007F67AC /* Atomic.swift in Sources */ = {isa = PBXBuildFile; fileRef = B2CD7F4E23A6F1BA007F67AC /* Atomic.swift */; };
		B4ABD55950B0E70BF44E79C6 /* MoyaProviderIntegrationTests.swift in Sources */ = {isa = PBXBuildFile; fileRef = 82E52DC541FD052ABA625D2A /* MoyaProviderIntegrationTests.swift */; };
		B5A7124CF285D8EC7F89C1AD /* CredentialsPlugin.swift in Sources */ = {isa = PBXBuildFile; fileRef = 884642F58B074C95261DCA86 /* CredentialsPlugin.swift */; };
		B950CAA84C0656EB11E316FB /* MultiTargetSpec.swift in Sources */ = {isa = PBXBuildFile; fileRef = 7D11E4BE1D5112E6972AD09F /* MultiTargetSpec.swift */; };
		BA5EFFB8EE468F6BCA15480C /* Moya.framework in Frameworks */ = {isa = PBXBuildFile; fileRef = 559D567FD0DA37D6CC98FF92 /* Moya.framework */; };
		BEAA605B30BE7651BA5C61A4 /* Plugin.swift in Sources */ = {isa = PBXBuildFile; fileRef = 61A693AF0E88E83E91A47A99 /* Plugin.swift */; };
		C1B5E2325B210232599B0D1A /* ErrorTests.swift in Sources */ = {isa = PBXBuildFile; fileRef = 7F112022D8F42844A7D5CB5C /* ErrorTests.swift */; };
		CCB85FCA228B3D1800AAB253 /* Moya.framework in Frameworks */ = {isa = PBXBuildFile; fileRef = 559D567FD0DA37D6CC98FF92 /* Moya.framework */; };
		D00AA2514CD6B1276B845BA7 /* ReactiveMoya.h in Headers */ = {isa = PBXBuildFile; fileRef = 019BF5A88BB928EBDFD944FE /* ReactiveMoya.h */; settings = {ATTRIBUTES = (Public, ); }; };
		D195C09A24748730005F6E98 /* CombineMoya.framework in Frameworks */ = {isa = PBXBuildFile; fileRef = D1B52E8E24747A6300C5FB76 /* CombineMoya.framework */; };
		D195C09B24748730005F6E98 /* CombineMoya.framework in Embed Frameworks */ = {isa = PBXBuildFile; fileRef = D1B52E8E24747A6300C5FB76 /* CombineMoya.framework */; settings = {ATTRIBUTES = (CodeSignOnCopy, RemoveHeadersOnCopy, ); }; };
		D1B52E8424747A6300C5FB76 /* ReactiveMoya.h in Headers */ = {isa = PBXBuildFile; fileRef = 019BF5A88BB928EBDFD944FE /* ReactiveMoya.h */; settings = {ATTRIBUTES = (Public, ); }; };
		D1B52E8A24747A6300C5FB76 /* Moya.framework in Frameworks */ = {isa = PBXBuildFile; fileRef = 559D567FD0DA37D6CC98FF92 /* Moya.framework */; };
		D1B52E9024747B2B00C5FB76 /* AnyPublisher+Response.swift in Sources */ = {isa = PBXBuildFile; fileRef = 85C98007231D4BE900AAAFB2 /* AnyPublisher+Response.swift */; };
		D1B52E9124747B2B00C5FB76 /* MoyaPublisher.swift in Sources */ = {isa = PBXBuildFile; fileRef = 85C98005231D41E400AAAFB2 /* MoyaPublisher.swift */; };
		D1B52E9224747B2B00C5FB76 /* MoyaProvider+Combine.swift in Sources */ = {isa = PBXBuildFile; fileRef = 85C97FFF231D2D4000AAAFB2 /* MoyaProvider+Combine.swift */; };
		D1B52E9324747B4900C5FB76 /* CombineMoya.framework in Frameworks */ = {isa = PBXBuildFile; fileRef = D1B52E8E24747A6300C5FB76 /* CombineMoya.framework */; };
		D6A04B657A83CA2FF80ABCF4 /* Moya.framework in Frameworks */ = {isa = PBXBuildFile; fileRef = 559D567FD0DA37D6CC98FF92 /* Moya.framework */; };
		DA631A5B37F36DA17E135F14 /* SignalProducer+MoyaSpec.swift in Sources */ = {isa = PBXBuildFile; fileRef = F1AFAFEA29CDFABC559F0BE2 /* SignalProducer+MoyaSpec.swift */; };
		E9B54EFE4EF4A96444BA76AA /* Observable+MoyaSpec.swift in Sources */ = {isa = PBXBuildFile; fileRef = 461DEED329CE157E412CBCE0 /* Observable+MoyaSpec.swift */; };
		EDBA10DB0D0E35C1474AAB4D /* Moya+Alamofire.swift in Sources */ = {isa = PBXBuildFile; fileRef = 88D4E607168B403E754F510C /* Moya+Alamofire.swift */; };
		F88EC83A91FF6DE81246B01C /* TestHelpers.swift in Sources */ = {isa = PBXBuildFile; fileRef = 4650771638DBA96BDE28F11B /* TestHelpers.swift */; };
		FA9EE63E068C40C97D7B0156 /* MultipartFormDataSpec.swift in Sources */ = {isa = PBXBuildFile; fileRef = 369649DCA3D957F2F9D8053A /* MultipartFormDataSpec.swift */; };
		FB223B5C3B7D4AA5261E25EA /* Image.swift in Sources */ = {isa = PBXBuildFile; fileRef = 86F3C0EA472C23E786E23CE9 /* Image.swift */; };
/* End PBXBuildFile section */

/* Begin PBXContainerItemProxy section */
		17924DA7239A397DF7BCAE7A /* PBXContainerItemProxy */ = {
			isa = PBXContainerItemProxy;
			containerPortal = 37D7E3D7DB2F5106A68DAB51 /* Project object */;
			proxyType = 1;
			remoteGlobalIDString = ED6C081A4AC105D3F62F3C49;
			remoteInfo = Moya;
		};
		9C87DB314CD3991954C659EF /* PBXContainerItemProxy */ = {
			isa = PBXContainerItemProxy;
			containerPortal = 37D7E3D7DB2F5106A68DAB51 /* Project object */;
			proxyType = 1;
			remoteGlobalIDString = 958A3EDB11249C16A9186F42;
			remoteInfo = ReactiveMoya;
		};
		D195C09C24748730005F6E98 /* PBXContainerItemProxy */ = {
			isa = PBXContainerItemProxy;
			containerPortal = 37D7E3D7DB2F5106A68DAB51 /* Project object */;
			proxyType = 1;
			remoteGlobalIDString = D1B52E8124747A6300C5FB76;
			remoteInfo = CombineMoya;
		};
		D1B52E9424747B5200C5FB76 /* PBXContainerItemProxy */ = {
			isa = PBXContainerItemProxy;
			containerPortal = 37D7E3D7DB2F5106A68DAB51 /* Project object */;
			proxyType = 1;
			remoteGlobalIDString = D1B52E8124747A6300C5FB76;
			remoteInfo = CombineMoya;
		};
		F1AFFF828D536728F1F23101 /* PBXContainerItemProxy */ = {
			isa = PBXContainerItemProxy;
			containerPortal = 37D7E3D7DB2F5106A68DAB51 /* Project object */;
			proxyType = 1;
			remoteGlobalIDString = 528FF71D5A26E74522C484AD;
			remoteInfo = RxMoya;
		};
/* End PBXContainerItemProxy section */

/* Begin PBXCopyFilesBuildPhase section */
		1463B87F1F8A8A79002D9C4F /* Embed Frameworks */ = {
			isa = PBXCopyFilesBuildPhase;
			buildActionMask = 2147483647;
			dstPath = "";
			dstSubfolderSpec = 10;
			files = (
				1463B87C1F8A8A79002D9C4F /* Alamofire.framework in Embed Frameworks */,
			);
			name = "Embed Frameworks";
			runOnlyForDeploymentPostprocessing = 0;
		};
		1463B8841F8A8A7F002D9C4F /* Embed Frameworks */ = {
			isa = PBXCopyFilesBuildPhase;
			buildActionMask = 2147483647;
			dstPath = "";
			dstSubfolderSpec = 10;
			files = (
				D195C09B24748730005F6E98 /* CombineMoya.framework in Embed Frameworks */,
				1463B8811F8A8A7F002D9C4F /* Alamofire.framework in Embed Frameworks */,
			);
			name = "Embed Frameworks";
			runOnlyForDeploymentPostprocessing = 0;
		};
/* End PBXCopyFilesBuildPhase section */

/* Begin PBXFileReference section */
		019BF5A88BB928EBDFD944FE /* ReactiveMoya.h */ = {isa = PBXFileReference; includeInIndex = 1; lastKnownFileType = sourcecode.c.h; path = ReactiveMoya.h; sourceTree = "<group>"; };
		1446FBB21F214C5200C1EFF2 /* URL+Moya.swift */ = {isa = PBXFileReference; fileEncoding = 4; lastKnownFileType = sourcecode.swift; path = "URL+Moya.swift"; sourceTree = "<group>"; };
		1463B8731F8A8A5B002D9C4F /* Alamofire.framework */ = {isa = PBXFileReference; lastKnownFileType = wrapper.framework; name = Alamofire.framework; path = Carthage/Build/iOS/Alamofire.framework; sourceTree = "<group>"; };
		147E26EB1F5B14B300C1F513 /* Task.swift */ = {isa = PBXFileReference; lastKnownFileType = sourcecode.swift; path = Task.swift; sourceTree = "<group>"; };
		149749421F8923EC00FA4900 /* AnyEncodable.swift */ = {isa = PBXFileReference; lastKnownFileType = sourcecode.swift; path = AnyEncodable.swift; sourceTree = "<group>"; };
		149749441F892E2F00FA4900 /* URLRequest+Encoding.swift */ = {isa = PBXFileReference; lastKnownFileType = sourcecode.swift; path = "URLRequest+Encoding.swift"; sourceTree = "<group>"; };
		14FB7A3E1F3E089900308949 /* Single+Response.swift */ = {isa = PBXFileReference; lastKnownFileType = sourcecode.swift; path = "Single+Response.swift"; sourceTree = "<group>"; };
		1F24393220125F8200C9D813 /* EndpointClosureSpec.swift */ = {isa = PBXFileReference; lastKnownFileType = sourcecode.swift; path = EndpointClosureSpec.swift; sourceTree = "<group>"; };
		1F8AA0BB1FE0630300C9D7B6 /* ValidationType.swift */ = {isa = PBXFileReference; lastKnownFileType = sourcecode.swift; path = ValidationType.swift; sourceTree = "<group>"; };
		225C397C03E17F7DFBCA2848 /* MoyaProvider+Internal.swift */ = {isa = PBXFileReference; includeInIndex = 1; lastKnownFileType = sourcecode.swift; path = "MoyaProvider+Internal.swift"; sourceTree = "<group>"; };
		269C64D1ABED61A91DD873D3 /* SignalProducer+Response.swift */ = {isa = PBXFileReference; includeInIndex = 1; lastKnownFileType = sourcecode.swift; path = "SignalProducer+Response.swift"; sourceTree = "<group>"; };
		2AD20F6A819D899E3278E903 /* NetworkActivityPlugin.swift */ = {isa = PBXFileReference; includeInIndex = 1; lastKnownFileType = sourcecode.swift; path = NetworkActivityPlugin.swift; sourceTree = "<group>"; };
		2D47F3DC51C28D950491FAAB /* MoyaError.swift */ = {isa = PBXFileReference; includeInIndex = 1; lastKnownFileType = sourcecode.swift; path = MoyaError.swift; sourceTree = "<group>"; };
		31BAAD7EC02607A52AD3EF1E /* AccessTokenPluginSpec.swift */ = {isa = PBXFileReference; includeInIndex = 1; lastKnownFileType = sourcecode.swift; path = AccessTokenPluginSpec.swift; sourceTree = "<group>"; };
		369649DCA3D957F2F9D8053A /* MultipartFormDataSpec.swift */ = {isa = PBXFileReference; includeInIndex = 1; lastKnownFileType = sourcecode.swift; path = MultipartFormDataSpec.swift; sourceTree = "<group>"; };
		371C174EF53873DE04BB159E /* MoyaProvider+Reactive.swift */ = {isa = PBXFileReference; includeInIndex = 1; lastKnownFileType = sourcecode.swift; path = "MoyaProvider+Reactive.swift"; sourceTree = "<group>"; };
		39F87B4349AC772FF766904B /* MoyaProvider+Defaults.swift */ = {isa = PBXFileReference; includeInIndex = 1; lastKnownFileType = sourcecode.swift; path = "MoyaProvider+Defaults.swift"; sourceTree = "<group>"; };
		3FF1994427C5440527B03B31 /* Endpoint.swift */ = {isa = PBXFileReference; includeInIndex = 1; lastKnownFileType = sourcecode.swift; path = Endpoint.swift; sourceTree = "<group>"; };
		426A0B603239A873C297AACF /* Info.plist */ = {isa = PBXFileReference; includeInIndex = 1; lastKnownFileType = text.plist.xml; path = Info.plist; sourceTree = "<group>"; };
		4553E5591EE96535C5310C02 /* NetworkLoggerPlugin.swift */ = {isa = PBXFileReference; includeInIndex = 1; lastKnownFileType = sourcecode.swift; path = NetworkLoggerPlugin.swift; sourceTree = "<group>"; };
		461DEED329CE157E412CBCE0 /* Observable+MoyaSpec.swift */ = {isa = PBXFileReference; includeInIndex = 1; lastKnownFileType = sourcecode.swift; path = "Observable+MoyaSpec.swift"; sourceTree = "<group>"; };
		4650771638DBA96BDE28F11B /* TestHelpers.swift */ = {isa = PBXFileReference; includeInIndex = 1; lastKnownFileType = sourcecode.swift; path = TestHelpers.swift; sourceTree = "<group>"; };
		469A06731F705C3E001153A0 /* Basic.app */ = {isa = PBXFileReference; explicitFileType = wrapper.application; includeInIndex = 0; path = Basic.app; sourceTree = BUILT_PRODUCTS_DIR; };
		469A06751F705C3E001153A0 /* AppDelegate.swift */ = {isa = PBXFileReference; lastKnownFileType = sourcecode.swift; path = AppDelegate.swift; sourceTree = "<group>"; };
		469A06771F705C3E001153A0 /* ViewController.swift */ = {isa = PBXFileReference; lastKnownFileType = sourcecode.swift; path = ViewController.swift; sourceTree = "<group>"; };
		469A06811F705C3E001153A0 /* Info.plist */ = {isa = PBXFileReference; lastKnownFileType = text.plist.xml; path = Info.plist; sourceTree = "<group>"; };
		469A06891F705C4E001153A0 /* Multi-Target.app */ = {isa = PBXFileReference; explicitFileType = wrapper.application; includeInIndex = 0; path = "Multi-Target.app"; sourceTree = BUILT_PRODUCTS_DIR; };
		469A068B1F705C4E001153A0 /* AppDelegate.swift */ = {isa = PBXFileReference; lastKnownFileType = sourcecode.swift; path = AppDelegate.swift; sourceTree = "<group>"; };
		469A068D1F705C4E001153A0 /* ViewController.swift */ = {isa = PBXFileReference; lastKnownFileType = sourcecode.swift; path = ViewController.swift; sourceTree = "<group>"; };
		469A06971F705C4E001153A0 /* Info.plist */ = {isa = PBXFileReference; lastKnownFileType = text.plist.xml; path = Info.plist; sourceTree = "<group>"; };
		469A06A71F705D0D001153A0 /* LaunchScreen.storyboard */ = {isa = PBXFileReference; lastKnownFileType = file.storyboard; path = LaunchScreen.storyboard; sourceTree = "<group>"; };
		469A06A81F705D0D001153A0 /* Main.storyboard */ = {isa = PBXFileReference; lastKnownFileType = file.storyboard; path = Main.storyboard; sourceTree = "<group>"; };
		469A06AD1F705DDD001153A0 /* GitHubUserContentAPI.swift */ = {isa = PBXFileReference; lastKnownFileType = sourcecode.swift; path = GitHubUserContentAPI.swift; sourceTree = "<group>"; };
		469A06AE1F705DDD001153A0 /* GiphyAPI.swift */ = {isa = PBXFileReference; lastKnownFileType = sourcecode.swift; path = GiphyAPI.swift; sourceTree = "<group>"; };
		469A06AF1F705DDD001153A0 /* Images.xcassets */ = {isa = PBXFileReference; lastKnownFileType = folder.assetcatalog; path = Images.xcassets; sourceTree = "<group>"; };
		469A06B01F705DDE001153A0 /* GitHubAPI.swift */ = {isa = PBXFileReference; lastKnownFileType = sourcecode.swift; path = GitHubAPI.swift; sourceTree = "<group>"; };
		4C7A20CC38EB5A0221E6EA34 /* MoyaProvider+RxSpec.swift */ = {isa = PBXFileReference; includeInIndex = 1; lastKnownFileType = sourcecode.swift; path = "MoyaProvider+RxSpec.swift"; sourceTree = "<group>"; };
		4D3C74EB65D75BC6DFCC646E /* RxMoya.framework */ = {isa = PBXFileReference; explicitFileType = wrapper.framework; includeInIndex = 0; path = RxMoya.framework; sourceTree = BUILT_PRODUCTS_DIR; };
		5365911118011A3A4FE0CD07 /* MoyaTests.xctest */ = {isa = PBXFileReference; explicitFileType = wrapper.cfbundle; includeInIndex = 0; path = MoyaTests.xctest; sourceTree = BUILT_PRODUCTS_DIR; };
		559D567FD0DA37D6CC98FF92 /* Moya.framework */ = {isa = PBXFileReference; explicitFileType = wrapper.framework; includeInIndex = 0; path = Moya.framework; sourceTree = BUILT_PRODUCTS_DIR; };
		5C2B20158E599EDBE51D7AB2 /* Cancellable.swift */ = {isa = PBXFileReference; includeInIndex = 1; lastKnownFileType = sourcecode.swift; path = Cancellable.swift; sourceTree = "<group>"; };
		61A693AF0E88E83E91A47A99 /* Plugin.swift */ = {isa = PBXFileReference; includeInIndex = 1; lastKnownFileType = sourcecode.swift; path = Plugin.swift; sourceTree = "<group>"; };
		62A8C06CC9BA491AE62A431B /* ReactiveMoya.framework */ = {isa = PBXFileReference; explicitFileType = wrapper.framework; includeInIndex = 0; path = ReactiveMoya.framework; sourceTree = BUILT_PRODUCTS_DIR; };
		78A2D3981F44BACD00C9E122 /* RxTestHelpers.swift */ = {isa = PBXFileReference; fileEncoding = 4; lastKnownFileType = sourcecode.swift; path = RxTestHelpers.swift; sourceTree = "<group>"; };
		78A2D39A1F44D45100C9E122 /* Single+MoyaSpec.swift */ = {isa = PBXFileReference; fileEncoding = 4; lastKnownFileType = sourcecode.swift; path = "Single+MoyaSpec.swift"; sourceTree = "<group>"; };
		7D11E4BE1D5112E6972AD09F /* MultiTargetSpec.swift */ = {isa = PBXFileReference; includeInIndex = 1; lastKnownFileType = sourcecode.swift; path = MultiTargetSpec.swift; sourceTree = "<group>"; };
		7EFCB6731C60D3830DA5D2CB /* Response.swift */ = {isa = PBXFileReference; includeInIndex = 1; lastKnownFileType = sourcecode.swift; path = Response.swift; sourceTree = "<group>"; };
		7F112022D8F42844A7D5CB5C /* ErrorTests.swift */ = {isa = PBXFileReference; includeInIndex = 1; lastKnownFileType = sourcecode.swift; path = ErrorTests.swift; sourceTree = "<group>"; };
		819334FE5D32EFB82599D482 /* MethodSpec.swift */ = {isa = PBXFileReference; includeInIndex = 1; lastKnownFileType = sourcecode.swift; path = MethodSpec.swift; sourceTree = "<group>"; };
		82E52DC541FD052ABA625D2A /* MoyaProviderIntegrationTests.swift */ = {isa = PBXFileReference; includeInIndex = 1; lastKnownFileType = sourcecode.swift; path = MoyaProviderIntegrationTests.swift; sourceTree = "<group>"; };
		832781077A551E1F86E5F2D4 /* NetworkLoggerPluginSpec.swift */ = {isa = PBXFileReference; includeInIndex = 1; lastKnownFileType = sourcecode.swift; path = NetworkLoggerPluginSpec.swift; sourceTree = "<group>"; };
		851FFE6DC58E873408D0E8E7 /* MoyaProvider.swift */ = {isa = PBXFileReference; includeInIndex = 1; lastKnownFileType = sourcecode.swift; path = MoyaProvider.swift; sourceTree = "<group>"; };
		85850A4022CF5AB50089E731 /* NimbleHelpers.swift */ = {isa = PBXFileReference; lastKnownFileType = sourcecode.swift; path = NimbleHelpers.swift; sourceTree = "<group>"; };
		85B2DBBB221C69620098F59A /* PropertyListEncoding.swift */ = {isa = PBXFileReference; lastKnownFileType = sourcecode.swift; path = PropertyListEncoding.swift; sourceTree = "<group>"; };
		85C97FFF231D2D4000AAAFB2 /* MoyaProvider+Combine.swift */ = {isa = PBXFileReference; lastKnownFileType = sourcecode.swift; path = "MoyaProvider+Combine.swift"; sourceTree = "<group>"; };
		85C98001231D3EC700AAAFB2 /* MoyaProvider+CombineSpec.swift */ = {isa = PBXFileReference; lastKnownFileType = sourcecode.swift; path = "MoyaProvider+CombineSpec.swift"; sourceTree = "<group>"; };
		85C98005231D41E400AAAFB2 /* MoyaPublisher.swift */ = {isa = PBXFileReference; lastKnownFileType = sourcecode.swift; path = MoyaPublisher.swift; sourceTree = "<group>"; };
		85C98007231D4BE900AAAFB2 /* AnyPublisher+Response.swift */ = {isa = PBXFileReference; lastKnownFileType = sourcecode.swift; path = "AnyPublisher+Response.swift"; sourceTree = "<group>"; };
		85D527792302BEF30093E9C1 /* TestImage.swift */ = {isa = PBXFileReference; lastKnownFileType = sourcecode.swift; path = TestImage.swift; sourceTree = "<group>"; };
		85F6042D22A018BB00063320 /* RequestTypeWrapper.swift */ = {isa = PBXFileReference; lastKnownFileType = sourcecode.swift; path = RequestTypeWrapper.swift; sourceTree = "<group>"; };
		86F3C0EA472C23E786E23CE9 /* Image.swift */ = {isa = PBXFileReference; includeInIndex = 1; lastKnownFileType = sourcecode.swift; path = Image.swift; sourceTree = "<group>"; };
		8736BEE85376471D7CB1E0ED /* Observable+Response.swift */ = {isa = PBXFileReference; includeInIndex = 1; lastKnownFileType = sourcecode.swift; path = "Observable+Response.swift"; sourceTree = "<group>"; };
		884642F58B074C95261DCA86 /* CredentialsPlugin.swift */ = {isa = PBXFileReference; includeInIndex = 1; lastKnownFileType = sourcecode.swift; path = CredentialsPlugin.swift; sourceTree = "<group>"; };
		88D4E607168B403E754F510C /* Moya+Alamofire.swift */ = {isa = PBXFileReference; includeInIndex = 1; lastKnownFileType = sourcecode.swift; path = "Moya+Alamofire.swift"; sourceTree = "<group>"; };
		8A53DF8B33D58E052A78E2BA /* RxMoya.h */ = {isa = PBXFileReference; includeInIndex = 1; lastKnownFileType = sourcecode.c.h; path = RxMoya.h; sourceTree = "<group>"; };
		8F4EAC41B82FF5081DEC4808 /* MultiTarget.swift */ = {isa = PBXFileReference; includeInIndex = 1; lastKnownFileType = sourcecode.swift; path = MultiTarget.swift; sourceTree = "<group>"; };
		9C38151BF038BA0B61EF5A62 /* TargetType.swift */ = {isa = PBXFileReference; includeInIndex = 1; lastKnownFileType = sourcecode.swift; path = TargetType.swift; sourceTree = "<group>"; };
		B184F8E91A84A02E209EEB91 /* MultipartFormData.swift */ = {isa = PBXFileReference; includeInIndex = 1; lastKnownFileType = sourcecode.swift; path = MultipartFormData.swift; sourceTree = "<group>"; };
		B1F68927EA26EBDB45E82C8C /* MoyaProviderSpec.swift */ = {isa = PBXFileReference; includeInIndex = 1; lastKnownFileType = sourcecode.swift; path = MoyaProviderSpec.swift; sourceTree = "<group>"; };
		B2CD7F4E23A6F1BA007F67AC /* Atomic.swift */ = {isa = PBXFileReference; lastKnownFileType = sourcecode.swift; path = Atomic.swift; sourceTree = "<group>"; };
		C79C5F376B4A2C3F70051980 /* Error+MoyaSpec.swift */ = {isa = PBXFileReference; includeInIndex = 1; lastKnownFileType = sourcecode.swift; path = "Error+MoyaSpec.swift"; sourceTree = "<group>"; };
		C841AA621AEC61FAEA0CA019 /* MoyaProvider+ReactiveSpec.swift */ = {isa = PBXFileReference; includeInIndex = 1; lastKnownFileType = sourcecode.swift; path = "MoyaProvider+ReactiveSpec.swift"; sourceTree = "<group>"; };
		CC115388D44D0DB7A753E9BB /* AccessTokenPlugin.swift */ = {isa = PBXFileReference; includeInIndex = 1; lastKnownFileType = sourcecode.swift; path = AccessTokenPlugin.swift; sourceTree = "<group>"; };
		D1B52E8E24747A6300C5FB76 /* CombineMoya.framework */ = {isa = PBXFileReference; explicitFileType = wrapper.framework; includeInIndex = 0; path = CombineMoya.framework; sourceTree = BUILT_PRODUCTS_DIR; };
		D38525FE207BE148B17084F3 /* Moya.h */ = {isa = PBXFileReference; includeInIndex = 1; lastKnownFileType = sourcecode.c.h; path = Moya.h; sourceTree = "<group>"; };
		D48555FB39336D99F8365F5E /* MoyaProvider+Rx.swift */ = {isa = PBXFileReference; includeInIndex = 1; lastKnownFileType = sourcecode.swift; path = "MoyaProvider+Rx.swift"; sourceTree = "<group>"; };
		DCACC7B19F3FFC2DEE74E07B /* TestPlugin.swift */ = {isa = PBXFileReference; includeInIndex = 1; lastKnownFileType = sourcecode.swift; path = TestPlugin.swift; sourceTree = "<group>"; };
		E825A32256FC030B8BA2684D /* EndpointSpec.swift */ = {isa = PBXFileReference; includeInIndex = 1; lastKnownFileType = sourcecode.swift; path = EndpointSpec.swift; sourceTree = "<group>"; };
		F1AFAFEA29CDFABC559F0BE2 /* SignalProducer+MoyaSpec.swift */ = {isa = PBXFileReference; includeInIndex = 1; lastKnownFileType = sourcecode.swift; path = "SignalProducer+MoyaSpec.swift"; sourceTree = "<group>"; };
/* End PBXFileReference section */

/* Begin PBXFrameworksBuildPhase section */
		154F6A501C7109867E223063 /* Frameworks */ = {
			isa = PBXFrameworksBuildPhase;
			buildActionMask = 2147483647;
			files = (
				D6A04B657A83CA2FF80ABCF4 /* Moya.framework in Frameworks */,
			);
			runOnlyForDeploymentPostprocessing = 0;
		};
		469A06701F705C3E001153A0 /* Frameworks */ = {
			isa = PBXFrameworksBuildPhase;
			buildActionMask = 2147483647;
			files = (
				D195C09A24748730005F6E98 /* CombineMoya.framework in Frameworks */,
				CCB85FCA228B3D1800AAB253 /* Moya.framework in Frameworks */,
				1463B8801F8A8A7F002D9C4F /* Alamofire.framework in Frameworks */,
			);
			runOnlyForDeploymentPostprocessing = 0;
		};
		469A06861F705C4E001153A0 /* Frameworks */ = {
			isa = PBXFrameworksBuildPhase;
			buildActionMask = 2147483647;
			files = (
				469A06B21F705ECF001153A0 /* Moya.framework in Frameworks */,
				1463B87B1F8A8A79002D9C4F /* Alamofire.framework in Frameworks */,
			);
			runOnlyForDeploymentPostprocessing = 0;
		};
		893A08BEE844EE1A074B526F /* Frameworks */ = {
			isa = PBXFrameworksBuildPhase;
			buildActionMask = 2147483647;
			files = (
				D1B52E9324747B4900C5FB76 /* CombineMoya.framework in Frameworks */,
				312750ECEEBC68A508BFD681 /* Moya.framework in Frameworks */,
				148FAF0DFB395B4A64314803 /* ReactiveMoya.framework in Frameworks */,
				0AF1D218204A9E0F5CCC7340 /* RxMoya.framework in Frameworks */,
			);
			runOnlyForDeploymentPostprocessing = 0;
		};
		B2955433F474AC60FE7417A3 /* Frameworks */ = {
			isa = PBXFrameworksBuildPhase;
			buildActionMask = 2147483647;
			files = (
			);
			runOnlyForDeploymentPostprocessing = 0;
		};
		D1B52E8924747A6300C5FB76 /* Frameworks */ = {
			isa = PBXFrameworksBuildPhase;
			buildActionMask = 2147483647;
			files = (
				D1B52E8A24747A6300C5FB76 /* Moya.framework in Frameworks */,
			);
			runOnlyForDeploymentPostprocessing = 0;
		};
		E8587D648DDFD802A140D11B /* Frameworks */ = {
			isa = PBXFrameworksBuildPhase;
			buildActionMask = 2147483647;
			files = (
				BA5EFFB8EE468F6BCA15480C /* Moya.framework in Frameworks */,
			);
			runOnlyForDeploymentPostprocessing = 0;
		};
/* End PBXFrameworksBuildPhase section */

/* Begin PBXGroup section */
		0E7C5E12BDDF8CD3A778D84C /* Frameworks */ = {
			isa = PBXGroup;
			children = (
				1463B8731F8A8A5B002D9C4F /* Alamofire.framework */,
			);
			name = Frameworks;
			sourceTree = "<group>";
		};
		1952C4A00E2EF89FFE965603 /* Tests */ = {
			isa = PBXGroup;
			children = (
				85D527782302B4CC0093E9C1 /* MoyaTests */,
			);
			path = Tests;
			sourceTree = "<group>";
		};
		1994CBF4AE6FADACD6742256 /* Supporting Files */ = {
			isa = PBXGroup;
			children = (
				426A0B603239A873C297AACF /* Info.plist */,
				D38525FE207BE148B17084F3 /* Moya.h */,
				019BF5A88BB928EBDFD944FE /* ReactiveMoya.h */,
				8A53DF8B33D58E052A78E2BA /* RxMoya.h */,
			);
			path = "Supporting Files";
			sourceTree = "<group>";
		};
		32510BE8BF8ADDEE4A94080D /* ReactiveMoya */ = {
			isa = PBXGroup;
			children = (
				371C174EF53873DE04BB159E /* MoyaProvider+Reactive.swift */,
				269C64D1ABED61A91DD873D3 /* SignalProducer+Response.swift */,
			);
			path = ReactiveMoya;
			sourceTree = "<group>";
		};
		331A6D3090D9773091435406 /* Moya */ = {
			isa = PBXGroup;
			children = (
				B2CD7F4E23A6F1BA007F67AC /* Atomic.swift */,
				149749421F8923EC00FA4900 /* AnyEncodable.swift */,
				5C2B20158E599EDBE51D7AB2 /* Cancellable.swift */,
				3FF1994427C5440527B03B31 /* Endpoint.swift */,
				86F3C0EA472C23E786E23CE9 /* Image.swift */,
				88D4E607168B403E754F510C /* Moya+Alamofire.swift */,
				2D47F3DC51C28D950491FAAB /* MoyaError.swift */,
				851FFE6DC58E873408D0E8E7 /* MoyaProvider.swift */,
				39F87B4349AC772FF766904B /* MoyaProvider+Defaults.swift */,
				225C397C03E17F7DFBCA2848 /* MoyaProvider+Internal.swift */,
				B184F8E91A84A02E209EEB91 /* MultipartFormData.swift */,
				8F4EAC41B82FF5081DEC4808 /* MultiTarget.swift */,
				61A693AF0E88E83E91A47A99 /* Plugin.swift */,
				536E44826931EEDF3B8DFED4 /* Plugins */,
				7EFCB6731C60D3830DA5D2CB /* Response.swift */,
				9C38151BF038BA0B61EF5A62 /* TargetType.swift */,
				147E26EB1F5B14B300C1F513 /* Task.swift */,
				1446FBB21F214C5200C1EFF2 /* URL+Moya.swift */,
				149749441F892E2F00FA4900 /* URLRequest+Encoding.swift */,
				1F8AA0BB1FE0630300C9D7B6 /* ValidationType.swift */,
				85F6042D22A018BB00063320 /* RequestTypeWrapper.swift */,
			);
			path = Moya;
			sourceTree = "<group>";
		};
		469A06741F705C3E001153A0 /* Basic */ = {
			isa = PBXGroup;
			children = (
				469A06751F705C3E001153A0 /* AppDelegate.swift */,
				469A06771F705C3E001153A0 /* ViewController.swift */,
				469A06811F705C3E001153A0 /* Info.plist */,
			);
			path = Basic;
			sourceTree = "<group>";
		};
		469A068A1F705C4E001153A0 /* Multi-Target */ = {
			isa = PBXGroup;
			children = (
				469A068B1F705C4E001153A0 /* AppDelegate.swift */,
				469A068D1F705C4E001153A0 /* ViewController.swift */,
				469A06971F705C4E001153A0 /* Info.plist */,
			);
			path = "Multi-Target";
			sourceTree = "<group>";
		};
		469A069C1F705C62001153A0 /* Examples */ = {
			isa = PBXGroup;
			children = (
				469A068A1F705C4E001153A0 /* Multi-Target */,
				469A06741F705C3E001153A0 /* Basic */,
				469A069D1F705C7A001153A0 /* _shared */,
			);
			path = Examples;
			sourceTree = "<group>";
		};
		469A069D1F705C7A001153A0 /* _shared */ = {
			isa = PBXGroup;
			children = (
				469A06A71F705D0D001153A0 /* LaunchScreen.storyboard */,
				469A06A81F705D0D001153A0 /* Main.storyboard */,
				469A06AE1F705DDD001153A0 /* GiphyAPI.swift */,
				469A06B01F705DDE001153A0 /* GitHubAPI.swift */,
				469A06AD1F705DDD001153A0 /* GitHubUserContentAPI.swift */,
				469A06AF1F705DDD001153A0 /* Images.xcassets */,
			);
			path = _shared;
			sourceTree = "<group>";
		};
		507EA19696730EC88F48A989 = {
			isa = PBXGroup;
			children = (
				FC95CA86272B4EE5DBDDAD55 /* Products */,
				0E7C5E12BDDF8CD3A778D84C /* Frameworks */,
				9A58CD622B8FBB54907843BE /* Sources */,
				469A069C1F705C62001153A0 /* Examples */,
				1952C4A00E2EF89FFE965603 /* Tests */,
			);
			indentWidth = 4;
			sourceTree = "<group>";
			tabWidth = 4;
		};
		536E44826931EEDF3B8DFED4 /* Plugins */ = {
			isa = PBXGroup;
			children = (
				CC115388D44D0DB7A753E9BB /* AccessTokenPlugin.swift */,
				884642F58B074C95261DCA86 /* CredentialsPlugin.swift */,
				2AD20F6A819D899E3278E903 /* NetworkActivityPlugin.swift */,
				4553E5591EE96535C5310C02 /* NetworkLoggerPlugin.swift */,
			);
			path = Plugins;
			sourceTree = "<group>";
		};
		85C97FFE231D2D2D00AAAFB2 /* CombineMoya */ = {
			isa = PBXGroup;
			children = (
				85C98007231D4BE900AAAFB2 /* AnyPublisher+Response.swift */,
				85C98005231D41E400AAAFB2 /* MoyaPublisher.swift */,
				85C97FFF231D2D4000AAAFB2 /* MoyaProvider+Combine.swift */,
			);
			path = CombineMoya;
			sourceTree = "<group>";
		};
		85D527782302B4CC0093E9C1 /* MoyaTests */ = {
			isa = PBXGroup;
			children = (
				31BAAD7EC02607A52AD3EF1E /* AccessTokenPluginSpec.swift */,
				1F24393220125F8200C9D813 /* EndpointClosureSpec.swift */,
				E825A32256FC030B8BA2684D /* EndpointSpec.swift */,
				C79C5F376B4A2C3F70051980 /* Error+MoyaSpec.swift */,
				7F112022D8F42844A7D5CB5C /* ErrorTests.swift */,
				819334FE5D32EFB82599D482 /* MethodSpec.swift */,
				85C98001231D3EC700AAAFB2 /* MoyaProvider+CombineSpec.swift */,
				C841AA621AEC61FAEA0CA019 /* MoyaProvider+ReactiveSpec.swift */,
				4C7A20CC38EB5A0221E6EA34 /* MoyaProvider+RxSpec.swift */,
				82E52DC541FD052ABA625D2A /* MoyaProviderIntegrationTests.swift */,
				B1F68927EA26EBDB45E82C8C /* MoyaProviderSpec.swift */,
				369649DCA3D957F2F9D8053A /* MultipartFormDataSpec.swift */,
				7D11E4BE1D5112E6972AD09F /* MultiTargetSpec.swift */,
				832781077A551E1F86E5F2D4 /* NetworkLoggerPluginSpec.swift */,
				461DEED329CE157E412CBCE0 /* Observable+MoyaSpec.swift */,
				78A2D3981F44BACD00C9E122 /* RxTestHelpers.swift */,
				F1AFAFEA29CDFABC559F0BE2 /* SignalProducer+MoyaSpec.swift */,
				78A2D39A1F44D45100C9E122 /* Single+MoyaSpec.swift */,
				4650771638DBA96BDE28F11B /* TestHelpers.swift */,
				85B2DBBB221C69620098F59A /* PropertyListEncoding.swift */,
				85D527792302BEF30093E9C1 /* TestImage.swift */,
				DCACC7B19F3FFC2DEE74E07B /* TestPlugin.swift */,
				85850A4022CF5AB50089E731 /* NimbleHelpers.swift */,
			);
			path = MoyaTests;
			sourceTree = "<group>";
		};
		94621FEF4A2A1BFCE4BA36D0 /* RxMoya */ = {
			isa = PBXGroup;
			children = (
				D48555FB39336D99F8365F5E /* MoyaProvider+Rx.swift */,
				8736BEE85376471D7CB1E0ED /* Observable+Response.swift */,
				14FB7A3E1F3E089900308949 /* Single+Response.swift */,
			);
			path = RxMoya;
			sourceTree = "<group>";
		};
		9A58CD622B8FBB54907843BE /* Sources */ = {
			isa = PBXGroup;
			children = (
				1994CBF4AE6FADACD6742256 /* Supporting Files */,
				85C97FFE231D2D2D00AAAFB2 /* CombineMoya */,
				331A6D3090D9773091435406 /* Moya */,
				32510BE8BF8ADDEE4A94080D /* ReactiveMoya */,
				94621FEF4A2A1BFCE4BA36D0 /* RxMoya */,
			);
			path = Sources;
			sourceTree = "<group>";
		};
		FC95CA86272B4EE5DBDDAD55 /* Products */ = {
			isa = PBXGroup;
			children = (
				559D567FD0DA37D6CC98FF92 /* Moya.framework */,
				62A8C06CC9BA491AE62A431B /* ReactiveMoya.framework */,
				4D3C74EB65D75BC6DFCC646E /* RxMoya.framework */,
				5365911118011A3A4FE0CD07 /* MoyaTests.xctest */,
				469A06731F705C3E001153A0 /* Basic.app */,
				469A06891F705C4E001153A0 /* Multi-Target.app */,
				D1B52E8E24747A6300C5FB76 /* CombineMoya.framework */,
			);
			name = Products;
			sourceTree = "<group>";
		};
/* End PBXGroup section */

/* Begin PBXHeadersBuildPhase section */
		32F3AD3786CDD74D9581BAD8 /* Headers */ = {
			isa = PBXHeadersBuildPhase;
			buildActionMask = 2147483647;
			files = (
				12F88B3755343FB9DD244AEC /* RxMoya.h in Headers */,
			);
			runOnlyForDeploymentPostprocessing = 0;
		};
		685A8F97EA2FF47C7F6FF84E /* Headers */ = {
			isa = PBXHeadersBuildPhase;
			buildActionMask = 2147483647;
			files = (
				D00AA2514CD6B1276B845BA7 /* ReactiveMoya.h in Headers */,
			);
			runOnlyForDeploymentPostprocessing = 0;
		};
		B89AF3F53E069FA188A11C14 /* Headers */ = {
			isa = PBXHeadersBuildPhase;
			buildActionMask = 2147483647;
			files = (
				0DA77DF1329D3EFD3BD295CE /* Moya.h in Headers */,
			);
			runOnlyForDeploymentPostprocessing = 0;
		};
		D1B52E8324747A6300C5FB76 /* Headers */ = {
			isa = PBXHeadersBuildPhase;
			buildActionMask = 2147483647;
			files = (
				D1B52E8424747A6300C5FB76 /* ReactiveMoya.h in Headers */,
			);
			runOnlyForDeploymentPostprocessing = 0;
		};
/* End PBXHeadersBuildPhase section */

/* Begin PBXNativeTarget section */
		469A06721F705C3E001153A0 /* Basic */ = {
			isa = PBXNativeTarget;
			buildConfigurationList = 469A06821F705C3E001153A0 /* Build configuration list for PBXNativeTarget "Basic" */;
			buildPhases = (
				46AE31F61F86DEEF004E4236 /* Swiftlint */,
				469A066F1F705C3E001153A0 /* Sources */,
				469A06701F705C3E001153A0 /* Frameworks */,
				469A06711F705C3E001153A0 /* Resources */,
				1463B8841F8A8A7F002D9C4F /* Embed Frameworks */,
			);
			buildRules = (
			);
			dependencies = (
				D195C09D24748730005F6E98 /* PBXTargetDependency */,
			);
			name = Basic;
			productName = Basic;
			productReference = 469A06731F705C3E001153A0 /* Basic.app */;
			productType = "com.apple.product-type.application";
		};
		469A06881F705C4E001153A0 /* Multi-Target */ = {
			isa = PBXNativeTarget;
			buildConfigurationList = 469A06981F705C4E001153A0 /* Build configuration list for PBXNativeTarget "Multi-Target" */;
			buildPhases = (
				469A06851F705C4E001153A0 /* Sources */,
				469A06861F705C4E001153A0 /* Frameworks */,
				469A06871F705C4E001153A0 /* Resources */,
				1463B87F1F8A8A79002D9C4F /* Embed Frameworks */,
				46AE31F71F86DEFE004E4236 /* Swiftlint */,
			);
			buildRules = (
			);
			dependencies = (
			);
			name = "Multi-Target";
			productName = "Multi-Target";
			productReference = 469A06891F705C4E001153A0 /* Multi-Target.app */;
			productType = "com.apple.product-type.application";
		};
		528FF71D5A26E74522C484AD /* RxMoya */ = {
			isa = PBXNativeTarget;
			buildConfigurationList = 730B3998272DA2F2A3DA3BC3 /* Build configuration list for PBXNativeTarget "RxMoya" */;
			buildPhases = (
				46AE31F41F86DED0004E4236 /* Swiftlint */,
				32F3AD3786CDD74D9581BAD8 /* Headers */,
				27825A1A1770E680684F9B64 /* Sources */,
				6C19AE05179816E0E74776FD /* Resources */,
				E8587D648DDFD802A140D11B /* Frameworks */,
			);
			buildRules = (
			);
			dependencies = (
			);
			name = RxMoya;
			productName = RxMoya;
			productReference = 4D3C74EB65D75BC6DFCC646E /* RxMoya.framework */;
			productType = "com.apple.product-type.framework";
		};
		958A3EDB11249C16A9186F42 /* ReactiveMoya */ = {
			isa = PBXNativeTarget;
			buildConfigurationList = 7F311DEFBAD859E3836BF38C /* Build configuration list for PBXNativeTarget "ReactiveMoya" */;
			buildPhases = (
				46AE31F31F86DDFC004E4236 /* Swiftlint */,
				685A8F97EA2FF47C7F6FF84E /* Headers */,
				2D769A89D905FD6D03ECF24C /* Sources */,
				8A60BE8FF1AF8DE50D5C3B8F /* Resources */,
				154F6A501C7109867E223063 /* Frameworks */,
			);
			buildRules = (
			);
			dependencies = (
			);
			name = ReactiveMoya;
			productName = ReactiveMoya;
			productReference = 62A8C06CC9BA491AE62A431B /* ReactiveMoya.framework */;
			productType = "com.apple.product-type.framework";
		};
		B4751E2EBB5E193D628CF4D8 /* MoyaTests */ = {
			isa = PBXNativeTarget;
			buildConfigurationList = 2066E11FF26ED668745C75F0 /* Build configuration list for PBXNativeTarget "MoyaTests" */;
			buildPhases = (
				46AE31F51F86DEE2004E4236 /* Swiftlint */,
				8434BE38D4F49CF6A376FEAC /* Sources */,
				79EE6DEC46EED0B6DF2F3604 /* Resources */,
				893A08BEE844EE1A074B526F /* Frameworks */,
				B33B10BA6802FCF699147E8B /* Copy Carthage Frameworks */,
			);
			buildRules = (
			);
			dependencies = (
				D1B52E9524747B5200C5FB76 /* PBXTargetDependency */,
				BE8005C75587C9125399D35D /* PBXTargetDependency */,
				D7778D576FC3253CDAF90892 /* PBXTargetDependency */,
				BBA136F85D7492245F49EF64 /* PBXTargetDependency */,
			);
			name = MoyaTests;
			productName = MoyaTests;
			productReference = 5365911118011A3A4FE0CD07 /* MoyaTests.xctest */;
			productType = "com.apple.product-type.bundle.unit-test";
		};
		D1B52E8124747A6300C5FB76 /* CombineMoya */ = {
			isa = PBXNativeTarget;
			buildConfigurationList = D1B52E8B24747A6300C5FB76 /* Build configuration list for PBXNativeTarget "CombineMoya" */;
			buildPhases = (
				D1B52E8224747A6300C5FB76 /* Swiftlint */,
				D1B52E8324747A6300C5FB76 /* Headers */,
				D1B52E8524747A6300C5FB76 /* Sources */,
				D1B52E8824747A6300C5FB76 /* Resources */,
				D1B52E8924747A6300C5FB76 /* Frameworks */,
			);
			buildRules = (
			);
			dependencies = (
			);
			name = CombineMoya;
			productName = ReactiveMoya;
			productReference = D1B52E8E24747A6300C5FB76 /* CombineMoya.framework */;
			productType = "com.apple.product-type.framework";
		};
		ED6C081A4AC105D3F62F3C49 /* Moya */ = {
			isa = PBXNativeTarget;
			buildConfigurationList = 3190CB92EA23E8BF6F8407F2 /* Build configuration list for PBXNativeTarget "Moya" */;
			buildPhases = (
				46AE31F21F86DDC6004E4236 /* Swiftlint */,
				B89AF3F53E069FA188A11C14 /* Headers */,
				054614992B184CBD90E510ED /* Sources */,
				E83509792249AE1FFE8EA7B7 /* Resources */,
				B2955433F474AC60FE7417A3 /* Frameworks */,
			);
			buildRules = (
			);
			dependencies = (
			);
			name = Moya;
			productName = Moya;
			productReference = 559D567FD0DA37D6CC98FF92 /* Moya.framework */;
			productType = "com.apple.product-type.framework";
		};
/* End PBXNativeTarget section */

/* Begin PBXProject section */
		37D7E3D7DB2F5106A68DAB51 /* Project object */ = {
			isa = PBXProject;
			attributes = {
				LastSwiftUpdateCheck = 0900;
				LastUpgradeCheck = 1000;
				TargetAttributes = {
					469A06721F705C3E001153A0 = {
						CreatedOnToolsVersion = 9.0;
						LastSwiftMigration = 1000;
						ProvisioningStyle = Manual;
					};
					469A06881F705C4E001153A0 = {
						CreatedOnToolsVersion = 9.0;
						LastSwiftMigration = 1000;
						ProvisioningStyle = Manual;
					};
					528FF71D5A26E74522C484AD = {
						LastSwiftMigration = 0900;
					};
					958A3EDB11249C16A9186F42 = {
						LastSwiftMigration = 0900;
					};
					B4751E2EBB5E193D628CF4D8 = {
						LastSwiftMigration = 0900;
					};
					ED6C081A4AC105D3F62F3C49 = {
						LastSwiftMigration = 1000;
					};
				};
			};
			buildConfigurationList = CF2B188FD83B4489A8520824 /* Build configuration list for PBXProject "Moya" */;
			compatibilityVersion = "Xcode 3.2";
			developmentRegion = en;
			hasScannedForEncodings = 0;
			knownRegions = (
				en,
				Base,
			);
			mainGroup = 507EA19696730EC88F48A989;
			productRefGroup = FC95CA86272B4EE5DBDDAD55 /* Products */;
			projectDirPath = "";
			projectRoot = "";
			targets = (
				ED6C081A4AC105D3F62F3C49 /* Moya */,
				D1B52E8124747A6300C5FB76 /* CombineMoya */,
				958A3EDB11249C16A9186F42 /* ReactiveMoya */,
				528FF71D5A26E74522C484AD /* RxMoya */,
				B4751E2EBB5E193D628CF4D8 /* MoyaTests */,
				469A06721F705C3E001153A0 /* Basic */,
				469A06881F705C4E001153A0 /* Multi-Target */,
			);
		};
/* End PBXProject section */

/* Begin PBXResourcesBuildPhase section */
		469A06711F705C3E001153A0 /* Resources */ = {
			isa = PBXResourcesBuildPhase;
			buildActionMask = 2147483647;
			files = (
				469A06BE1F70637C001153A0 /* Images.xcassets in Resources */,
				469A06B31F706373001153A0 /* LaunchScreen.storyboard in Resources */,
				469A06B51F706377001153A0 /* Main.storyboard in Resources */,
			);
			runOnlyForDeploymentPostprocessing = 0;
		};
		469A06871F705C4E001153A0 /* Resources */ = {
			isa = PBXResourcesBuildPhase;
			buildActionMask = 2147483647;
			files = (
				469A06BA1F70637C001153A0 /* Images.xcassets in Resources */,
				469A06B41F706373001153A0 /* LaunchScreen.storyboard in Resources */,
				469A06B61F706377001153A0 /* Main.storyboard in Resources */,
			);
			runOnlyForDeploymentPostprocessing = 0;
		};
		6C19AE05179816E0E74776FD /* Resources */ = {
			isa = PBXResourcesBuildPhase;
			buildActionMask = 2147483647;
			files = (
			);
			runOnlyForDeploymentPostprocessing = 0;
		};
		79EE6DEC46EED0B6DF2F3604 /* Resources */ = {
			isa = PBXResourcesBuildPhase;
			buildActionMask = 2147483647;
			files = (
			);
			runOnlyForDeploymentPostprocessing = 0;
		};
		8A60BE8FF1AF8DE50D5C3B8F /* Resources */ = {
			isa = PBXResourcesBuildPhase;
			buildActionMask = 2147483647;
			files = (
			);
			runOnlyForDeploymentPostprocessing = 0;
		};
		D1B52E8824747A6300C5FB76 /* Resources */ = {
			isa = PBXResourcesBuildPhase;
			buildActionMask = 2147483647;
			files = (
			);
			runOnlyForDeploymentPostprocessing = 0;
		};
		E83509792249AE1FFE8EA7B7 /* Resources */ = {
			isa = PBXResourcesBuildPhase;
			buildActionMask = 2147483647;
			files = (
			);
			runOnlyForDeploymentPostprocessing = 0;
		};
/* End PBXResourcesBuildPhase section */

/* Begin PBXShellScriptBuildPhase section */
		46AE31F21F86DDC6004E4236 /* Swiftlint */ = {
			isa = PBXShellScriptBuildPhase;
			buildActionMask = 2147483647;
			files = (
			);
			inputPaths = (
			);
			name = Swiftlint;
			outputPaths = (
			);
			runOnlyForDeploymentPostprocessing = 0;
			shellPath = /bin/sh;
			shellScript = "if [ \"${CONFIGURATION}\" = \"Debug\" ]; then\n    if which swiftlint > /dev/null; then\n        swiftlint\n    else\n        echo \"warning: SwiftLint not installed, download from https://github.com/realm/SwiftLint to lint!\"\n    fi\nfi";
		};
		46AE31F31F86DDFC004E4236 /* Swiftlint */ = {
			isa = PBXShellScriptBuildPhase;
			buildActionMask = 2147483647;
			files = (
			);
			inputPaths = (
			);
			name = Swiftlint;
			outputPaths = (
			);
			runOnlyForDeploymentPostprocessing = 0;
			shellPath = /bin/sh;
			shellScript = "if [ \"${CONFIGURATION}\" = \"Debug\" ]; then\n    if which swiftlint > /dev/null; then\n        swiftlint\n    else\n        echo \"warning: SwiftLint not installed, download from https://github.com/realm/SwiftLint to lint!\"\n    fi\nfi";
		};
		46AE31F41F86DED0004E4236 /* Swiftlint */ = {
			isa = PBXShellScriptBuildPhase;
			buildActionMask = 2147483647;
			files = (
			);
			inputPaths = (
			);
			name = Swiftlint;
			outputPaths = (
			);
			runOnlyForDeploymentPostprocessing = 0;
			shellPath = /bin/sh;
			shellScript = "if [ \"${CONFIGURATION}\" = \"Debug\" ]; then\n    if which swiftlint > /dev/null; then\n        swiftlint\n    else\n        echo \"warning: SwiftLint not installed, download from https://github.com/realm/SwiftLint to lint!\"\n    fi\nfi";
		};
		46AE31F51F86DEE2004E4236 /* Swiftlint */ = {
			isa = PBXShellScriptBuildPhase;
			buildActionMask = 2147483647;
			files = (
			);
			inputPaths = (
			);
			name = Swiftlint;
			outputPaths = (
			);
			runOnlyForDeploymentPostprocessing = 0;
			shellPath = /bin/sh;
			shellScript = "if [ \"${CONFIGURATION}\" = \"Debug\" ]; then\n    if which swiftlint > /dev/null; then\n        swiftlint\n    else\n        echo \"warning: SwiftLint not installed, download from https://github.com/realm/SwiftLint to lint!\"\n    fi\nfi";
		};
		46AE31F61F86DEEF004E4236 /* Swiftlint */ = {
			isa = PBXShellScriptBuildPhase;
			buildActionMask = 2147483647;
			files = (
			);
			inputPaths = (
			);
			name = Swiftlint;
			outputPaths = (
			);
			runOnlyForDeploymentPostprocessing = 0;
			shellPath = /bin/sh;
			shellScript = "if [ \"${CONFIGURATION}\" = \"Debug\" ]; then\n    if which swiftlint > /dev/null; then\n        swiftlint\n    else\n        echo \"warning: SwiftLint not installed, download from https://github.com/realm/SwiftLint to lint!\"\n    fi\nfi";
		};
		46AE31F71F86DEFE004E4236 /* Swiftlint */ = {
			isa = PBXShellScriptBuildPhase;
			buildActionMask = 2147483647;
			files = (
			);
			inputPaths = (
			);
			name = Swiftlint;
			outputPaths = (
			);
			runOnlyForDeploymentPostprocessing = 0;
			shellPath = /bin/sh;
			shellScript = "if [ \"${CONFIGURATION}\" = \"Debug\" ]; then\n    if which swiftlint > /dev/null; then\n        swiftlint\n    else\n        echo \"warning: SwiftLint not installed, download from https://github.com/realm/SwiftLint to lint!\"\n    fi\nfi";
		};
		B33B10BA6802FCF699147E8B /* Copy Carthage Frameworks */ = {
			isa = PBXShellScriptBuildPhase;
			buildActionMask = 2147483647;
			files = (
			);
			inputPaths = (
				Nimble.framework,
				Quick.framework,
				OHHTTPStubs.framework,
				Alamofire.framework,
				ReactiveSwift.framework,
				RxSwift.framework,
			);
			name = "Copy Carthage Frameworks";
			outputPaths = (
			);
			runOnlyForDeploymentPostprocessing = 0;
			shellPath = /bin/sh;
			shellScript = " exec \"${SRCROOT}/scripts/copy-carthage-frameworks.sh\"";
		};
		D1B52E8224747A6300C5FB76 /* Swiftlint */ = {
			isa = PBXShellScriptBuildPhase;
			buildActionMask = 2147483647;
			files = (
			);
			inputPaths = (
			);
			name = Swiftlint;
			outputPaths = (
			);
			runOnlyForDeploymentPostprocessing = 0;
			shellPath = /bin/sh;
			shellScript = "if [ \"${CONFIGURATION}\" = \"Debug\" ]; then\n    if which swiftlint > /dev/null; then\n        swiftlint\n    else\n        echo \"warning: SwiftLint not installed, download from https://github.com/realm/SwiftLint to lint!\"\n    fi\nfi";
		};
/* End PBXShellScriptBuildPhase section */

/* Begin PBXSourcesBuildPhase section */
		054614992B184CBD90E510ED /* Sources */ = {
			isa = PBXSourcesBuildPhase;
			buildActionMask = 2147483647;
			files = (
				1F8AA0BC1FE0630300C9D7B6 /* ValidationType.swift in Sources */,
				3AF7063CBE1F9626FB32D933 /* Cancellable.swift in Sources */,
				85F6042E22A018BB00063320 /* RequestTypeWrapper.swift in Sources */,
				49C61E884A595E94758B5643 /* Endpoint.swift in Sources */,
				B2CD7F4F23A6F1BA007F67AC /* Atomic.swift in Sources */,
				FB223B5C3B7D4AA5261E25EA /* Image.swift in Sources */,
				EDBA10DB0D0E35C1474AAB4D /* Moya+Alamofire.swift in Sources */,
				15D3A2BD1223B59E2BBE09F0 /* MoyaError.swift in Sources */,
				59BC4B9B9D0D6F9C060E5620 /* MoyaProvider+Defaults.swift in Sources */,
				149749431F8923EC00FA4900 /* AnyEncodable.swift in Sources */,
				9854C1DBF14818CCA76AEC7F /* MoyaProvider+Internal.swift in Sources */,
				147E26EC1F5B14B300C1F513 /* Task.swift in Sources */,
				149749451F892E2F00FA4900 /* URLRequest+Encoding.swift in Sources */,
				5BCAACCA268FEA0DAB07F998 /* MoyaProvider.swift in Sources */,
				61633F6E85FB39A4707A6167 /* MultipartFormData.swift in Sources */,
				5054F87AFF61EAC0097F88BD /* MultiTarget.swift in Sources */,
				BEAA605B30BE7651BA5C61A4 /* Plugin.swift in Sources */,
				83B0E400A7562256224CB7FF /* AccessTokenPlugin.swift in Sources */,
				B5A7124CF285D8EC7F89C1AD /* CredentialsPlugin.swift in Sources */,
				1446FBB31F214C5200C1EFF2 /* URL+Moya.swift in Sources */,
				4A609CED953E8A6C59AD01A1 /* NetworkActivityPlugin.swift in Sources */,
				1FD44D9E21CEA6B6221807EF /* NetworkLoggerPlugin.swift in Sources */,
				A8C55515DFA147BE4159B40A /* Response.swift in Sources */,
				A2B64B2383FB0BC3C17B3160 /* TargetType.swift in Sources */,
			);
			runOnlyForDeploymentPostprocessing = 0;
		};
		27825A1A1770E680684F9B64 /* Sources */ = {
			isa = PBXSourcesBuildPhase;
			buildActionMask = 2147483647;
			files = (
				1425941E1F42FDED00C9E171 /* Single+Response.swift in Sources */,
				62B78032862A529C4AF42061 /* MoyaProvider+Rx.swift in Sources */,
				7B147185DCE78CD98E28D3F2 /* Observable+Response.swift in Sources */,
			);
			runOnlyForDeploymentPostprocessing = 0;
		};
		2D769A89D905FD6D03ECF24C /* Sources */ = {
			isa = PBXSourcesBuildPhase;
			buildActionMask = 2147483647;
			files = (
				AB5048DC5042B016964EE958 /* MoyaProvider+Reactive.swift in Sources */,
				2ADDFC96D7F7912333534C46 /* SignalProducer+Response.swift in Sources */,
			);
			runOnlyForDeploymentPostprocessing = 0;
		};
		469A066F1F705C3E001153A0 /* Sources */ = {
			isa = PBXSourcesBuildPhase;
			buildActionMask = 2147483647;
			files = (
				469A06BD1F70637C001153A0 /* GitHubUserContentAPI.swift in Sources */,
				469A06781F705C3E001153A0 /* ViewController.swift in Sources */,
				469A06761F705C3E001153A0 /* AppDelegate.swift in Sources */,
				469A06BB1F70637C001153A0 /* GiphyAPI.swift in Sources */,
				469A06BC1F70637C001153A0 /* GitHubAPI.swift in Sources */,
			);
			runOnlyForDeploymentPostprocessing = 0;
		};
		469A06851F705C4E001153A0 /* Sources */ = {
			isa = PBXSourcesBuildPhase;
			buildActionMask = 2147483647;
			files = (
				149675EE1F81340F0085EDEE /* GitHubUserContentAPI.swift in Sources */,
				149675ED1F81340D0085EDEE /* GiphyAPI.swift in Sources */,
				469A068E1F705C4E001153A0 /* ViewController.swift in Sources */,
				149675EC1F81340B0085EDEE /* GitHubAPI.swift in Sources */,
				469A068C1F705C4E001153A0 /* AppDelegate.swift in Sources */,
			);
			runOnlyForDeploymentPostprocessing = 0;
		};
		8434BE38D4F49CF6A376FEAC /* Sources */ = {
			isa = PBXSourcesBuildPhase;
			buildActionMask = 2147483647;
			files = (
				A6304A7E74FA3B04C9B10B63 /* AccessTokenPluginSpec.swift in Sources */,
				2C7132B56A7B129E12BAACAC /* EndpointSpec.swift in Sources */,
				85C98002231D3EC700AAAFB2 /* MoyaProvider+CombineSpec.swift in Sources */,
				78A2D3991F44BACD00C9E122 /* RxTestHelpers.swift in Sources */,
				53376123902C6A22A44DB88E /* Error+MoyaSpec.swift in Sources */,
				78A2D39B1F44D45100C9E122 /* Single+MoyaSpec.swift in Sources */,
				85B2DBBC221C69620098F59A /* PropertyListEncoding.swift in Sources */,
				C1B5E2325B210232599B0D1A /* ErrorTests.swift in Sources */,
				539FD70730B00973E1778CD3 /* MethodSpec.swift in Sources */,
				B4ABD55950B0E70BF44E79C6 /* MoyaProviderIntegrationTests.swift in Sources */,
				9A58B120B1293AFE556915AE /* MoyaProviderSpec.swift in Sources */,
				FA9EE63E068C40C97D7B0156 /* MultipartFormDataSpec.swift in Sources */,
				B950CAA84C0656EB11E316FB /* MultiTargetSpec.swift in Sources */,
				1F24393320125F8200C9D813 /* EndpointClosureSpec.swift in Sources */,
				4033070748A57EB4A0040DB1 /* NetworkLoggerPluginSpec.swift in Sources */,
				85850A4122CF5AB50089E731 /* NimbleHelpers.swift in Sources */,
				85D5277A2302BEF30093E9C1 /* TestImage.swift in Sources */,
				E9B54EFE4EF4A96444BA76AA /* Observable+MoyaSpec.swift in Sources */,
				8995DF740A59721AA79F5B43 /* MoyaProvider+ReactiveSpec.swift in Sources */,
				58F73370045D6F1FBF73FC82 /* MoyaProvider+RxSpec.swift in Sources */,
				DA631A5B37F36DA17E135F14 /* SignalProducer+MoyaSpec.swift in Sources */,
				F88EC83A91FF6DE81246B01C /* TestHelpers.swift in Sources */,
				7C32947EA657E981CB15D58C /* TestPlugin.swift in Sources */,
			);
			runOnlyForDeploymentPostprocessing = 0;
		};
		D1B52E8524747A6300C5FB76 /* Sources */ = {
			isa = PBXSourcesBuildPhase;
			buildActionMask = 2147483647;
			files = (
				D1B52E9024747B2B00C5FB76 /* AnyPublisher+Response.swift in Sources */,
				D1B52E9124747B2B00C5FB76 /* MoyaPublisher.swift in Sources */,
				D1B52E9224747B2B00C5FB76 /* MoyaProvider+Combine.swift in Sources */,
			);
			runOnlyForDeploymentPostprocessing = 0;
		};
/* End PBXSourcesBuildPhase section */

/* Begin PBXTargetDependency section */
		BBA136F85D7492245F49EF64 /* PBXTargetDependency */ = {
			isa = PBXTargetDependency;
			name = RxMoya;
			target = 528FF71D5A26E74522C484AD /* RxMoya */;
			targetProxy = F1AFFF828D536728F1F23101 /* PBXContainerItemProxy */;
		};
		BE8005C75587C9125399D35D /* PBXTargetDependency */ = {
			isa = PBXTargetDependency;
			name = Moya;
			target = ED6C081A4AC105D3F62F3C49 /* Moya */;
			targetProxy = 17924DA7239A397DF7BCAE7A /* PBXContainerItemProxy */;
		};
		D195C09D24748730005F6E98 /* PBXTargetDependency */ = {
			isa = PBXTargetDependency;
			target = D1B52E8124747A6300C5FB76 /* CombineMoya */;
			targetProxy = D195C09C24748730005F6E98 /* PBXContainerItemProxy */;
		};
		D1B52E9524747B5200C5FB76 /* PBXTargetDependency */ = {
			isa = PBXTargetDependency;
			target = D1B52E8124747A6300C5FB76 /* CombineMoya */;
			targetProxy = D1B52E9424747B5200C5FB76 /* PBXContainerItemProxy */;
		};
		D7778D576FC3253CDAF90892 /* PBXTargetDependency */ = {
			isa = PBXTargetDependency;
			name = ReactiveMoya;
			target = 958A3EDB11249C16A9186F42 /* ReactiveMoya */;
			targetProxy = 9C87DB314CD3991954C659EF /* PBXContainerItemProxy */;
		};
/* End PBXTargetDependency section */

/* Begin XCBuildConfiguration section */
		01C5AFCF3818BD32140C96CB /* Release */ = {
			isa = XCBuildConfiguration;
			buildSettings = {
				APPLICATION_EXTENSION_API_ONLY = YES;
				COMBINE_HIDPI_IMAGES = YES;
				CURRENT_PROJECT_VERSION = 1;
				DEBUG_INFORMATION_FORMAT = "dwarf-with-dsym";
				DEFINES_MODULE = YES;
				DYLIB_COMPATIBILITY_VERSION = 1;
				DYLIB_CURRENT_VERSION = 1;
				DYLIB_INSTALL_NAME_BASE = "@rpath";
				ENABLE_STRICT_OBJC_MSGSEND = YES;
				"FRAMEWORK_SEARCH_PATHS[sdk=appletv*]" = (
					"$(inherited)",
					"$(SRCROOT)/Carthage/Build/",
					"$(SRCROOT)/Carthage/Build/tvOS",
				);
				"FRAMEWORK_SEARCH_PATHS[sdk=iphone*]" = (
					"$(inherited)",
					"$(SRCROOT)/Carthage/Build/",
					"$(SRCROOT)/Carthage/Build/iOS",
				);
				"FRAMEWORK_SEARCH_PATHS[sdk=macosx*]" = (
					"$(inherited)",
					"$(SRCROOT)/Carthage/Build/",
					"$(SRCROOT)/Carthage/Build/Mac",
				);
				"FRAMEWORK_SEARCH_PATHS[sdk=watch*]" = (
					"$(inherited)",
					"$(SRCROOT)/Carthage/Build/",
					"$(SRCROOT)/Carthage/Build/watchOS",
				);
				FRAMEWORK_VERSION = A;
				GCC_NO_COMMON_BLOCKS = YES;
				INFOPLIST_FILE = "Sources/Supporting Files/Info.plist";
				INSTALL_PATH = "$(LOCAL_LIBRARY_DIR)/Frameworks";
				IPHONEOS_DEPLOYMENT_TARGET = 10.0;
				LD_RUNPATH_SEARCH_PATHS = "$(inherited) @executable_path/../Frameworks @loader_path/Frameworks";
				MACOSX_DEPLOYMENT_TARGET = 10.12;
				MTL_ENABLE_DEBUG_INFO = NO;
				ONLY_ACTIVE_ARCH = NO;
				PRODUCT_BUNDLE_IDENTIFIER = com.cocoapods.Moya;
				PRODUCT_NAME = "$(TARGET_NAME)";
				SDKROOT = macosx;
				SKIP_INSTALL = YES;
				SUPPORTED_PLATFORMS = "macosx iphoneos iphonesimulator appletvos appletvsimulator watchos watchsimulator";
				SWIFT_OPTIMIZATION_LEVEL = "-Owholemodule";
				TVOS_DEPLOYMENT_TARGET = 10.0;
				VERSIONING_SYSTEM = "apple-generic";
				VERSION_INFO_PREFIX = "";
				WATCHOS_DEPLOYMENT_TARGET = 3.0;
			};
			name = Release;
		};
		02BE784C4557A8E4BB713F8E /* Debug */ = {
			isa = XCBuildConfiguration;
			buildSettings = {
				APPLICATION_EXTENSION_API_ONLY = YES;
				COMBINE_HIDPI_IMAGES = YES;
				CURRENT_PROJECT_VERSION = 1;
				DEBUG_INFORMATION_FORMAT = dwarf;
				DEFINES_MODULE = YES;
				DYLIB_COMPATIBILITY_VERSION = 1;
				DYLIB_CURRENT_VERSION = 1;
				DYLIB_INSTALL_NAME_BASE = "@rpath";
				ENABLE_STRICT_OBJC_MSGSEND = YES;
				"FRAMEWORK_SEARCH_PATHS[sdk=appletv*]" = (
					"$(inherited)",
					"$(SRCROOT)/Carthage/Build/",
					"$(SRCROOT)/Carthage/Build/tvOS",
				);
				"FRAMEWORK_SEARCH_PATHS[sdk=iphone*]" = (
					"$(inherited)",
					"$(SRCROOT)/Carthage/Build/",
					"$(SRCROOT)/Carthage/Build/iOS",
				);
				"FRAMEWORK_SEARCH_PATHS[sdk=macosx*]" = (
					"$(inherited)",
					"$(SRCROOT)/Carthage/Build/",
					"$(SRCROOT)/Carthage/Build/Mac",
				);
				"FRAMEWORK_SEARCH_PATHS[sdk=watch*]" = (
					"$(inherited)",
					"$(SRCROOT)/Carthage/Build/",
					"$(SRCROOT)/Carthage/Build/watchOS",
				);
				FRAMEWORK_VERSION = A;
				GCC_NO_COMMON_BLOCKS = YES;
				INFOPLIST_FILE = "Sources/Supporting Files/Info.plist";
				INSTALL_PATH = "$(LOCAL_LIBRARY_DIR)/Frameworks";
				IPHONEOS_DEPLOYMENT_TARGET = 10.0;
				LD_RUNPATH_SEARCH_PATHS = "$(inherited) @executable_path/../Frameworks @loader_path/Frameworks";
				MACOSX_DEPLOYMENT_TARGET = 10.12;
				MTL_ENABLE_DEBUG_INFO = YES;
				PRODUCT_BUNDLE_IDENTIFIER = com.cocoapods.RxMoya;
				PRODUCT_NAME = "$(TARGET_NAME)";
				SDKROOT = macosx;
				SKIP_INSTALL = YES;
				SUPPORTED_PLATFORMS = "macosx iphoneos iphonesimulator appletvos appletvsimulator watchos watchsimulator";
				SWIFT_ACTIVE_COMPILATION_CONDITIONS = DEBUG;
				SWIFT_OPTIMIZATION_LEVEL = "-Onone";
				TVOS_DEPLOYMENT_TARGET = 10.0;
				VERSIONING_SYSTEM = "apple-generic";
				VERSION_INFO_PREFIX = "";
				WATCHOS_DEPLOYMENT_TARGET = 3.0;
			};
			name = Debug;
		};
		161E2F3743768736903DAA5B /* Debug */ = {
			isa = XCBuildConfiguration;
			buildSettings = {
				APPLICATION_EXTENSION_API_ONLY = NO;
				COMBINE_HIDPI_IMAGES = YES;
				CURRENT_PROJECT_VERSION = 1;
				DEBUG_INFORMATION_FORMAT = dwarf;
				ENABLE_STRICT_OBJC_MSGSEND = YES;
				"FRAMEWORK_SEARCH_PATHS[sdk=appletv*]" = (
					"$(inherited)",
					"$(SRCROOT)/Carthage/Build/",
					"$(SRCROOT)/Carthage/Build/tvOS",
				);
				"FRAMEWORK_SEARCH_PATHS[sdk=iphone*]" = (
					"$(inherited)",
					"$(SRCROOT)/Carthage/Build/",
					"$(SRCROOT)/Carthage/Build/iOS",
				);
				"FRAMEWORK_SEARCH_PATHS[sdk=macosx*]" = (
					"$(inherited)",
					"$(SRCROOT)/Carthage/Build/",
					"$(SRCROOT)/Carthage/Build/Mac",
				);
				"FRAMEWORK_SEARCH_PATHS[sdk=watch*]" = (
					"$(inherited)",
					"$(SRCROOT)/Carthage/Build/",
					"$(SRCROOT)/Carthage/Build/watchOS",
				);
				GCC_NO_COMMON_BLOCKS = YES;
				INFOPLIST_FILE = "Sources/Supporting Files/Info.plist";
				IPHONEOS_DEPLOYMENT_TARGET = 10.0;
				LD_RUNPATH_SEARCH_PATHS = "$(inherited) @executable_path/Frameworks @loader_path/Frameworks";
				"LD_RUNPATH_SEARCH_PATHS[sdk=macosx*]" = "$(inherited) @executable_path/../Frameworks @loader_path/../Frameworks";
				MACOSX_DEPLOYMENT_TARGET = 10.12;
				MTL_ENABLE_DEBUG_INFO = YES;
				PRODUCT_BUNDLE_IDENTIFIER = com.cocoapods.MoyaTests;
				PRODUCT_NAME = "$(TARGET_NAME)";
				SDKROOT = macosx;
				SUPPORTED_PLATFORMS = "macosx iphoneos iphonesimulator appletvos appletvsimulator watchos watchsimulator";
				SWIFT_ACTIVE_COMPILATION_CONDITIONS = DEBUG;
				SWIFT_OPTIMIZATION_LEVEL = "-Onone";
				TVOS_DEPLOYMENT_TARGET = 10.0;
				WATCHOS_DEPLOYMENT_TARGET = 3.0;
			};
			name = Debug;
		};
		1F6BA0C94269FECB59EB249A /* Release */ = {
			isa = XCBuildConfiguration;
			buildSettings = {
				ALWAYS_SEARCH_USER_PATHS = NO;
				APPLICATION_EXTENSION_API_ONLY = YES;
				CLANG_ANALYZER_NONNULL = YES;
				CLANG_ANALYZER_NUMBER_OBJECT_CONVERSION = YES;
				CLANG_CXX_LANGUAGE_STANDARD = "gnu++0x";
				CLANG_CXX_LIBRARY = "libc++";
				CLANG_ENABLE_MODULES = YES;
				CLANG_ENABLE_OBJC_ARC = YES;
				CLANG_WARN_BLOCK_CAPTURE_AUTORELEASING = YES;
				CLANG_WARN_BOOL_CONVERSION = YES;
				CLANG_WARN_COMMA = YES;
				CLANG_WARN_CONSTANT_CONVERSION = YES;
				CLANG_WARN_DEPRECATED_OBJC_IMPLEMENTATIONS = YES;
				CLANG_WARN_DIRECT_OBJC_ISA_USAGE = YES;
				CLANG_WARN_DOCUMENTATION_COMMENTS = YES;
				CLANG_WARN_EMPTY_BODY = YES;
				CLANG_WARN_ENUM_CONVERSION = YES;
				CLANG_WARN_INFINITE_RECURSION = YES;
				CLANG_WARN_INT_CONVERSION = YES;
				CLANG_WARN_NON_LITERAL_NULL_CONVERSION = YES;
				CLANG_WARN_OBJC_IMPLICIT_RETAIN_SELF = YES;
				CLANG_WARN_OBJC_LITERAL_CONVERSION = YES;
				CLANG_WARN_OBJC_ROOT_CLASS = YES;
				CLANG_WARN_RANGE_LOOP_ANALYSIS = YES;
				CLANG_WARN_STRICT_PROTOTYPES = YES;
				CLANG_WARN_SUSPICIOUS_MOVE = YES;
				CLANG_WARN_UNREACHABLE_CODE = YES;
				CLANG_WARN__DUPLICATE_METHOD_MATCH = YES;
				CODE_SIGN_IDENTITY = "";
				COMBINE_HIDPI_IMAGES = YES;
				COPY_PHASE_STRIP = YES;
				ENABLE_NS_ASSERTIONS = NO;
				ENABLE_STRICT_OBJC_MSGSEND = YES;
				GCC_C_LANGUAGE_STANDARD = gnu99;
				GCC_NO_COMMON_BLOCKS = YES;
				GCC_WARN_64_TO_32_BIT_CONVERSION = YES;
				GCC_WARN_ABOUT_RETURN_TYPE = YES;
				GCC_WARN_UNDECLARED_SELECTOR = YES;
				GCC_WARN_UNINITIALIZED_AUTOS = YES;
				GCC_WARN_UNUSED_FUNCTION = YES;
				GCC_WARN_UNUSED_VARIABLE = YES;
				IPHONEOS_DEPLOYMENT_TARGET = 10.0;
				MACOSX_DEPLOYMENT_TARGET = 10.12;
				OTHER_LDFLAGS = $OTHER_LDFLAGS_XCODE11;
				OTHER_LDFLAGS_XCODE10 = "";
				OTHER_LDFLAGS_XCODE11 = "-weak_framework Combine";
				SDKROOT = macosx;
				SWIFT_OPTIMIZATION_LEVEL = "-Owholemodule";
				SWIFT_VERSION = 5.0;
				TARGETED_DEVICE_FAMILY = "1,2,3,4";
				TVOS_DEPLOYMENT_TARGET = 10.0;
				VALIDATE_PRODUCT = YES;
				VALIDATE_WORKSPACE = YES;
				WATCHOS_DEPLOYMENT_TARGET = 3.0;
			};
			name = Release;
		};
		22273CA8619EEFFF14BF4A48 /* Release */ = {
			isa = XCBuildConfiguration;
			buildSettings = {
				APPLICATION_EXTENSION_API_ONLY = YES;
				COMBINE_HIDPI_IMAGES = YES;
				CURRENT_PROJECT_VERSION = 1;
				DEBUG_INFORMATION_FORMAT = "dwarf-with-dsym";
				DEFINES_MODULE = YES;
				DYLIB_COMPATIBILITY_VERSION = 1;
				DYLIB_CURRENT_VERSION = 1;
				DYLIB_INSTALL_NAME_BASE = "@rpath";
				ENABLE_STRICT_OBJC_MSGSEND = YES;
				"FRAMEWORK_SEARCH_PATHS[sdk=appletv*]" = (
					"$(inherited)",
					"$(SRCROOT)/Carthage/Build/",
					"$(SRCROOT)/Carthage/Build/tvOS",
				);
				"FRAMEWORK_SEARCH_PATHS[sdk=iphone*]" = (
					"$(inherited)",
					"$(SRCROOT)/Carthage/Build/",
					"$(SRCROOT)/Carthage/Build/iOS",
				);
				"FRAMEWORK_SEARCH_PATHS[sdk=macosx*]" = (
					"$(inherited)",
					"$(SRCROOT)/Carthage/Build/",
					"$(SRCROOT)/Carthage/Build/Mac",
				);
				"FRAMEWORK_SEARCH_PATHS[sdk=watch*]" = (
					"$(inherited)",
					"$(SRCROOT)/Carthage/Build/",
					"$(SRCROOT)/Carthage/Build/watchOS",
				);
				FRAMEWORK_VERSION = A;
				GCC_NO_COMMON_BLOCKS = YES;
				INFOPLIST_FILE = "Sources/Supporting Files/Info.plist";
				INSTALL_PATH = "$(LOCAL_LIBRARY_DIR)/Frameworks";
				IPHONEOS_DEPLOYMENT_TARGET = 10.0;
				LD_RUNPATH_SEARCH_PATHS = "$(inherited) @executable_path/../Frameworks @loader_path/Frameworks";
				MACOSX_DEPLOYMENT_TARGET = 10.12;
				MTL_ENABLE_DEBUG_INFO = NO;
				PRODUCT_BUNDLE_IDENTIFIER = com.cocoapods.RxMoya;
				PRODUCT_NAME = "$(TARGET_NAME)";
				SDKROOT = macosx;
				SKIP_INSTALL = YES;
				SUPPORTED_PLATFORMS = "macosx iphoneos iphonesimulator appletvos appletvsimulator watchos watchsimulator";
				SWIFT_OPTIMIZATION_LEVEL = "-Owholemodule";
				TVOS_DEPLOYMENT_TARGET = 10.0;
				VERSIONING_SYSTEM = "apple-generic";
				VERSION_INFO_PREFIX = "";
				WATCHOS_DEPLOYMENT_TARGET = 3.0;
			};
			name = Release;
		};
		469A06831F705C3E001153A0 /* Debug */ = {
			isa = XCBuildConfiguration;
			buildSettings = {
				ASSETCATALOG_COMPILER_APPICON_NAME = AppIcon;
				CLANG_ANALYZER_NUMBER_OBJECT_CONVERSION = YES_AGGRESSIVE;
				CLANG_CXX_LANGUAGE_STANDARD = "gnu++14";
				CLANG_WARN_BLOCK_CAPTURE_AUTORELEASING = YES;
				CLANG_WARN_COMMA = YES;
				CLANG_WARN_DIRECT_OBJC_ISA_USAGE = YES_ERROR;
				CLANG_WARN_NON_LITERAL_NULL_CONVERSION = YES;
				CLANG_WARN_OBJC_LITERAL_CONVERSION = YES;
				CLANG_WARN_OBJC_ROOT_CLASS = YES_ERROR;
				CLANG_WARN_RANGE_LOOP_ANALYSIS = YES;
				CLANG_WARN_STRICT_PROTOTYPES = YES;
				CLANG_WARN_UNGUARDED_AVAILABILITY = YES_AGGRESSIVE;
				CODE_SIGN_IDENTITY = "iPhone Developer";
				CODE_SIGN_STYLE = Manual;
				DEBUG_INFORMATION_FORMAT = dwarf;
				DEVELOPMENT_TEAM = "";
				FRAMEWORK_SEARCH_PATHS = (
					"$(inherited)",
					"$(PROJECT_DIR)/Carthage/Build/",
					"$(PROJECT_DIR)/Carthage/Build/iOS",
				);
				GCC_C_LANGUAGE_STANDARD = gnu11;
				GCC_WARN_ABOUT_RETURN_TYPE = YES_ERROR;
				GCC_WARN_UNINITIALIZED_AUTOS = YES_AGGRESSIVE;
				INFOPLIST_FILE = Examples/Basic/Info.plist;
				IPHONEOS_DEPLOYMENT_TARGET = 13.0;
				LD_RUNPATH_SEARCH_PATHS = "$(inherited) @executable_path/Frameworks";
				MTL_ENABLE_DEBUG_INFO = YES;
				PRODUCT_BUNDLE_IDENTIFIER = Moya.Basic;
				PRODUCT_NAME = "$(TARGET_NAME)";
				PROVISIONING_PROFILE_SPECIFIER = "";
				SDKROOT = iphoneos;
				SWIFT_ACTIVE_COMPILATION_CONDITIONS = DEBUG;
				SWIFT_OPTIMIZATION_LEVEL = "-Onone";
				TARGETED_DEVICE_FAMILY = "1,2";
			};
			name = Debug;
		};
		469A06841F705C3E001153A0 /* Release */ = {
			isa = XCBuildConfiguration;
			buildSettings = {
				ASSETCATALOG_COMPILER_APPICON_NAME = AppIcon;
				CLANG_ANALYZER_NUMBER_OBJECT_CONVERSION = YES_AGGRESSIVE;
				CLANG_CXX_LANGUAGE_STANDARD = "gnu++14";
				CLANG_WARN_BLOCK_CAPTURE_AUTORELEASING = YES;
				CLANG_WARN_COMMA = YES;
				CLANG_WARN_DIRECT_OBJC_ISA_USAGE = YES_ERROR;
				CLANG_WARN_NON_LITERAL_NULL_CONVERSION = YES;
				CLANG_WARN_OBJC_LITERAL_CONVERSION = YES;
				CLANG_WARN_OBJC_ROOT_CLASS = YES_ERROR;
				CLANG_WARN_RANGE_LOOP_ANALYSIS = YES;
				CLANG_WARN_STRICT_PROTOTYPES = YES;
				CLANG_WARN_UNGUARDED_AVAILABILITY = YES_AGGRESSIVE;
				CODE_SIGN_IDENTITY = "iPhone Developer";
				CODE_SIGN_STYLE = Manual;
				COPY_PHASE_STRIP = NO;
				DEBUG_INFORMATION_FORMAT = "dwarf-with-dsym";
				DEVELOPMENT_TEAM = "";
				FRAMEWORK_SEARCH_PATHS = (
					"$(inherited)",
					"$(PROJECT_DIR)/Carthage/Build/",
					"$(PROJECT_DIR)/Carthage/Build/iOS",
				);
				GCC_C_LANGUAGE_STANDARD = gnu11;
				GCC_WARN_ABOUT_RETURN_TYPE = YES_ERROR;
				GCC_WARN_UNINITIALIZED_AUTOS = YES_AGGRESSIVE;
				INFOPLIST_FILE = Examples/Basic/Info.plist;
				IPHONEOS_DEPLOYMENT_TARGET = 13.0;
				LD_RUNPATH_SEARCH_PATHS = "$(inherited) @executable_path/Frameworks";
				MTL_ENABLE_DEBUG_INFO = NO;
				PRODUCT_BUNDLE_IDENTIFIER = Moya.Basic;
				PRODUCT_NAME = "$(TARGET_NAME)";
				PROVISIONING_PROFILE_SPECIFIER = "";
				SDKROOT = iphoneos;
				TARGETED_DEVICE_FAMILY = "1,2";
			};
			name = Release;
		};
		469A06991F705C4E001153A0 /* Debug */ = {
			isa = XCBuildConfiguration;
			buildSettings = {
				ASSETCATALOG_COMPILER_APPICON_NAME = AppIcon;
				CLANG_ANALYZER_NUMBER_OBJECT_CONVERSION = YES_AGGRESSIVE;
				CLANG_CXX_LANGUAGE_STANDARD = "gnu++14";
				CLANG_WARN_BLOCK_CAPTURE_AUTORELEASING = YES;
				CLANG_WARN_COMMA = YES;
				CLANG_WARN_DIRECT_OBJC_ISA_USAGE = YES_ERROR;
				CLANG_WARN_NON_LITERAL_NULL_CONVERSION = YES;
				CLANG_WARN_OBJC_LITERAL_CONVERSION = YES;
				CLANG_WARN_OBJC_ROOT_CLASS = YES_ERROR;
				CLANG_WARN_RANGE_LOOP_ANALYSIS = YES;
				CLANG_WARN_STRICT_PROTOTYPES = YES;
				CLANG_WARN_UNGUARDED_AVAILABILITY = YES_AGGRESSIVE;
				CODE_SIGN_IDENTITY = "iPhone Developer";
				CODE_SIGN_STYLE = Manual;
				DEBUG_INFORMATION_FORMAT = dwarf;
				DEVELOPMENT_TEAM = "";
				FRAMEWORK_SEARCH_PATHS = (
					"$(inherited)",
					"$(PROJECT_DIR)/Carthage/Build/",
					"$(PROJECT_DIR)/Carthage/Build/iOS",
				);
				GCC_C_LANGUAGE_STANDARD = gnu11;
				GCC_WARN_ABOUT_RETURN_TYPE = YES_ERROR;
				GCC_WARN_UNINITIALIZED_AUTOS = YES_AGGRESSIVE;
				INFOPLIST_FILE = "Examples/Multi-Target/Info.plist";
				IPHONEOS_DEPLOYMENT_TARGET = 13.0;
				LD_RUNPATH_SEARCH_PATHS = "$(inherited) @executable_path/Frameworks";
				MTL_ENABLE_DEBUG_INFO = YES;
				PRODUCT_BUNDLE_IDENTIFIER = "Moya.Multi-Target";
				PRODUCT_NAME = "$(TARGET_NAME)";
				PROVISIONING_PROFILE_SPECIFIER = "";
				SDKROOT = iphoneos;
				SWIFT_ACTIVE_COMPILATION_CONDITIONS = DEBUG;
				SWIFT_OPTIMIZATION_LEVEL = "-Onone";
				TARGETED_DEVICE_FAMILY = "1,2";
			};
			name = Debug;
		};
		469A069A1F705C4E001153A0 /* Release */ = {
			isa = XCBuildConfiguration;
			buildSettings = {
				ASSETCATALOG_COMPILER_APPICON_NAME = AppIcon;
				CLANG_ANALYZER_NUMBER_OBJECT_CONVERSION = YES_AGGRESSIVE;
				CLANG_CXX_LANGUAGE_STANDARD = "gnu++14";
				CLANG_WARN_BLOCK_CAPTURE_AUTORELEASING = YES;
				CLANG_WARN_COMMA = YES;
				CLANG_WARN_DIRECT_OBJC_ISA_USAGE = YES_ERROR;
				CLANG_WARN_NON_LITERAL_NULL_CONVERSION = YES;
				CLANG_WARN_OBJC_LITERAL_CONVERSION = YES;
				CLANG_WARN_OBJC_ROOT_CLASS = YES_ERROR;
				CLANG_WARN_RANGE_LOOP_ANALYSIS = YES;
				CLANG_WARN_STRICT_PROTOTYPES = YES;
				CLANG_WARN_UNGUARDED_AVAILABILITY = YES_AGGRESSIVE;
				CODE_SIGN_IDENTITY = "iPhone Developer";
				CODE_SIGN_STYLE = Manual;
				COPY_PHASE_STRIP = NO;
				DEBUG_INFORMATION_FORMAT = "dwarf-with-dsym";
				DEVELOPMENT_TEAM = "";
				FRAMEWORK_SEARCH_PATHS = (
					"$(inherited)",
					"$(PROJECT_DIR)/Carthage/Build/",
					"$(PROJECT_DIR)/Carthage/Build/iOS",
				);
				GCC_C_LANGUAGE_STANDARD = gnu11;
				GCC_WARN_ABOUT_RETURN_TYPE = YES_ERROR;
				GCC_WARN_UNINITIALIZED_AUTOS = YES_AGGRESSIVE;
				INFOPLIST_FILE = "Examples/Multi-Target/Info.plist";
				IPHONEOS_DEPLOYMENT_TARGET = 13.0;
				LD_RUNPATH_SEARCH_PATHS = "$(inherited) @executable_path/Frameworks";
				MTL_ENABLE_DEBUG_INFO = NO;
				PRODUCT_BUNDLE_IDENTIFIER = "Moya.Multi-Target";
				PRODUCT_NAME = "$(TARGET_NAME)";
				PROVISIONING_PROFILE_SPECIFIER = "";
				SDKROOT = iphoneos;
				TARGETED_DEVICE_FAMILY = "1,2";
			};
			name = Release;
		};
		7BE4686202688B4CAE0DBF0D /* Debug */ = {
			isa = XCBuildConfiguration;
			buildSettings = {
				APPLICATION_EXTENSION_API_ONLY = YES;
				COMBINE_HIDPI_IMAGES = YES;
				CURRENT_PROJECT_VERSION = 1;
				DEBUG_INFORMATION_FORMAT = dwarf;
				DEFINES_MODULE = YES;
				DYLIB_COMPATIBILITY_VERSION = 1;
				DYLIB_CURRENT_VERSION = 1;
				DYLIB_INSTALL_NAME_BASE = "@rpath";
				ENABLE_STRICT_OBJC_MSGSEND = YES;
				"FRAMEWORK_SEARCH_PATHS[sdk=appletv*]" = (
					"$(inherited)",
					"$(SRCROOT)/Carthage/Build/",
					"$(SRCROOT)/Carthage/Build/tvOS",
				);
				"FRAMEWORK_SEARCH_PATHS[sdk=iphone*]" = (
					"$(inherited)",
					"$(SRCROOT)/Carthage/Build/",
					"$(SRCROOT)/Carthage/Build/iOS",
				);
				"FRAMEWORK_SEARCH_PATHS[sdk=macosx*]" = (
					"$(inherited)",
					"$(SRCROOT)/Carthage/Build/",
					"$(SRCROOT)/Carthage/Build/Mac",
				);
				"FRAMEWORK_SEARCH_PATHS[sdk=watch*]" = (
					"$(inherited)",
					"$(SRCROOT)/Carthage/Build/",
					"$(SRCROOT)/Carthage/Build/watchOS",
				);
				FRAMEWORK_VERSION = A;
				GCC_NO_COMMON_BLOCKS = YES;
				INFOPLIST_FILE = "Sources/Supporting Files/Info.plist";
				INSTALL_PATH = "$(LOCAL_LIBRARY_DIR)/Frameworks";
				IPHONEOS_DEPLOYMENT_TARGET = 10.0;
				LD_RUNPATH_SEARCH_PATHS = "$(inherited) @executable_path/../Frameworks @loader_path/Frameworks";
				MACOSX_DEPLOYMENT_TARGET = 10.12;
				MTL_ENABLE_DEBUG_INFO = YES;
				PRODUCT_BUNDLE_IDENTIFIER = com.cocoapods.ReactiveMoya;
				PRODUCT_NAME = "$(TARGET_NAME)";
				SDKROOT = macosx;
				SKIP_INSTALL = YES;
				SUPPORTED_PLATFORMS = "macosx iphoneos iphonesimulator appletvos appletvsimulator watchos watchsimulator";
				SWIFT_ACTIVE_COMPILATION_CONDITIONS = DEBUG;
				SWIFT_OPTIMIZATION_LEVEL = "-Onone";
				TVOS_DEPLOYMENT_TARGET = 10.0;
				VERSIONING_SYSTEM = "apple-generic";
				VERSION_INFO_PREFIX = "";
				WATCHOS_DEPLOYMENT_TARGET = 3.0;
			};
			name = Debug;
		};
		863C614A62CAB15119F5FB74 /* Debug */ = {
			isa = XCBuildConfiguration;
			buildSettings = {
				ALWAYS_SEARCH_USER_PATHS = NO;
				APPLICATION_EXTENSION_API_ONLY = YES;
				CLANG_ANALYZER_NONNULL = YES;
				CLANG_ANALYZER_NUMBER_OBJECT_CONVERSION = YES;
				CLANG_CXX_LANGUAGE_STANDARD = "gnu++0x";
				CLANG_CXX_LIBRARY = "libc++";
				CLANG_ENABLE_MODULES = YES;
				CLANG_ENABLE_OBJC_ARC = YES;
				CLANG_WARN_BLOCK_CAPTURE_AUTORELEASING = YES;
				CLANG_WARN_BOOL_CONVERSION = YES;
				CLANG_WARN_COMMA = YES;
				CLANG_WARN_CONSTANT_CONVERSION = YES;
				CLANG_WARN_DEPRECATED_OBJC_IMPLEMENTATIONS = YES;
				CLANG_WARN_DIRECT_OBJC_ISA_USAGE = YES;
				CLANG_WARN_DOCUMENTATION_COMMENTS = YES;
				CLANG_WARN_EMPTY_BODY = YES;
				CLANG_WARN_ENUM_CONVERSION = YES;
				CLANG_WARN_INFINITE_RECURSION = YES;
				CLANG_WARN_INT_CONVERSION = YES;
				CLANG_WARN_NON_LITERAL_NULL_CONVERSION = YES;
				CLANG_WARN_OBJC_IMPLICIT_RETAIN_SELF = YES;
				CLANG_WARN_OBJC_LITERAL_CONVERSION = YES;
				CLANG_WARN_OBJC_ROOT_CLASS = YES;
				CLANG_WARN_RANGE_LOOP_ANALYSIS = YES;
				CLANG_WARN_STRICT_PROTOTYPES = YES;
				CLANG_WARN_SUSPICIOUS_MOVE = YES;
				CLANG_WARN_UNREACHABLE_CODE = YES;
				CLANG_WARN__DUPLICATE_METHOD_MATCH = YES;
				CODE_SIGN_IDENTITY = "";
				COMBINE_HIDPI_IMAGES = YES;
				COPY_PHASE_STRIP = NO;
				ENABLE_STRICT_OBJC_MSGSEND = YES;
				ENABLE_TESTABILITY = YES;
				EXCLUDED_ARCHS = "";
				GCC_C_LANGUAGE_STANDARD = gnu99;
				GCC_DYNAMIC_NO_PIC = NO;
				GCC_NO_COMMON_BLOCKS = YES;
				GCC_OPTIMIZATION_LEVEL = 0;
				GCC_PREPROCESSOR_DEFINITIONS = (
					"DEBUG=1",
					"$(inherited)",
				);
				GCC_SYMBOLS_PRIVATE_EXTERN = NO;
				GCC_WARN_64_TO_32_BIT_CONVERSION = YES;
				GCC_WARN_ABOUT_RETURN_TYPE = YES;
				GCC_WARN_UNDECLARED_SELECTOR = YES;
				GCC_WARN_UNINITIALIZED_AUTOS = YES;
				GCC_WARN_UNUSED_FUNCTION = YES;
				GCC_WARN_UNUSED_VARIABLE = YES;
				IPHONEOS_DEPLOYMENT_TARGET = 10.0;
				MACOSX_DEPLOYMENT_TARGET = 10.12;
				ONLY_ACTIVE_ARCH = YES;
				OTHER_LDFLAGS = $OTHER_LDFLAGS_XCODE11;
				OTHER_LDFLAGS_XCODE10 = "";
				OTHER_LDFLAGS_XCODE11 = "-weak_framework Combine";
				SDKROOT = macosx;
				SWIFT_OPTIMIZATION_LEVEL = "-Owholemodule";
				SWIFT_VERSION = 5.0;
				TARGETED_DEVICE_FAMILY = "1,2,3,4";
				TVOS_DEPLOYMENT_TARGET = 10.0;
				VALIDATE_WORKSPACE = YES;
				WATCHOS_DEPLOYMENT_TARGET = 3.0;
			};
			name = Debug;
		};
		A6F8CBC0965B2768771F1E1D /* Debug */ = {
			isa = XCBuildConfiguration;
			buildSettings = {
				APPLICATION_EXTENSION_API_ONLY = YES;
				COMBINE_HIDPI_IMAGES = YES;
				CURRENT_PROJECT_VERSION = 1;
				DEBUG_INFORMATION_FORMAT = dwarf;
				DEFINES_MODULE = YES;
				DYLIB_COMPATIBILITY_VERSION = 1;
				DYLIB_CURRENT_VERSION = 1;
				DYLIB_INSTALL_NAME_BASE = "@rpath";
				ENABLE_STRICT_OBJC_MSGSEND = YES;
				"FRAMEWORK_SEARCH_PATHS[sdk=appletv*]" = (
					"$(inherited)",
					"$(SRCROOT)/Carthage/Build/",
					"$(SRCROOT)/Carthage/Build/tvOS",
				);
				"FRAMEWORK_SEARCH_PATHS[sdk=iphone*]" = (
					"$(inherited)",
					"$(SRCROOT)/Carthage/Build/",
					"$(SRCROOT)/Carthage/Build/iOS",
				);
				"FRAMEWORK_SEARCH_PATHS[sdk=macosx*]" = (
					"$(inherited)",
					"$(SRCROOT)/Carthage/Build/",
					"$(SRCROOT)/Carthage/Build/Mac",
				);
				"FRAMEWORK_SEARCH_PATHS[sdk=watch*]" = (
					"$(inherited)",
					"$(SRCROOT)/Carthage/Build/",
					"$(SRCROOT)/Carthage/Build/watchOS",
				);
				FRAMEWORK_VERSION = A;
				GCC_NO_COMMON_BLOCKS = YES;
				INFOPLIST_FILE = "Sources/Supporting Files/Info.plist";
				INSTALL_PATH = "$(LOCAL_LIBRARY_DIR)/Frameworks";
				IPHONEOS_DEPLOYMENT_TARGET = 10.0;
				LD_RUNPATH_SEARCH_PATHS = "$(inherited) @executable_path/../Frameworks @loader_path/Frameworks";
				MACOSX_DEPLOYMENT_TARGET = 10.12;
				MTL_ENABLE_DEBUG_INFO = YES;
				ONLY_ACTIVE_ARCH = YES;
				PRODUCT_BUNDLE_IDENTIFIER = com.cocoapods.Moya;
				PRODUCT_NAME = "$(TARGET_NAME)";
				SDKROOT = macosx;
				SKIP_INSTALL = YES;
				SUPPORTED_PLATFORMS = "macosx iphoneos iphonesimulator appletvos appletvsimulator watchos watchsimulator";
				SWIFT_ACTIVE_COMPILATION_CONDITIONS = DEBUG;
				SWIFT_OPTIMIZATION_LEVEL = "-Onone";
				TVOS_DEPLOYMENT_TARGET = 10.0;
				VERSIONING_SYSTEM = "apple-generic";
				VERSION_INFO_PREFIX = "";
				WATCHOS_DEPLOYMENT_TARGET = 3.0;
			};
			name = Debug;
		};
		D1B52E8C24747A6300C5FB76 /* Release */ = {
			isa = XCBuildConfiguration;
			buildSettings = {
				APPLICATION_EXTENSION_API_ONLY = YES;
				COMBINE_HIDPI_IMAGES = YES;
				CURRENT_PROJECT_VERSION = 1;
				DEBUG_INFORMATION_FORMAT = "dwarf-with-dsym";
				DEFINES_MODULE = YES;
				DYLIB_COMPATIBILITY_VERSION = 1;
				DYLIB_CURRENT_VERSION = 1;
				DYLIB_INSTALL_NAME_BASE = "@rpath";
				ENABLE_STRICT_OBJC_MSGSEND = YES;
				"FRAMEWORK_SEARCH_PATHS[sdk=appletv*]" = (
					"$(SRCROOT)/Carthage/Build/tvOS/",
					"$(inherited)",
				);
				"FRAMEWORK_SEARCH_PATHS[sdk=iphone*]" = (
					"$(SRCROOT)/Carthage/Build/iOS/",
					"$(inherited)",
				);
				"FRAMEWORK_SEARCH_PATHS[sdk=macosx*]" = (
					"$(SRCROOT)/Carthage/Build/Mac/",
					"$(inherited)",
				);
				"FRAMEWORK_SEARCH_PATHS[sdk=watch*]" = (
					"$(SRCROOT)/Carthage/Build/watchOS/",
					"$(inherited)",
				);
				FRAMEWORK_VERSION = A;
				GCC_NO_COMMON_BLOCKS = YES;
				INFOPLIST_FILE = "Sources/Supporting Files/Info.plist";
				INSTALL_PATH = "$(LOCAL_LIBRARY_DIR)/Frameworks";
				LD_RUNPATH_SEARCH_PATHS = "$(inherited) @executable_path/../Frameworks @loader_path/Frameworks";
				MTL_ENABLE_DEBUG_INFO = NO;
				PRODUCT_BUNDLE_IDENTIFIER = com.cocoapods.CombineMoya;
				PRODUCT_NAME = "$(TARGET_NAME)";
				SDKROOT = macosx;
				SKIP_INSTALL = YES;
				SUPPORTED_PLATFORMS = "macosx iphoneos iphonesimulator appletvos appletvsimulator watchos watchsimulator";
				SWIFT_OPTIMIZATION_LEVEL = "-Owholemodule";
				VERSIONING_SYSTEM = "apple-generic";
				VERSION_INFO_PREFIX = "";
			};
			name = Release;
		};
		D1B52E8D24747A6300C5FB76 /* Debug */ = {
			isa = XCBuildConfiguration;
			buildSettings = {
				APPLICATION_EXTENSION_API_ONLY = YES;
				COMBINE_HIDPI_IMAGES = YES;
				CURRENT_PROJECT_VERSION = 1;
				DEBUG_INFORMATION_FORMAT = dwarf;
				DEFINES_MODULE = YES;
				DYLIB_COMPATIBILITY_VERSION = 1;
				DYLIB_CURRENT_VERSION = 1;
				DYLIB_INSTALL_NAME_BASE = "@rpath";
				ENABLE_STRICT_OBJC_MSGSEND = YES;
				"FRAMEWORK_SEARCH_PATHS[sdk=appletv*]" = (
					"$(SRCROOT)/Carthage/Build/tvOS/",
					"$(inherited)",
				);
				"FRAMEWORK_SEARCH_PATHS[sdk=iphone*]" = (
					"$(SRCROOT)/Carthage/Build/iOS/",
					"$(inherited)",
				);
				"FRAMEWORK_SEARCH_PATHS[sdk=macosx*]" = (
					"$(SRCROOT)/Carthage/Build/Mac/",
					"$(inherited)",
				);
				"FRAMEWORK_SEARCH_PATHS[sdk=watch*]" = (
					"$(SRCROOT)/Carthage/Build/watchOS/",
					"$(inherited)",
				);
				FRAMEWORK_VERSION = A;
				GCC_NO_COMMON_BLOCKS = YES;
				INFOPLIST_FILE = "Sources/Supporting Files/Info.plist";
				INSTALL_PATH = "$(LOCAL_LIBRARY_DIR)/Frameworks";
				LD_RUNPATH_SEARCH_PATHS = "$(inherited) @executable_path/../Frameworks @loader_path/Frameworks";
				MTL_ENABLE_DEBUG_INFO = YES;
				PRODUCT_BUNDLE_IDENTIFIER = com.cocoapods.CombineMoya;
				PRODUCT_NAME = "$(TARGET_NAME)";
				SDKROOT = macosx;
				SKIP_INSTALL = YES;
				SUPPORTED_PLATFORMS = "macosx iphoneos iphonesimulator appletvos appletvsimulator watchos watchsimulator";
				SWIFT_ACTIVE_COMPILATION_CONDITIONS = DEBUG;
				SWIFT_OPTIMIZATION_LEVEL = "-Onone";
				VERSIONING_SYSTEM = "apple-generic";
				VERSION_INFO_PREFIX = "";
			};
			name = Debug;
		};
		EAADE3E5CB1C697B248B6716 /* Release */ = {
			isa = XCBuildConfiguration;
			buildSettings = {
				APPLICATION_EXTENSION_API_ONLY = NO;
				DEBUG_INFORMATION_FORMAT = "dwarf-with-dsym";
				ENABLE_STRICT_OBJC_MSGSEND = YES;
				"FRAMEWORK_SEARCH_PATHS[sdk=appletv*]" = (
					"$(inherited)",
					"$(SRCROOT)/Carthage/Build/",
					"$(SRCROOT)/Carthage/Build/tvOS",
				);
				"FRAMEWORK_SEARCH_PATHS[sdk=iphone*]" = (
					"$(inherited)",
					"$(SRCROOT)/Carthage/Build/",
					"$(SRCROOT)/Carthage/Build/iOS",
				);
				"FRAMEWORK_SEARCH_PATHS[sdk=macosx*]" = (
					"$(inherited)",
					"$(SRCROOT)/Carthage/Build/",
					"$(SRCROOT)/Carthage/Build/Mac",
				);
				"FRAMEWORK_SEARCH_PATHS[sdk=watch*]" = (
					"$(inherited)",
					"$(SRCROOT)/Carthage/Build/",
					"$(SRCROOT)/Carthage/Build/watchOS",
				);
				GCC_NO_COMMON_BLOCKS = YES;
				INFOPLIST_FILE = "Sources/Supporting Files/Info.plist";
				IPHONEOS_DEPLOYMENT_TARGET = 10.0;
				LD_RUNPATH_SEARCH_PATHS = "$(inherited) @executable_path/Frameworks @loader_path/Frameworks";
				"LD_RUNPATH_SEARCH_PATHS[sdk=macosx*]" = "$(inherited) @executable_path/../Frameworks @loader_path/../Frameworks";
				MACOSX_DEPLOYMENT_TARGET = 10.12;
				MTL_ENABLE_DEBUG_INFO = NO;
				PRODUCT_BUNDLE_IDENTIFIER = com.cocoapods.MoyaTests;
				PRODUCT_NAME = "$(TARGET_NAME)";
				SDKROOT = macosx;
				SUPPORTED_PLATFORMS = "macosx iphoneos iphonesimulator appletvos appletvsimulator watchos watchsimulator";
				SWIFT_OPTIMIZATION_LEVEL = "-Owholemodule";
				TVOS_DEPLOYMENT_TARGET = 10.0;
				WATCHOS_DEPLOYMENT_TARGET = 3.0;
			};
			name = Release;
		};
		FFA9302B49D122FC2B47175E /* Release */ = {
			isa = XCBuildConfiguration;
			buildSettings = {
				APPLICATION_EXTENSION_API_ONLY = YES;
				COMBINE_HIDPI_IMAGES = YES;
				CURRENT_PROJECT_VERSION = 1;
				DEBUG_INFORMATION_FORMAT = "dwarf-with-dsym";
				DEFINES_MODULE = YES;
				DYLIB_COMPATIBILITY_VERSION = 1;
				DYLIB_CURRENT_VERSION = 1;
				DYLIB_INSTALL_NAME_BASE = "@rpath";
				ENABLE_STRICT_OBJC_MSGSEND = YES;
				"FRAMEWORK_SEARCH_PATHS[sdk=appletv*]" = (
					"$(inherited)",
					"$(SRCROOT)/Carthage/Build/",
					"$(SRCROOT)/Carthage/Build/tvOS",
				);
				"FRAMEWORK_SEARCH_PATHS[sdk=iphone*]" = (
					"$(inherited)",
					"$(SRCROOT)/Carthage/Build/",
					"$(SRCROOT)/Carthage/Build/iOS",
				);
				"FRAMEWORK_SEARCH_PATHS[sdk=macosx*]" = (
					"$(inherited)",
					"$(SRCROOT)/Carthage/Build/",
					"$(SRCROOT)/Carthage/Build/Mac",
				);
				"FRAMEWORK_SEARCH_PATHS[sdk=watch*]" = (
					"$(inherited)",
					"$(SRCROOT)/Carthage/Build/",
					"$(SRCROOT)/Carthage/Build/watchOS",
				);
				FRAMEWORK_VERSION = A;
				GCC_NO_COMMON_BLOCKS = YES;
				INFOPLIST_FILE = "Sources/Supporting Files/Info.plist";
				INSTALL_PATH = "$(LOCAL_LIBRARY_DIR)/Frameworks";
				IPHONEOS_DEPLOYMENT_TARGET = 10.0;
				LD_RUNPATH_SEARCH_PATHS = "$(inherited) @executable_path/../Frameworks @loader_path/Frameworks";
				MACOSX_DEPLOYMENT_TARGET = 10.12;
				MTL_ENABLE_DEBUG_INFO = NO;
				PRODUCT_BUNDLE_IDENTIFIER = com.cocoapods.ReactiveMoya;
				PRODUCT_NAME = "$(TARGET_NAME)";
				SDKROOT = macosx;
				SKIP_INSTALL = YES;
				SUPPORTED_PLATFORMS = "macosx iphoneos iphonesimulator appletvos appletvsimulator watchos watchsimulator";
				SWIFT_OPTIMIZATION_LEVEL = "-Owholemodule";
				TVOS_DEPLOYMENT_TARGET = 10.0;
				VERSIONING_SYSTEM = "apple-generic";
				VERSION_INFO_PREFIX = "";
				WATCHOS_DEPLOYMENT_TARGET = 3.0;
			};
			name = Release;
		};
/* End XCBuildConfiguration section */

/* Begin XCConfigurationList section */
		2066E11FF26ED668745C75F0 /* Build configuration list for PBXNativeTarget "MoyaTests" */ = {
			isa = XCConfigurationList;
			buildConfigurations = (
				EAADE3E5CB1C697B248B6716 /* Release */,
				161E2F3743768736903DAA5B /* Debug */,
			);
			defaultConfigurationIsVisible = 0;
			defaultConfigurationName = Release;
		};
		3190CB92EA23E8BF6F8407F2 /* Build configuration list for PBXNativeTarget "Moya" */ = {
			isa = XCConfigurationList;
			buildConfigurations = (
				01C5AFCF3818BD32140C96CB /* Release */,
				A6F8CBC0965B2768771F1E1D /* Debug */,
			);
			defaultConfigurationIsVisible = 0;
			defaultConfigurationName = Release;
		};
		469A06821F705C3E001153A0 /* Build configuration list for PBXNativeTarget "Basic" */ = {
			isa = XCConfigurationList;
			buildConfigurations = (
				469A06831F705C3E001153A0 /* Debug */,
				469A06841F705C3E001153A0 /* Release */,
			);
			defaultConfigurationIsVisible = 0;
			defaultConfigurationName = Release;
		};
		469A06981F705C4E001153A0 /* Build configuration list for PBXNativeTarget "Multi-Target" */ = {
			isa = XCConfigurationList;
			buildConfigurations = (
				469A06991F705C4E001153A0 /* Debug */,
				469A069A1F705C4E001153A0 /* Release */,
			);
			defaultConfigurationIsVisible = 0;
			defaultConfigurationName = Release;
		};
		730B3998272DA2F2A3DA3BC3 /* Build configuration list for PBXNativeTarget "RxMoya" */ = {
			isa = XCConfigurationList;
			buildConfigurations = (
				22273CA8619EEFFF14BF4A48 /* Release */,
				02BE784C4557A8E4BB713F8E /* Debug */,
			);
			defaultConfigurationIsVisible = 0;
			defaultConfigurationName = Release;
		};
		7F311DEFBAD859E3836BF38C /* Build configuration list for PBXNativeTarget "ReactiveMoya" */ = {
			isa = XCConfigurationList;
			buildConfigurations = (
				FFA9302B49D122FC2B47175E /* Release */,
				7BE4686202688B4CAE0DBF0D /* Debug */,
			);
			defaultConfigurationIsVisible = 0;
			defaultConfigurationName = Release;
		};
		CF2B188FD83B4489A8520824 /* Build configuration list for PBXProject "Moya" */ = {
			isa = XCConfigurationList;
			buildConfigurations = (
				863C614A62CAB15119F5FB74 /* Debug */,
				1F6BA0C94269FECB59EB249A /* Release */,
			);
			defaultConfigurationIsVisible = 0;
			defaultConfigurationName = Release;
		};
		D1B52E8B24747A6300C5FB76 /* Build configuration list for PBXNativeTarget "CombineMoya" */ = {
			isa = XCConfigurationList;
			buildConfigurations = (
				D1B52E8C24747A6300C5FB76 /* Release */,
				D1B52E8D24747A6300C5FB76 /* Debug */,
			);
			defaultConfigurationIsVisible = 0;
			defaultConfigurationName = Release;
		};
/* End XCConfigurationList section */
	};
	rootObject = 37D7E3D7DB2F5106A68DAB51 /* Project object */;
}
