// !$*UTF8*$!
{
	archiveVersion = 1;
	classes = {
	};
	objectVersion = 46;
	objects = {

/* Begin PBXBuildFile section */
		14E5C63B1DE148960008CCC3 /* AppDelegate.swift in Sources */ = {isa = PBXBuildFile; fileRef = 14E5C63A1DE148960008CCC3 /* AppDelegate.swift */; };
		14E5C63D1DE148960008CCC3 /* ViewController.swift in Sources */ = {isa = PBXBuildFile; fileRef = 14E5C63C1DE148960008CCC3 /* ViewController.swift */; };
		14E5C6571DE151520008CCC3 /* GiphyAPI.swift in Sources */ = {isa = PBXBuildFile; fileRef = 14E5C6531DE151520008CCC3 /* GiphyAPI.swift */; };
		14E5C6581DE151520008CCC3 /* GitHubAPI.swift in Sources */ = {isa = PBXBuildFile; fileRef = 14E5C6541DE151520008CCC3 /* GitHubAPI.swift */; };
		14E5C6591DE151520008CCC3 /* GitHubUserContentAPI.swift in Sources */ = {isa = PBXBuildFile; fileRef = 14E5C6551DE151520008CCC3 /* GitHubUserContentAPI.swift */; };
		14E5C65A1DE151520008CCC3 /* Images.xcassets in Resources */ = {isa = PBXBuildFile; fileRef = 14E5C6561DE151520008CCC3 /* Images.xcassets */; };
		14E5C65B1DE151880008CCC3 /* GiphyAPI.swift in Sources */ = {isa = PBXBuildFile; fileRef = 14E5C6531DE151520008CCC3 /* GiphyAPI.swift */; };
		14E5C65C1DE1518E0008CCC3 /* GitHubAPI.swift in Sources */ = {isa = PBXBuildFile; fileRef = 14E5C6541DE151520008CCC3 /* GitHubAPI.swift */; };
		14E5C65D1DE151900008CCC3 /* GitHubUserContentAPI.swift in Sources */ = {isa = PBXBuildFile; fileRef = 14E5C6551DE151520008CCC3 /* GitHubUserContentAPI.swift */; };
		14E5C65E1DE151920008CCC3 /* Images.xcassets in Resources */ = {isa = PBXBuildFile; fileRef = 14E5C6561DE151520008CCC3 /* Images.xcassets */; };
		14E5C6661DE152240008CCC3 /* LaunchScreen.storyboard in Resources */ = {isa = PBXBuildFile; fileRef = 14E5C6611DE152240008CCC3 /* LaunchScreen.storyboard */; };
		14E5C6681DE152240008CCC3 /* Main.storyboard in Resources */ = {isa = PBXBuildFile; fileRef = 14E5C6631DE152240008CCC3 /* Main.storyboard */; };
		14E5C6691DE152330008CCC3 /* LaunchScreen.storyboard in Resources */ = {isa = PBXBuildFile; fileRef = 14E5C6611DE152240008CCC3 /* LaunchScreen.storyboard */; };
		14E5C66A1DE152330008CCC3 /* Main.storyboard in Resources */ = {isa = PBXBuildFile; fileRef = 14E5C6631DE152240008CCC3 /* Main.storyboard */; };
		4ACBAFF102F6CE19E4A569DE /* Pods_DemoMultiTarget.framework in Frameworks */ = {isa = PBXBuildFile; fileRef = 6F71370BEE9C086CDD6D71B8 /* Pods_DemoMultiTarget.framework */; };
		5EC197E61A1BB16D00F4DFD4 /* AppDelegate.swift in Sources */ = {isa = PBXBuildFile; fileRef = 5EC197E51A1BB16D00F4DFD4 /* AppDelegate.swift */; };
		5EC197E81A1BB16D00F4DFD4 /* ViewController.swift in Sources */ = {isa = PBXBuildFile; fileRef = 5EC197E71A1BB16D00F4DFD4 /* ViewController.swift */; };
		BC2B03ED4F30A82863D83FC6 /* Pods_Demo.framework in Frameworks */ = {isa = PBXBuildFile; fileRef = F1358CE9B268D58E3E8CD24D /* Pods_Demo.framework */; };
/* End PBXBuildFile section */

/* Begin PBXFileReference section */
		14E5C6381DE148960008CCC3 /* DemoMultiTarget.app */ = {isa = PBXFileReference; explicitFileType = wrapper.application; includeInIndex = 0; path = DemoMultiTarget.app; sourceTree = BUILT_PRODUCTS_DIR; };
		14E5C63A1DE148960008CCC3 /* AppDelegate.swift */ = {isa = PBXFileReference; lastKnownFileType = sourcecode.swift; path = AppDelegate.swift; sourceTree = "<group>"; };
		14E5C63C1DE148960008CCC3 /* ViewController.swift */ = {isa = PBXFileReference; lastKnownFileType = sourcecode.swift; path = ViewController.swift; sourceTree = "<group>"; };
		14E5C6461DE148960008CCC3 /* Info.plist */ = {isa = PBXFileReference; lastKnownFileType = text.plist.xml; path = Info.plist; sourceTree = "<group>"; };
		14E5C6531DE151520008CCC3 /* GiphyAPI.swift */ = {isa = PBXFileReference; fileEncoding = 4; lastKnownFileType = sourcecode.swift; name = GiphyAPI.swift; path = Shared/GiphyAPI.swift; sourceTree = "<group>"; };
		14E5C6541DE151520008CCC3 /* GitHubAPI.swift */ = {isa = PBXFileReference; fileEncoding = 4; lastKnownFileType = sourcecode.swift; name = GitHubAPI.swift; path = Shared/GitHubAPI.swift; sourceTree = "<group>"; };
		14E5C6551DE151520008CCC3 /* GitHubUserContentAPI.swift */ = {isa = PBXFileReference; fileEncoding = 4; lastKnownFileType = sourcecode.swift; name = GitHubUserContentAPI.swift; path = Shared/GitHubUserContentAPI.swift; sourceTree = "<group>"; };
		14E5C6561DE151520008CCC3 /* Images.xcassets */ = {isa = PBXFileReference; lastKnownFileType = folder.assetcatalog; name = Images.xcassets; path = Shared/Images.xcassets; sourceTree = "<group>"; };
		14E5C6621DE152240008CCC3 /* Base */ = {isa = PBXFileReference; lastKnownFileType = file.storyboard; name = Base; path = Shared/Base.lproj/LaunchScreen.storyboard; sourceTree = "<group>"; };
		14E5C6641DE152240008CCC3 /* Base */ = {isa = PBXFileReference; lastKnownFileType = file.storyboard; name = Base; path = Shared/Base.lproj/Main.storyboard; sourceTree = "<group>"; };
		286AAA5F0654F6F6A0CFF235 /* Pods_MoyaTests_iOS.framework */ = {isa = PBXFileReference; explicitFileType = wrapper.framework; includeInIndex = 0; path = Pods_MoyaTests_iOS.framework; sourceTree = BUILT_PRODUCTS_DIR; };
		292BF354BC027FDF50F146C1 /* Pods-DemoMultiTarget.debug.xcconfig */ = {isa = PBXFileReference; includeInIndex = 1; lastKnownFileType = text.xcconfig; name = "Pods-DemoMultiTarget.debug.xcconfig"; path = "Pods/Target Support Files/Pods-DemoMultiTarget/Pods-DemoMultiTarget.debug.xcconfig"; sourceTree = "<group>"; };
		4BF06D5D3DD24C44F9301FB5 /* Pods-Demo.release.xcconfig */ = {isa = PBXFileReference; includeInIndex = 1; lastKnownFileType = text.xcconfig; name = "Pods-Demo.release.xcconfig"; path = "Pods/Target Support Files/Pods-Demo/Pods-Demo.release.xcconfig"; sourceTree = "<group>"; };
		5E0646561BE7999C00E900DC /* Moya.podspec */ = {isa = PBXFileReference; lastKnownFileType = text; name = Moya.podspec; path = ../Moya.podspec; sourceTree = "<group>"; };
		5E0646571BE799C500E900DC /* License.md */ = {isa = PBXFileReference; lastKnownFileType = net.daringfireball.markdown; name = License.md; path = ../License.md; sourceTree = "<group>"; };
		5E0646581BE79A4300E900DC /* Readme.md */ = {isa = PBXFileReference; lastKnownFileType = net.daringfireball.markdown; name = Readme.md; path = ../Readme.md; sourceTree = "<group>"; };
		5E1B4EA11D146CDB007F9C4B /* Community.md */ = {isa = PBXFileReference; fileEncoding = 4; lastKnownFileType = net.daringfireball.markdown; name = Community.md; path = ../Community.md; sourceTree = "<group>"; };
		5E2F7EE41BE53759009C5CE0 /* Changelog.md */ = {isa = PBXFileReference; fileEncoding = 4; lastKnownFileType = net.daringfireball.markdown; lineEnding = 0; name = Changelog.md; path = ../Changelog.md; sourceTree = "<group>"; xcLanguageSpecificationIdentifier = xcode.lang.markdown; };
		5EC197E01A1BB16D00F4DFD4 /* Demo.app */ = {isa = PBXFileReference; explicitFileType = wrapper.application; includeInIndex = 0; path = Demo.app; sourceTree = BUILT_PRODUCTS_DIR; };
		5EC197E41A1BB16D00F4DFD4 /* Info.plist */ = {isa = PBXFileReference; lastKnownFileType = text.plist.xml; path = Info.plist; sourceTree = "<group>"; };
		5EC197E51A1BB16D00F4DFD4 /* AppDelegate.swift */ = {isa = PBXFileReference; lastKnownFileType = sourcecode.swift; path = AppDelegate.swift; sourceTree = "<group>"; };
		5EC197E71A1BB16D00F4DFD4 /* ViewController.swift */ = {isa = PBXFileReference; lastKnownFileType = sourcecode.swift; path = ViewController.swift; sourceTree = "<group>"; };
		635CFFB539B0C7F414CAD726 /* Pods.framework */ = {isa = PBXFileReference; explicitFileType = wrapper.framework; includeInIndex = 0; path = Pods.framework; sourceTree = BUILT_PRODUCTS_DIR; };
		6F71370BEE9C086CDD6D71B8 /* Pods_DemoMultiTarget.framework */ = {isa = PBXFileReference; explicitFileType = wrapper.framework; includeInIndex = 0; path = Pods_DemoMultiTarget.framework; sourceTree = BUILT_PRODUCTS_DIR; };
		873C9FD70030A2DD401AEFC8 /* Pods-DemoMultiTarget.release.xcconfig */ = {isa = PBXFileReference; includeInIndex = 1; lastKnownFileType = text.xcconfig; name = "Pods-DemoMultiTarget.release.xcconfig"; path = "Pods/Target Support Files/Pods-DemoMultiTarget/Pods-DemoMultiTarget.release.xcconfig"; sourceTree = "<group>"; };
		A8A2ED7FAC502C9DEFF05137 /* Pods_MoyaTests_Mac.framework */ = {isa = PBXFileReference; explicitFileType = wrapper.framework; includeInIndex = 0; path = Pods_MoyaTests_Mac.framework; sourceTree = BUILT_PRODUCTS_DIR; };
		AF335F4FBC9B94C359011B46 /* Pods-Demo.debug.xcconfig */ = {isa = PBXFileReference; includeInIndex = 1; lastKnownFileType = text.xcconfig; name = "Pods-Demo.debug.xcconfig"; path = "Pods/Target Support Files/Pods-Demo/Pods-Demo.debug.xcconfig"; sourceTree = "<group>"; };
		E6595C3F3DB028ABB25108C2 /* Pods_MoyaTests_tvOS.framework */ = {isa = PBXFileReference; explicitFileType = wrapper.framework; includeInIndex = 0; path = Pods_MoyaTests_tvOS.framework; sourceTree = BUILT_PRODUCTS_DIR; };
		F1358CE9B268D58E3E8CD24D /* Pods_Demo.framework */ = {isa = PBXFileReference; explicitFileType = wrapper.framework; includeInIndex = 0; path = Pods_Demo.framework; sourceTree = BUILT_PRODUCTS_DIR; };
/* End PBXFileReference section */

/* Begin PBXFrameworksBuildPhase section */
		14E5C6351DE148960008CCC3 /* Frameworks */ = {
			isa = PBXFrameworksBuildPhase;
			buildActionMask = 2147483647;
			files = (
				4ACBAFF102F6CE19E4A569DE /* Pods_DemoMultiTarget.framework in Frameworks */,
			);
			runOnlyForDeploymentPostprocessing = 0;
		};
		5EC197DD1A1BB16D00F4DFD4 /* Frameworks */ = {
			isa = PBXFrameworksBuildPhase;
			buildActionMask = 2147483647;
			files = (
				BC2B03ED4F30A82863D83FC6 /* Pods_Demo.framework in Frameworks */,
			);
			runOnlyForDeploymentPostprocessing = 0;
		};
/* End PBXFrameworksBuildPhase section */

/* Begin PBXGroup section */
		14E5C6391DE148960008CCC3 /* DemoMultiTarget */ = {
			isa = PBXGroup;
			children = (
				14E5C63A1DE148960008CCC3 /* AppDelegate.swift */,
				14E5C63C1DE148960008CCC3 /* ViewController.swift */,
				14E5C6521DE14BDD0008CCC3 /* Supporting Files */,
			);
			path = DemoMultiTarget;
			sourceTree = "<group>";
		};
		14E5C64A1DE149610008CCC3 /* Shared */ = {
			isa = PBXGroup;
			children = (
				14E5C6531DE151520008CCC3 /* GiphyAPI.swift */,
				14E5C6541DE151520008CCC3 /* GitHubAPI.swift */,
				14E5C6551DE151520008CCC3 /* GitHubUserContentAPI.swift */,
				14E5C6561DE151520008CCC3 /* Images.xcassets */,
				14E5C6611DE152240008CCC3 /* LaunchScreen.storyboard */,
				14E5C6631DE152240008CCC3 /* Main.storyboard */,
			);
			name = Shared;
			sourceTree = "<group>";
		};
		14E5C6521DE14BDD0008CCC3 /* Supporting Files */ = {
			isa = PBXGroup;
			children = (
				14E5C6461DE148960008CCC3 /* Info.plist */,
			);
			name = "Supporting Files";
			sourceTree = "<group>";
		};
		4EA28E847926FEF1338D42F3 /* Frameworks */ = {
			isa = PBXGroup;
			children = (
				635CFFB539B0C7F414CAD726 /* Pods.framework */,
				F1358CE9B268D58E3E8CD24D /* Pods_Demo.framework */,
				A8A2ED7FAC502C9DEFF05137 /* Pods_MoyaTests_Mac.framework */,
				286AAA5F0654F6F6A0CFF235 /* Pods_MoyaTests_iOS.framework */,
				E6595C3F3DB028ABB25108C2 /* Pods_MoyaTests_tvOS.framework */,
				6F71370BEE9C086CDD6D71B8 /* Pods_DemoMultiTarget.framework */,
			);
			name = Frameworks;
			sourceTree = "<group>";
		};
		5EC197D71A1BB16D00F4DFD4 = {
			isa = PBXGroup;
			children = (
				5E2F7EE41BE53759009C5CE0 /* Changelog.md */,
				5E0646571BE799C500E900DC /* License.md */,
				5E1B4EA11D146CDB007F9C4B /* Community.md */,
				5E0646581BE79A4300E900DC /* Readme.md */,
				5E0646561BE7999C00E900DC /* Moya.podspec */,
				14E5C64A1DE149610008CCC3 /* Shared */,
				5EC197E21A1BB16D00F4DFD4 /* Demo */,
				14E5C6391DE148960008CCC3 /* DemoMultiTarget */,
				5EC197E11A1BB16D00F4DFD4 /* Products */,
				4EA28E847926FEF1338D42F3 /* Frameworks */,
				8C992100FE2BCD2BCDA273A2 /* Pods */,
			);
			sourceTree = "<group>";
		};
		5EC197E11A1BB16D00F4DFD4 /* Products */ = {
			isa = PBXGroup;
			children = (
				5EC197E01A1BB16D00F4DFD4 /* Demo.app */,
				14E5C6381DE148960008CCC3 /* DemoMultiTarget.app */,
			);
			name = Products;
			sourceTree = "<group>";
		};
		5EC197E21A1BB16D00F4DFD4 /* Demo */ = {
			isa = PBXGroup;
			children = (
				5EC197E51A1BB16D00F4DFD4 /* AppDelegate.swift */,
				5EC197E71A1BB16D00F4DFD4 /* ViewController.swift */,
				5EC197E31A1BB16D00F4DFD4 /* Supporting Files */,
			);
			path = Demo;
			sourceTree = "<group>";
		};
		5EC197E31A1BB16D00F4DFD4 /* Supporting Files */ = {
			isa = PBXGroup;
			children = (
				5EC197E41A1BB16D00F4DFD4 /* Info.plist */,
			);
			name = "Supporting Files";
			sourceTree = "<group>";
		};
		8C992100FE2BCD2BCDA273A2 /* Pods */ = {
			isa = PBXGroup;
			children = (
				AF335F4FBC9B94C359011B46 /* Pods-Demo.debug.xcconfig */,
				4BF06D5D3DD24C44F9301FB5 /* Pods-Demo.release.xcconfig */,
				292BF354BC027FDF50F146C1 /* Pods-DemoMultiTarget.debug.xcconfig */,
				873C9FD70030A2DD401AEFC8 /* Pods-DemoMultiTarget.release.xcconfig */,
			);
			name = Pods;
			sourceTree = "<group>";
		};
/* End PBXGroup section */

/* Begin PBXNativeTarget section */
		14E5C6371DE148960008CCC3 /* DemoMultiTarget */ = {
			isa = PBXNativeTarget;
			buildConfigurationList = 14E5C6491DE148960008CCC3 /* Build configuration list for PBXNativeTarget "DemoMultiTarget" */;
			buildPhases = (
				56110003B77538B3D1D80E9D /* [CP] Check Pods Manifest.lock */,
				14E5C6341DE148960008CCC3 /* Sources */,
				14E5C6351DE148960008CCC3 /* Frameworks */,
				14E5C6361DE148960008CCC3 /* Resources */,
				92EEC7CBF77F8E3D4744128C /* [CP] Embed Pods Frameworks */,
				0D4FD75693794B15E2AE10ED /* [CP] Copy Pods Resources */,
			);
			buildRules = (
			);
			dependencies = (
			);
			name = DemoMultiTarget;
			productName = DemoMultiTarget;
			productReference = 14E5C6381DE148960008CCC3 /* DemoMultiTarget.app */;
			productType = "com.apple.product-type.application";
		};
		5EC197DF1A1BB16D00F4DFD4 /* Demo */ = {
			isa = PBXNativeTarget;
			buildConfigurationList = 5EC198011A1BB16D00F4DFD4 /* Build configuration list for PBXNativeTarget "Demo" */;
			buildPhases = (
				A3BF686ECF5833A837A4A158 /* [CP] Check Pods Manifest.lock */,
				5EC197DC1A1BB16D00F4DFD4 /* Sources */,
				5EC197DD1A1BB16D00F4DFD4 /* Frameworks */,
				5EC197DE1A1BB16D00F4DFD4 /* Resources */,
				A787EC4F41FDE73A8156E105 /* [CP] Embed Pods Frameworks */,
				790537B10A9ABE236DEBD189 /* [CP] Copy Pods Resources */,
			);
			buildRules = (
			);
			dependencies = (
			);
			name = Demo;
			productName = Demo;
			productReference = 5EC197E01A1BB16D00F4DFD4 /* Demo.app */;
			productType = "com.apple.product-type.application";
		};
/* End PBXNativeTarget section */

/* Begin PBXProject section */
		5EC197D81A1BB16D00F4DFD4 /* Project object */ = {
			isa = PBXProject;
			attributes = {
				LastSwiftMigration = 0700;
				LastSwiftUpdateCheck = 0810;
				LastUpgradeCheck = 0810;
				ORGANIZATIONNAME = "Ash Furrow";
				TargetAttributes = {
					14E5C6371DE148960008CCC3 = {
						CreatedOnToolsVersion = 8.1;
						ProvisioningStyle = Automatic;
					};
					5EC197DF1A1BB16D00F4DFD4 = {
						CreatedOnToolsVersion = 6.1.1;
						LastSwiftMigration = 0800;
					};
				};
			};
			buildConfigurationList = 5EC197DB1A1BB16D00F4DFD4 /* Build configuration list for PBXProject "Demo" */;
			compatibilityVersion = "Xcode 3.2";
			developmentRegion = English;
			hasScannedForEncodings = 0;
			knownRegions = (
				en,
				Base,
			);
			mainGroup = 5EC197D71A1BB16D00F4DFD4;
			productRefGroup = 5EC197E11A1BB16D00F4DFD4 /* Products */;
			projectDirPath = "";
			projectRoot = "";
			targets = (
				5EC197DF1A1BB16D00F4DFD4 /* Demo */,
				14E5C6371DE148960008CCC3 /* DemoMultiTarget */,
			);
		};
/* End PBXProject section */

/* Begin PBXResourcesBuildPhase section */
		14E5C6361DE148960008CCC3 /* Resources */ = {
			isa = PBXResourcesBuildPhase;
			buildActionMask = 2147483647;
			files = (
				14E5C6681DE152240008CCC3 /* Main.storyboard in Resources */,
				14E5C65E1DE151920008CCC3 /* Images.xcassets in Resources */,
				14E5C6661DE152240008CCC3 /* LaunchScreen.storyboard in Resources */,
			);
			runOnlyForDeploymentPostprocessing = 0;
		};
		5EC197DE1A1BB16D00F4DFD4 /* Resources */ = {
			isa = PBXResourcesBuildPhase;
			buildActionMask = 2147483647;
			files = (
				14E5C65A1DE151520008CCC3 /* Images.xcassets in Resources */,
				14E5C6691DE152330008CCC3 /* LaunchScreen.storyboard in Resources */,
				14E5C66A1DE152330008CCC3 /* Main.storyboard in Resources */,
			);
			runOnlyForDeploymentPostprocessing = 0;
		};
/* End PBXResourcesBuildPhase section */

/* Begin PBXShellScriptBuildPhase section */
		0D4FD75693794B15E2AE10ED /* [CP] Copy Pods Resources */ = {
			isa = PBXShellScriptBuildPhase;
			buildActionMask = 2147483647;
			files = (
			);
			inputPaths = (
			);
			name = "[CP] Copy Pods Resources";
			outputPaths = (
			);
			runOnlyForDeploymentPostprocessing = 0;
			shellPath = /bin/sh;
			shellScript = "\"${SRCROOT}/Pods/Target Support Files/Pods-DemoMultiTarget/Pods-DemoMultiTarget-resources.sh\"\n";
			showEnvVarsInLog = 0;
		};
		56110003B77538B3D1D80E9D /* [CP] Check Pods Manifest.lock */ = {
			isa = PBXShellScriptBuildPhase;
			buildActionMask = 2147483647;
			files = (
			);
			inputPaths = (
			);
			name = "[CP] Check Pods Manifest.lock";
			outputPaths = (
			);
			runOnlyForDeploymentPostprocessing = 0;
			shellPath = /bin/sh;
			shellScript = "diff \"${PODS_ROOT}/../Podfile.lock\" \"${PODS_ROOT}/Manifest.lock\" > /dev/null\nif [ $? != 0 ] ; then\n    # print error to STDERR\n    echo \"error: The sandbox is not in sync with the Podfile.lock. Run 'pod install' or update your CocoaPods installation.\" >&2\n    exit 1\nfi\n";
			showEnvVarsInLog = 0;
		};
		790537B10A9ABE236DEBD189 /* [CP] Copy Pods Resources */ = {
			isa = PBXShellScriptBuildPhase;
			buildActionMask = 2147483647;
			files = (
			);
			inputPaths = (
			);
			name = "[CP] Copy Pods Resources";
			outputPaths = (
			);
			runOnlyForDeploymentPostprocessing = 0;
			shellPath = /bin/sh;
			shellScript = "\"${SRCROOT}/Pods/Target Support Files/Pods-Demo/Pods-Demo-resources.sh\"\n";
			showEnvVarsInLog = 0;
		};
		92EEC7CBF77F8E3D4744128C /* [CP] Embed Pods Frameworks */ = {
			isa = PBXShellScriptBuildPhase;
			buildActionMask = 2147483647;
			files = (
			);
			inputPaths = (
			);
			name = "[CP] Embed Pods Frameworks";
			outputPaths = (
			);
			runOnlyForDeploymentPostprocessing = 0;
			shellPath = /bin/sh;
			shellScript = "\"${SRCROOT}/Pods/Target Support Files/Pods-DemoMultiTarget/Pods-DemoMultiTarget-frameworks.sh\"\n";
			showEnvVarsInLog = 0;
		};
		A3BF686ECF5833A837A4A158 /* [CP] Check Pods Manifest.lock */ = {
			isa = PBXShellScriptBuildPhase;
			buildActionMask = 2147483647;
			files = (
			);
			inputPaths = (
			);
			name = "[CP] Check Pods Manifest.lock";
			outputPaths = (
			);
			runOnlyForDeploymentPostprocessing = 0;
			shellPath = /bin/sh;
			shellScript = "diff \"${PODS_ROOT}/../Podfile.lock\" \"${PODS_ROOT}/Manifest.lock\" > /dev/null\nif [ $? != 0 ] ; then\n    # print error to STDERR\n    echo \"error: The sandbox is not in sync with the Podfile.lock. Run 'pod install' or update your CocoaPods installation.\" >&2\n    exit 1\nfi\n";
			showEnvVarsInLog = 0;
		};
		A787EC4F41FDE73A8156E105 /* [CP] Embed Pods Frameworks */ = {
			isa = PBXShellScriptBuildPhase;
			buildActionMask = 2147483647;
			files = (
			);
			inputPaths = (
			);
			name = "[CP] Embed Pods Frameworks";
			outputPaths = (
			);
			runOnlyForDeploymentPostprocessing = 0;
			shellPath = /bin/sh;
			shellScript = "\"${SRCROOT}/Pods/Target Support Files/Pods-Demo/Pods-Demo-frameworks.sh\"\n";
			showEnvVarsInLog = 0;
		};
/* End PBXShellScriptBuildPhase section */

/* Begin PBXSourcesBuildPhase section */
		14E5C6341DE148960008CCC3 /* Sources */ = {
			isa = PBXSourcesBuildPhase;
			buildActionMask = 2147483647;
			files = (
				14E5C65D1DE151900008CCC3 /* GitHubUserContentAPI.swift in Sources */,
				14E5C63D1DE148960008CCC3 /* ViewController.swift in Sources */,
				14E5C63B1DE148960008CCC3 /* AppDelegate.swift in Sources */,
				14E5C65B1DE151880008CCC3 /* GiphyAPI.swift in Sources */,
				14E5C65C1DE1518E0008CCC3 /* GitHubAPI.swift in Sources */,
			);
			runOnlyForDeploymentPostprocessing = 0;
		};
		5EC197DC1A1BB16D00F4DFD4 /* Sources */ = {
			isa = PBXSourcesBuildPhase;
			buildActionMask = 2147483647;
			files = (
				14E5C6591DE151520008CCC3 /* GitHubUserContentAPI.swift in Sources */,
				5EC197E81A1BB16D00F4DFD4 /* ViewController.swift in Sources */,
				5EC197E61A1BB16D00F4DFD4 /* AppDelegate.swift in Sources */,
				14E5C6571DE151520008CCC3 /* GiphyAPI.swift in Sources */,
				14E5C6581DE151520008CCC3 /* GitHubAPI.swift in Sources */,
			);
			runOnlyForDeploymentPostprocessing = 0;
		};
/* End PBXSourcesBuildPhase section */

/* Begin PBXVariantGroup section */
		14E5C6611DE152240008CCC3 /* LaunchScreen.storyboard */ = {
			isa = PBXVariantGroup;
			children = (
				14E5C6621DE152240008CCC3 /* Base */,
			);
			name = LaunchScreen.storyboard;
			sourceTree = "<group>";
		};
		14E5C6631DE152240008CCC3 /* Main.storyboard */ = {
			isa = PBXVariantGroup;
			children = (
				14E5C6641DE152240008CCC3 /* Base */,
			);
			name = Main.storyboard;
			sourceTree = "<group>";
		};
/* End PBXVariantGroup section */

/* Begin XCBuildConfiguration section */
		14E5C6471DE148960008CCC3 /* Debug */ = {
			isa = XCBuildConfiguration;
			baseConfigurationReference = 292BF354BC027FDF50F146C1 /* Pods-DemoMultiTarget.debug.xcconfig */;
			buildSettings = {
				ASSETCATALOG_COMPILER_APPICON_NAME = AppIcon;
				ASSETCATALOG_COMPILER_LAUNCHIMAGE_NAME = LaunchImage;
				CLANG_ANALYZER_NONNULL = YES;
				CLANG_WARN_DOCUMENTATION_COMMENTS = YES;
				CLANG_WARN_SUSPICIOUS_MOVES = YES;
				"CODE_SIGN_IDENTITY[sdk=iphoneos*]" = "";
				DEBUG_INFORMATION_FORMAT = dwarf;
				INFOPLIST_FILE = DemoMultiTarget/Info.plist;
				IPHONEOS_DEPLOYMENT_TARGET = 10.1;
				LD_RUNPATH_SEARCH_PATHS = "$(inherited) @executable_path/Frameworks";
				PRODUCT_BUNDLE_IDENTIFIER = com.ashfurrow.DemoMultiTarget;
				PRODUCT_NAME = "$(TARGET_NAME)";
				SWIFT_ACTIVE_COMPILATION_CONDITIONS = DEBUG;
				SWIFT_VERSION = 3.0;
			};
			name = Debug;
		};
		14E5C6481DE148960008CCC3 /* Release */ = {
			isa = XCBuildConfiguration;
			baseConfigurationReference = 873C9FD70030A2DD401AEFC8 /* Pods-DemoMultiTarget.release.xcconfig */;
			buildSettings = {
				ASSETCATALOG_COMPILER_APPICON_NAME = AppIcon;
				ASSETCATALOG_COMPILER_LAUNCHIMAGE_NAME = LaunchImage;
				CLANG_ANALYZER_NONNULL = YES;
				CLANG_WARN_DOCUMENTATION_COMMENTS = YES;
				CLANG_WARN_SUSPICIOUS_MOVES = YES;
				"CODE_SIGN_IDENTITY[sdk=iphoneos*]" = "";
				COPY_PHASE_STRIP = NO;
				DEBUG_INFORMATION_FORMAT = "dwarf-with-dsym";
				INFOPLIST_FILE = DemoMultiTarget/Info.plist;
				IPHONEOS_DEPLOYMENT_TARGET = 10.1;
				LD_RUNPATH_SEARCH_PATHS = "$(inherited) @executable_path/Frameworks";
				PRODUCT_BUNDLE_IDENTIFIER = com.ashfurrow.DemoMultiTarget;
				PRODUCT_NAME = "$(TARGET_NAME)";
				SWIFT_VERSION = 3.0;
			};
			name = Release;
		};
		5EC197FF1A1BB16D00F4DFD4 /* Debug */ = {
			isa = XCBuildConfiguration;
			buildSettings = {
				ALWAYS_SEARCH_USER_PATHS = NO;
				CLANG_CXX_LANGUAGE_STANDARD = "gnu++0x";
				CLANG_CXX_LIBRARY = "libc++";
				CLANG_ENABLE_MODULES = YES;
				CLANG_ENABLE_OBJC_ARC = YES;
				CLANG_WARN_BOOL_CONVERSION = YES;
				CLANG_WARN_CONSTANT_CONVERSION = YES;
				CLANG_WARN_DIRECT_OBJC_ISA_USAGE = YES_ERROR;
				CLANG_WARN_EMPTY_BODY = YES;
				CLANG_WARN_ENUM_CONVERSION = YES;
				CLANG_WARN_INFINITE_RECURSION = YES;
				CLANG_WARN_INT_CONVERSION = YES;
				CLANG_WARN_OBJC_ROOT_CLASS = YES_ERROR;
				CLANG_WARN_SUSPICIOUS_MOVE = YES;
				CLANG_WARN_UNREACHABLE_CODE = YES;
				CLANG_WARN__DUPLICATE_METHOD_MATCH = YES;
				COPY_PHASE_STRIP = NO;
				ENABLE_STRICT_OBJC_MSGSEND = YES;
				ENABLE_TESTABILITY = YES;
				GCC_C_LANGUAGE_STANDARD = gnu99;
				GCC_DYNAMIC_NO_PIC = NO;
				GCC_NO_COMMON_BLOCKS = YES;
				GCC_OPTIMIZATION_LEVEL = 0;
				GCC_PREPROCESSOR_DEFINITIONS = (
					"DEBUG=1",
					"$(inherited)",
				);
				GCC_SYMBOLS_PRIVATE_EXTERN = NO;
				GCC_WARN_64_TO_32_BIT_CONVERSION = YES;
				GCC_WARN_ABOUT_RETURN_TYPE = YES_ERROR;
				GCC_WARN_UNDECLARED_SELECTOR = YES;
				GCC_WARN_UNINITIALIZED_AUTOS = YES_AGGRESSIVE;
				GCC_WARN_UNUSED_FUNCTION = YES;
				GCC_WARN_UNUSED_VARIABLE = YES;
				IPHONEOS_DEPLOYMENT_TARGET = 8.0;
				MACOSX_DEPLOYMENT_TARGET = 10.10;
				MTL_ENABLE_DEBUG_INFO = YES;
				ONLY_ACTIVE_ARCH = YES;
				SDKROOT = iphoneos;
				SWIFT_OPTIMIZATION_LEVEL = "-Onone";
				TVOS_DEPLOYMENT_TARGET = 10.0;
				WATCHOS_DEPLOYMENT_TARGET = 3.0;
			};
			name = Debug;
		};
		5EC198001A1BB16D00F4DFD4 /* Release */ = {
			isa = XCBuildConfiguration;
			buildSettings = {
				ALWAYS_SEARCH_USER_PATHS = NO;
				CLANG_CXX_LANGUAGE_STANDARD = "gnu++0x";
				CLANG_CXX_LIBRARY = "libc++";
				CLANG_ENABLE_MODULES = YES;
				CLANG_ENABLE_OBJC_ARC = YES;
				CLANG_WARN_BOOL_CONVERSION = YES;
				CLANG_WARN_CONSTANT_CONVERSION = YES;
				CLANG_WARN_DIRECT_OBJC_ISA_USAGE = YES_ERROR;
				CLANG_WARN_EMPTY_BODY = YES;
				CLANG_WARN_ENUM_CONVERSION = YES;
				CLANG_WARN_INFINITE_RECURSION = YES;
				CLANG_WARN_INT_CONVERSION = YES;
				CLANG_WARN_OBJC_ROOT_CLASS = YES_ERROR;
				CLANG_WARN_SUSPICIOUS_MOVE = YES;
				CLANG_WARN_UNREACHABLE_CODE = YES;
				CLANG_WARN__DUPLICATE_METHOD_MATCH = YES;
				COPY_PHASE_STRIP = YES;
				ENABLE_NS_ASSERTIONS = NO;
				ENABLE_STRICT_OBJC_MSGSEND = YES;
				GCC_C_LANGUAGE_STANDARD = gnu99;
				GCC_NO_COMMON_BLOCKS = YES;
				GCC_WARN_64_TO_32_BIT_CONVERSION = YES;
				GCC_WARN_ABOUT_RETURN_TYPE = YES_ERROR;
				GCC_WARN_UNDECLARED_SELECTOR = YES;
				GCC_WARN_UNINITIALIZED_AUTOS = YES_AGGRESSIVE;
				GCC_WARN_UNUSED_FUNCTION = YES;
				GCC_WARN_UNUSED_VARIABLE = YES;
				IPHONEOS_DEPLOYMENT_TARGET = 8.0;
				MACOSX_DEPLOYMENT_TARGET = 10.10;
				MTL_ENABLE_DEBUG_INFO = NO;
				SDKROOT = iphoneos;
				SWIFT_OPTIMIZATION_LEVEL = "-Owholemodule";
				TVOS_DEPLOYMENT_TARGET = 10.0;
				VALIDATE_PRODUCT = YES;
				WATCHOS_DEPLOYMENT_TARGET = 3.0;
			};
			name = Release;
		};
		5EC198021A1BB16D00F4DFD4 /* Debug */ = {
			isa = XCBuildConfiguration;
			baseConfigurationReference = AF335F4FBC9B94C359011B46 /* Pods-Demo.debug.xcconfig */;
			buildSettings = {
				ASSETCATALOG_COMPILER_APPICON_NAME = AppIcon;
				ASSETCATALOG_COMPILER_LAUNCHIMAGE_NAME = LaunchImage;
				INFOPLIST_FILE = Demo/Info.plist;
				IPHONEOS_DEPLOYMENT_TARGET = 9.0;
				LD_RUNPATH_SEARCH_PATHS = "$(inherited) @executable_path/Frameworks";
				PRODUCT_BUNDLE_IDENTIFIER = "com.ashfurrow.$(PRODUCT_NAME:rfc1034identifier)";
				PRODUCT_NAME = "$(TARGET_NAME)";
				SWIFT_VERSION = 3.0;
			};
			name = Debug;
		};
		5EC198031A1BB16D00F4DFD4 /* Release */ = {
			isa = XCBuildConfiguration;
			baseConfigurationReference = 4BF06D5D3DD24C44F9301FB5 /* Pods-Demo.release.xcconfig */;
			buildSettings = {
				ASSETCATALOG_COMPILER_APPICON_NAME = AppIcon;
				ASSETCATALOG_COMPILER_LAUNCHIMAGE_NAME = LaunchImage;
				INFOPLIST_FILE = Demo/Info.plist;
				IPHONEOS_DEPLOYMENT_TARGET = 9.0;
				LD_RUNPATH_SEARCH_PATHS = "$(inherited) @executable_path/Frameworks";
				PRODUCT_BUNDLE_IDENTIFIER = "com.ashfurrow.$(PRODUCT_NAME:rfc1034identifier)";
				PRODUCT_NAME = "$(TARGET_NAME)";
				SWIFT_VERSION = 3.0;
			};
			name = Release;
		};
/* End XCBuildConfiguration section */

/* Begin XCConfigurationList section */
		14E5C6491DE148960008CCC3 /* Build configuration list for PBXNativeTarget "DemoMultiTarget" */ = {
			isa = XCConfigurationList;
			buildConfigurations = (
				14E5C6471DE148960008CCC3 /* Debug */,
				14E5C6481DE148960008CCC3 /* Release */,
			);
			defaultConfigurationIsVisible = 0;
			defaultConfigurationName = Release;
		};
		5EC197DB1A1BB16D00F4DFD4 /* Build configuration list for PBXProject "Demo" */ = {
			isa = XCConfigurationList;
			buildConfigurations = (
				5EC197FF1A1BB16D00F4DFD4 /* Debug */,
				5EC198001A1BB16D00F4DFD4 /* Release */,
			);
			defaultConfigurationIsVisible = 0;
			defaultConfigurationName = Release;
		};
		5EC198011A1BB16D00F4DFD4 /* Build configuration list for PBXNativeTarget "Demo" */ = {
			isa = XCConfigurationList;
			buildConfigurations = (
				5EC198021A1BB16D00F4DFD4 /* Debug */,
				5EC198031A1BB16D00F4DFD4 /* Release */,
			);
			defaultConfigurationIsVisible = 0;
			defaultConfigurationName = Release;
		};
/* End XCConfigurationList section */
	};
	rootObject = 5EC197D81A1BB16D00F4DFD4 /* Project object */;
}
