// !$*UTF8*$!
{
	archiveVersion = 1;
	classes = {
	};
	objectVersion = 46;
	objects = {

/* Begin PBXBuildFile section */
		0649AB6B1BAE131A00DB0C77 /* Observable+MoyaSpec.swift in Sources */ = {isa = PBXBuildFile; fileRef = 0649AB6A1BAE131A00DB0C77 /* Observable+MoyaSpec.swift */; settings = {ASSET_TAGS = (); }; };
		54080C1FB2F773BE61D4944E /* Pods_DemoTests.framework in Frameworks */ = {isa = PBXBuildFile; fileRef = 97BC4C2770696BC2300D71D6 /* Pods_DemoTests.framework */; settings = {ATTRIBUTES = (Weak, ); }; };
		5E70E8C31A1BB32400F00C49 /* EndpointSpec.swift in Sources */ = {isa = PBXBuildFile; fileRef = 5E70E8BD1A1BB32400F00C49 /* EndpointSpec.swift */; };
		5E70E8C51A1BB32400F00C49 /* MoyaProviderSpec.swift in Sources */ = {isa = PBXBuildFile; fileRef = 5E70E8BF1A1BB32400F00C49 /* MoyaProviderSpec.swift */; };
		5E70E8C71A1BB32400F00C49 /* testImage.png in Resources */ = {isa = PBXBuildFile; fileRef = 5E70E8C11A1BB32400F00C49 /* testImage.png */; };
		5EBA229E1BA4AF18000622AB /* ReactiveCocoaMoyaProviderTests.swift in Sources */ = {isa = PBXBuildFile; fileRef = 5EBA229D1BA4AF18000622AB /* ReactiveCocoaMoyaProviderTests.swift */; settings = {ASSET_TAGS = (); }; };
		5EBA22A01BA4AF69000622AB /* RxSwiftMoyaProviderTests.swift in Sources */ = {isa = PBXBuildFile; fileRef = 5EBA229F1BA4AF69000622AB /* RxSwiftMoyaProviderTests.swift */; settings = {ASSET_TAGS = (); }; };
		5EC197E61A1BB16D00F4DFD4 /* AppDelegate.swift in Sources */ = {isa = PBXBuildFile; fileRef = 5EC197E51A1BB16D00F4DFD4 /* AppDelegate.swift */; };
		5EC197E81A1BB16D00F4DFD4 /* ViewController.swift in Sources */ = {isa = PBXBuildFile; fileRef = 5EC197E71A1BB16D00F4DFD4 /* ViewController.swift */; };
		5EC197ED1A1BB16D00F4DFD4 /* Main.storyboard in Resources */ = {isa = PBXBuildFile; fileRef = 5EC197EB1A1BB16D00F4DFD4 /* Main.storyboard */; };
		5EC197EF1A1BB16D00F4DFD4 /* Images.xcassets in Resources */ = {isa = PBXBuildFile; fileRef = 5EC197EE1A1BB16D00F4DFD4 /* Images.xcassets */; };
		5EC197F21A1BB16D00F4DFD4 /* LaunchScreen.xib in Resources */ = {isa = PBXBuildFile; fileRef = 5EC197F01A1BB16D00F4DFD4 /* LaunchScreen.xib */; };
		5EC198081A1BB24600F4DFD4 /* GitHubAPI.swift in Sources */ = {isa = PBXBuildFile; fileRef = 5EC198071A1BB24600F4DFD4 /* GitHubAPI.swift */; };
		5EE0145E1AE81206001FAE57 /* MoyaProviderIntegrationTests.swift in Sources */ = {isa = PBXBuildFile; fileRef = 5E70E8BE1A1BB32400F00C49 /* MoyaProviderIntegrationTests.swift */; };
		CB2F9AABC0BD12E36B52FAD5 /* Pods_Demo.framework in Frameworks */ = {isa = PBXBuildFile; fileRef = 83A97CBA359B35E58F6A8E39 /* Pods_Demo.framework */; settings = {ATTRIBUTES = (Weak, ); }; };
/* End PBXBuildFile section */

/* Begin PBXContainerItemProxy section */
		5EC197F81A1BB16D00F4DFD4 /* PBXContainerItemProxy */ = {
			isa = PBXContainerItemProxy;
			containerPortal = 5EC197D81A1BB16D00F4DFD4 /* Project object */;
			proxyType = 1;
			remoteGlobalIDString = 5EC197DF1A1BB16D00F4DFD4;
			remoteInfo = Demo;
		};
/* End PBXContainerItemProxy section */

/* Begin PBXFileReference section */
		0649AB6A1BAE131A00DB0C77 /* Observable+MoyaSpec.swift */ = {isa = PBXFileReference; fileEncoding = 4; lastKnownFileType = sourcecode.swift; path = "Observable+MoyaSpec.swift"; sourceTree = "<group>"; };
		3CD4AE4F5363436C904237B7 /* Pods.release.xcconfig */ = {isa = PBXFileReference; includeInIndex = 1; lastKnownFileType = text.xcconfig; name = Pods.release.xcconfig; path = "Pods/Target Support Files/Pods/Pods.release.xcconfig"; sourceTree = "<group>"; };
		487360B8D68DE97717CCAC7B /* Pods-Demo.release.xcconfig */ = {isa = PBXFileReference; includeInIndex = 1; lastKnownFileType = text.xcconfig; name = "Pods-Demo.release.xcconfig"; path = "Pods/Target Support Files/Pods-Demo/Pods-Demo.release.xcconfig"; sourceTree = "<group>"; };
		5E70E8BD1A1BB32400F00C49 /* EndpointSpec.swift */ = {isa = PBXFileReference; fileEncoding = 4; lastKnownFileType = sourcecode.swift; path = EndpointSpec.swift; sourceTree = "<group>"; };
		5E70E8BE1A1BB32400F00C49 /* MoyaProviderIntegrationTests.swift */ = {isa = PBXFileReference; fileEncoding = 4; lastKnownFileType = sourcecode.swift; path = MoyaProviderIntegrationTests.swift; sourceTree = "<group>"; };
		5E70E8BF1A1BB32400F00C49 /* MoyaProviderSpec.swift */ = {isa = PBXFileReference; fileEncoding = 4; lastKnownFileType = sourcecode.swift; path = MoyaProviderSpec.swift; sourceTree = "<group>"; };
		5E70E8C01A1BB32400F00C49 /* RACSignal+MoyaSpec.swift */ = {isa = PBXFileReference; fileEncoding = 4; lastKnownFileType = sourcecode.swift; path = "RACSignal+MoyaSpec.swift"; sourceTree = "<group>"; };
		5E70E8C11A1BB32400F00C49 /* testImage.png */ = {isa = PBXFileReference; lastKnownFileType = image.png; path = testImage.png; sourceTree = "<group>"; };
		5E70E8DD1A1BB94400F00C49 /* DemoTests copy-Info.plist */ = {isa = PBXFileReference; lastKnownFileType = text.plist.xml; name = "DemoTests copy-Info.plist"; path = "/Users/ash/bin/Moya/Demo/DemoTests copy-Info.plist"; sourceTree = "<absolute>"; };
		5EBA229D1BA4AF18000622AB /* ReactiveCocoaMoyaProviderTests.swift */ = {isa = PBXFileReference; fileEncoding = 4; lastKnownFileType = sourcecode.swift; path = ReactiveCocoaMoyaProviderTests.swift; sourceTree = "<group>"; };
		5EBA229F1BA4AF69000622AB /* RxSwiftMoyaProviderTests.swift */ = {isa = PBXFileReference; fileEncoding = 4; lastKnownFileType = sourcecode.swift; path = RxSwiftMoyaProviderTests.swift; sourceTree = "<group>"; };
		5EC197E01A1BB16D00F4DFD4 /* Demo.app */ = {isa = PBXFileReference; explicitFileType = wrapper.application; includeInIndex = 0; path = Demo.app; sourceTree = BUILT_PRODUCTS_DIR; };
		5EC197E41A1BB16D00F4DFD4 /* Info.plist */ = {isa = PBXFileReference; lastKnownFileType = text.plist.xml; path = Info.plist; sourceTree = "<group>"; };
		5EC197E51A1BB16D00F4DFD4 /* AppDelegate.swift */ = {isa = PBXFileReference; lastKnownFileType = sourcecode.swift; path = AppDelegate.swift; sourceTree = "<group>"; };
		5EC197E71A1BB16D00F4DFD4 /* ViewController.swift */ = {isa = PBXFileReference; lastKnownFileType = sourcecode.swift; path = ViewController.swift; sourceTree = "<group>"; };
		5EC197EC1A1BB16D00F4DFD4 /* Base */ = {isa = PBXFileReference; lastKnownFileType = file.storyboard; name = Base; path = Base.lproj/Main.storyboard; sourceTree = "<group>"; };
		5EC197EE1A1BB16D00F4DFD4 /* Images.xcassets */ = {isa = PBXFileReference; lastKnownFileType = folder.assetcatalog; path = Images.xcassets; sourceTree = "<group>"; };
		5EC197F11A1BB16D00F4DFD4 /* Base */ = {isa = PBXFileReference; lastKnownFileType = file.xib; name = Base; path = Base.lproj/LaunchScreen.xib; sourceTree = "<group>"; };
		5EC197F71A1BB16D00F4DFD4 /* DemoTests.xctest */ = {isa = PBXFileReference; explicitFileType = wrapper.cfbundle; includeInIndex = 0; path = DemoTests.xctest; sourceTree = BUILT_PRODUCTS_DIR; };
		5EC197FC1A1BB16D00F4DFD4 /* Info.plist */ = {isa = PBXFileReference; lastKnownFileType = text.plist.xml; path = Info.plist; sourceTree = "<group>"; };
		5EC198071A1BB24600F4DFD4 /* GitHubAPI.swift */ = {isa = PBXFileReference; fileEncoding = 4; lastKnownFileType = sourcecode.swift; path = GitHubAPI.swift; sourceTree = "<group>"; };
		5EE5595758B8F345907B90C6 /* Pods-Demo.debug.xcconfig */ = {isa = PBXFileReference; includeInIndex = 1; lastKnownFileType = text.xcconfig; name = "Pods-Demo.debug.xcconfig"; path = "Pods/Target Support Files/Pods-Demo/Pods-Demo.debug.xcconfig"; sourceTree = "<group>"; };
		635CFFB539B0C7F414CAD726 /* Pods.framework */ = {isa = PBXFileReference; explicitFileType = wrapper.framework; includeInIndex = 0; path = Pods.framework; sourceTree = BUILT_PRODUCTS_DIR; };
		63A33504667B031CA8AE2974 /* Pods.debug.xcconfig */ = {isa = PBXFileReference; includeInIndex = 1; lastKnownFileType = text.xcconfig; name = Pods.debug.xcconfig; path = "Pods/Target Support Files/Pods/Pods.debug.xcconfig"; sourceTree = "<group>"; };
		83A97CBA359B35E58F6A8E39 /* Pods_Demo.framework */ = {isa = PBXFileReference; explicitFileType = wrapper.framework; includeInIndex = 0; path = Pods_Demo.framework; sourceTree = BUILT_PRODUCTS_DIR; };
		97BC4C2770696BC2300D71D6 /* Pods_DemoTests.framework */ = {isa = PBXFileReference; explicitFileType = wrapper.framework; includeInIndex = 0; path = Pods_DemoTests.framework; sourceTree = BUILT_PRODUCTS_DIR; };
		ABDB32862C71E98BCE40F1FE /* Pods-DemoTests.debug.xcconfig */ = {isa = PBXFileReference; includeInIndex = 1; lastKnownFileType = text.xcconfig; name = "Pods-DemoTests.debug.xcconfig"; path = "Pods/Target Support Files/Pods-DemoTests/Pods-DemoTests.debug.xcconfig"; sourceTree = "<group>"; };
		E66A55196C6C3276E3E853BA /* Pods-DemoTests.release.xcconfig */ = {isa = PBXFileReference; includeInIndex = 1; lastKnownFileType = text.xcconfig; name = "Pods-DemoTests.release.xcconfig"; path = "Pods/Target Support Files/Pods-DemoTests/Pods-DemoTests.release.xcconfig"; sourceTree = "<group>"; };
/* End PBXFileReference section */

/* Begin PBXFrameworksBuildPhase section */
		5EC197DD1A1BB16D00F4DFD4 /* Frameworks */ = {
			isa = PBXFrameworksBuildPhase;
			buildActionMask = 2147483647;
			files = (
				CB2F9AABC0BD12E36B52FAD5 /* Pods_Demo.framework in Frameworks */,
			);
			runOnlyForDeploymentPostprocessing = 0;
		};
		5EC197F41A1BB16D00F4DFD4 /* Frameworks */ = {
			isa = PBXFrameworksBuildPhase;
			buildActionMask = 2147483647;
			files = (
				54080C1FB2F773BE61D4944E /* Pods_DemoTests.framework in Frameworks */,
			);
			runOnlyForDeploymentPostprocessing = 0;
		};
/* End PBXFrameworksBuildPhase section */

/* Begin PBXGroup section */
		2413D5DF3F29C47361513412 /* Pods */ = {
			isa = PBXGroup;
			children = (
				63A33504667B031CA8AE2974 /* Pods.debug.xcconfig */,
				3CD4AE4F5363436C904237B7 /* Pods.release.xcconfig */,
				ABDB32862C71E98BCE40F1FE /* Pods-DemoTests.debug.xcconfig */,
				E66A55196C6C3276E3E853BA /* Pods-DemoTests.release.xcconfig */,
				5EE5595758B8F345907B90C6 /* Pods-Demo.debug.xcconfig */,
				487360B8D68DE97717CCAC7B /* Pods-Demo.release.xcconfig */,
			);
			name = Pods;
			sourceTree = "<group>";
		};
		4EA28E847926FEF1338D42F3 /* Frameworks */ = {
			isa = PBXGroup;
			children = (
				635CFFB539B0C7F414CAD726 /* Pods.framework */,
				97BC4C2770696BC2300D71D6 /* Pods_DemoTests.framework */,
				83A97CBA359B35E58F6A8E39 /* Pods_Demo.framework */,
			);
			name = Frameworks;
			sourceTree = "<group>";
		};
		5EC197D71A1BB16D00F4DFD4 = {
			isa = PBXGroup;
			children = (
				5EC197E21A1BB16D00F4DFD4 /* Demo */,
				5EC197FA1A1BB16D00F4DFD4 /* DemoTests */,
				5EC197E11A1BB16D00F4DFD4 /* Products */,
				4EA28E847926FEF1338D42F3 /* Frameworks */,
				5E70E8DD1A1BB94400F00C49 /* DemoTests copy-Info.plist */,
				2413D5DF3F29C47361513412 /* Pods */,
			);
			sourceTree = "<group>";
		};
		5EC197E11A1BB16D00F4DFD4 /* Products */ = {
			isa = PBXGroup;
			children = (
				5EC197E01A1BB16D00F4DFD4 /* Demo.app */,
				5EC197F71A1BB16D00F4DFD4 /* DemoTests.xctest */,
			);
			name = Products;
			sourceTree = "<group>";
		};
		5EC197E21A1BB16D00F4DFD4 /* Demo */ = {
			isa = PBXGroup;
			children = (
				5EC198071A1BB24600F4DFD4 /* GitHubAPI.swift */,
				5EC197E51A1BB16D00F4DFD4 /* AppDelegate.swift */,
				5EC197E71A1BB16D00F4DFD4 /* ViewController.swift */,
				5EC197EB1A1BB16D00F4DFD4 /* Main.storyboard */,
				5EC197EE1A1BB16D00F4DFD4 /* Images.xcassets */,
				5EC197F01A1BB16D00F4DFD4 /* LaunchScreen.xib */,
				5EC197E31A1BB16D00F4DFD4 /* Supporting Files */,
			);
			path = Demo;
			sourceTree = "<group>";
		};
		5EC197E31A1BB16D00F4DFD4 /* Supporting Files */ = {
			isa = PBXGroup;
			children = (
				5EC197E41A1BB16D00F4DFD4 /* Info.plist */,
			);
			name = "Supporting Files";
			sourceTree = "<group>";
		};
		5EC197FA1A1BB16D00F4DFD4 /* DemoTests */ = {
			isa = PBXGroup;
			children = (
				5E70E8BD1A1BB32400F00C49 /* EndpointSpec.swift */,
				5E70E8BE1A1BB32400F00C49 /* MoyaProviderIntegrationTests.swift */,
				5E70E8BF1A1BB32400F00C49 /* MoyaProviderSpec.swift */,
				5EBA229D1BA4AF18000622AB /* ReactiveCocoaMoyaProviderTests.swift */,
				5EBA229F1BA4AF69000622AB /* RxSwiftMoyaProviderTests.swift */,
				5E70E8C01A1BB32400F00C49 /* RACSignal+MoyaSpec.swift */,
				0649AB6A1BAE131A00DB0C77 /* Observable+MoyaSpec.swift */,
				5E70E8C11A1BB32400F00C49 /* testImage.png */,
				5EC197FB1A1BB16D00F4DFD4 /* Supporting Files */,
			);
			path = DemoTests;
			sourceTree = "<group>";
		};
		5EC197FB1A1BB16D00F4DFD4 /* Supporting Files */ = {
			isa = PBXGroup;
			children = (
				5EC197FC1A1BB16D00F4DFD4 /* Info.plist */,
			);
			name = "Supporting Files";
			sourceTree = "<group>";
		};
/* End PBXGroup section */

/* Begin PBXNativeTarget section */
		5EC197DF1A1BB16D00F4DFD4 /* Demo */ = {
			isa = PBXNativeTarget;
			buildConfigurationList = 5EC198011A1BB16D00F4DFD4 /* Build configuration list for PBXNativeTarget "Demo" */;
			buildPhases = (
				31AF459C2726D025FBE382AE /* Check Pods Manifest.lock */,
				5EC197DC1A1BB16D00F4DFD4 /* Sources */,
				5EC197DD1A1BB16D00F4DFD4 /* Frameworks */,
				5EC197DE1A1BB16D00F4DFD4 /* Resources */,
				2C5BE589DD573BF74C8C4FA0 /* Embed Pods Frameworks */,
				C7A0A60B0D947AAC5509CCE7 /* Copy Pods Resources */,
			);
			buildRules = (
			);
			dependencies = (
			);
			name = Demo;
			productName = Demo;
			productReference = 5EC197E01A1BB16D00F4DFD4 /* Demo.app */;
			productType = "com.apple.product-type.application";
		};
		5EC197F61A1BB16D00F4DFD4 /* DemoTests */ = {
			isa = PBXNativeTarget;
			buildConfigurationList = 5EC198041A1BB16D00F4DFD4 /* Build configuration list for PBXNativeTarget "DemoTests" */;
			buildPhases = (
				3FBCE274D566348356F4ED0A /* Check Pods Manifest.lock */,
				5EC197F31A1BB16D00F4DFD4 /* Sources */,
				5EC197F41A1BB16D00F4DFD4 /* Frameworks */,
				5EC197F51A1BB16D00F4DFD4 /* Resources */,
				7196CE747C9E6516E4F7CAC8 /* Embed Pods Frameworks */,
				305F2C602B4761816578C254 /* Copy Pods Resources */,
			);
			buildRules = (
			);
			dependencies = (
				5EC197F91A1BB16D00F4DFD4 /* PBXTargetDependency */,
			);
			name = DemoTests;
			productName = DemoTests;
			productReference = 5EC197F71A1BB16D00F4DFD4 /* DemoTests.xctest */;
			productType = "com.apple.product-type.bundle.unit-test";
		};
/* End PBXNativeTarget section */

/* Begin PBXProject section */
		5EC197D81A1BB16D00F4DFD4 /* Project object */ = {
			isa = PBXProject;
			attributes = {
				LastSwiftMigration = 0700;
				LastSwiftUpdateCheck = 0700;
				LastUpgradeCheck = 0700;
				ORGANIZATIONNAME = "Ash Furrow";
				TargetAttributes = {
					5EC197DF1A1BB16D00F4DFD4 = {
						CreatedOnToolsVersion = 6.1.1;
					};
					5EC197F61A1BB16D00F4DFD4 = {
						CreatedOnToolsVersion = 6.1.1;
					};
				};
			};
			buildConfigurationList = 5EC197DB1A1BB16D00F4DFD4 /* Build configuration list for PBXProject "Demo" */;
			compatibilityVersion = "Xcode 3.2";
			developmentRegion = English;
			hasScannedForEncodings = 0;
			knownRegions = (
				en,
				Base,
			);
			mainGroup = 5EC197D71A1BB16D00F4DFD4;
			productRefGroup = 5EC197E11A1BB16D00F4DFD4 /* Products */;
			projectDirPath = "";
			projectRoot = "";
			targets = (
				5EC197DF1A1BB16D00F4DFD4 /* Demo */,
				5EC197F61A1BB16D00F4DFD4 /* DemoTests */,
			);
		};
/* End PBXProject section */

/* Begin PBXResourcesBuildPhase section */
		5EC197DE1A1BB16D00F4DFD4 /* Resources */ = {
			isa = PBXResourcesBuildPhase;
			buildActionMask = 2147483647;
			files = (
				5EC197ED1A1BB16D00F4DFD4 /* Main.storyboard in Resources */,
				5EC197F21A1BB16D00F4DFD4 /* LaunchScreen.xib in Resources */,
				5EC197EF1A1BB16D00F4DFD4 /* Images.xcassets in Resources */,
			);
			runOnlyForDeploymentPostprocessing = 0;
		};
		5EC197F51A1BB16D00F4DFD4 /* Resources */ = {
			isa = PBXResourcesBuildPhase;
			buildActionMask = 2147483647;
			files = (
				5E70E8C71A1BB32400F00C49 /* testImage.png in Resources */,
			);
			runOnlyForDeploymentPostprocessing = 0;
		};
/* End PBXResourcesBuildPhase section */

/* Begin PBXShellScriptBuildPhase section */
		2C5BE589DD573BF74C8C4FA0 /* Embed Pods Frameworks */ = {
			isa = PBXShellScriptBuildPhase;
			buildActionMask = 2147483647;
			files = (
			);
			inputPaths = (
			);
			name = "Embed Pods Frameworks";
			outputPaths = (
			);
			runOnlyForDeploymentPostprocessing = 0;
			shellPath = /bin/sh;
			shellScript = "\"${SRCROOT}/Pods/Target Support Files/Pods-Demo/Pods-Demo-frameworks.sh\"\n";
			showEnvVarsInLog = 0;
		};
		305F2C602B4761816578C254 /* Copy Pods Resources */ = {
			isa = PBXShellScriptBuildPhase;
			buildActionMask = 2147483647;
			files = (
			);
			inputPaths = (
			);
			name = "Copy Pods Resources";
			outputPaths = (
			);
			runOnlyForDeploymentPostprocessing = 0;
			shellPath = /bin/sh;
			shellScript = "\"${SRCROOT}/Pods/Target Support Files/Pods-DemoTests/Pods-DemoTests-resources.sh\"\n";
			showEnvVarsInLog = 0;
		};
		31AF459C2726D025FBE382AE /* Check Pods Manifest.lock */ = {
			isa = PBXShellScriptBuildPhase;
			buildActionMask = 2147483647;
			files = (
			);
			inputPaths = (
			);
			name = "Check Pods Manifest.lock";
			outputPaths = (
			);
			runOnlyForDeploymentPostprocessing = 0;
			shellPath = /bin/sh;
			shellScript = "diff \"${PODS_ROOT}/../Podfile.lock\" \"${PODS_ROOT}/Manifest.lock\" > /dev/null\nif [[ $? != 0 ]] ; then\n    cat << EOM\nerror: The sandbox is not in sync with the Podfile.lock. Run 'pod install' or update your CocoaPods installation.\nEOM\n    exit 1\nfi\n";
			showEnvVarsInLog = 0;
		};
		3FBCE274D566348356F4ED0A /* Check Pods Manifest.lock */ = {
			isa = PBXShellScriptBuildPhase;
			buildActionMask = 2147483647;
			files = (
			);
			inputPaths = (
			);
			name = "Check Pods Manifest.lock";
			outputPaths = (
			);
			runOnlyForDeploymentPostprocessing = 0;
			shellPath = /bin/sh;
			shellScript = "diff \"${PODS_ROOT}/../Podfile.lock\" \"${PODS_ROOT}/Manifest.lock\" > /dev/null\nif [[ $? != 0 ]] ; then\n    cat << EOM\nerror: The sandbox is not in sync with the Podfile.lock. Run 'pod install' or update your CocoaPods installation.\nEOM\n    exit 1\nfi\n";
			showEnvVarsInLog = 0;
		};
		7196CE747C9E6516E4F7CAC8 /* Embed Pods Frameworks */ = {
			isa = PBXShellScriptBuildPhase;
			buildActionMask = 2147483647;
			files = (
			);
			inputPaths = (
			);
			name = "Embed Pods Frameworks";
			outputPaths = (
			);
			runOnlyForDeploymentPostprocessing = 0;
			shellPath = /bin/sh;
			shellScript = "\"${SRCROOT}/Pods/Target Support Files/Pods-DemoTests/Pods-DemoTests-frameworks.sh\"\n";
			showEnvVarsInLog = 0;
		};
		C7A0A60B0D947AAC5509CCE7 /* Copy Pods Resources */ = {
			isa = PBXShellScriptBuildPhase;
			buildActionMask = 2147483647;
			files = (
			);
			inputPaths = (
			);
			name = "Copy Pods Resources";
			outputPaths = (
			);
			runOnlyForDeploymentPostprocessing = 0;
			shellPath = /bin/sh;
			shellScript = "\"${SRCROOT}/Pods/Target Support Files/Pods-Demo/Pods-Demo-resources.sh\"\n";
			showEnvVarsInLog = 0;
		};
/* End PBXShellScriptBuildPhase section */

/* Begin PBXSourcesBuildPhase section */
		5EC197DC1A1BB16D00F4DFD4 /* Sources */ = {
			isa = PBXSourcesBuildPhase;
			buildActionMask = 2147483647;
			files = (
				5EC197E81A1BB16D00F4DFD4 /* ViewController.swift in Sources */,
				5EC197E61A1BB16D00F4DFD4 /* AppDelegate.swift in Sources */,
				5EC198081A1BB24600F4DFD4 /* GitHubAPI.swift in Sources */,
			);
			runOnlyForDeploymentPostprocessing = 0;
		};
		5EC197F31A1BB16D00F4DFD4 /* Sources */ = {
			isa = PBXSourcesBuildPhase;
			buildActionMask = 2147483647;
			files = (
				5EE0145E1AE81206001FAE57 /* MoyaProviderIntegrationTests.swift in Sources */,
				5EBA229E1BA4AF18000622AB /* ReactiveCocoaMoyaProviderTests.swift in Sources */,
				5E70E8C51A1BB32400F00C49 /* MoyaProviderSpec.swift in Sources */,
				5EBA22A01BA4AF69000622AB /* RxSwiftMoyaProviderTests.swift in Sources */,
				5E70E8C31A1BB32400F00C49 /* EndpointSpec.swift in Sources */,
				0649AB6B1BAE131A00DB0C77 /* Observable+MoyaSpec.swift in Sources */,
			);
			runOnlyForDeploymentPostprocessing = 0;
		};
/* End PBXSourcesBuildPhase section */

/* Begin PBXTargetDependency section */
		5EC197F91A1BB16D00F4DFD4 /* PBXTargetDependency */ = {
			isa = PBXTargetDependency;
			target = 5EC197DF1A1BB16D00F4DFD4 /* Demo */;
			targetProxy = 5EC197F81A1BB16D00F4DFD4 /* PBXContainerItemProxy */;
		};
/* End PBXTargetDependency section */

/* Begin PBXVariantGroup section */
		5EC197EB1A1BB16D00F4DFD4 /* Main.storyboard */ = {
			isa = PBXVariantGroup;
			children = (
				5EC197EC1A1BB16D00F4DFD4 /* Base */,
			);
			name = Main.storyboard;
			sourceTree = "<group>";
		};
		5EC197F01A1BB16D00F4DFD4 /* LaunchScreen.xib */ = {
			isa = PBXVariantGroup;
			children = (
				5EC197F11A1BB16D00F4DFD4 /* Base */,
			);
			name = LaunchScreen.xib;
			sourceTree = "<group>";
		};
/* End PBXVariantGroup section */

/* Begin XCBuildConfiguration section */
		5EC197FF1A1BB16D00F4DFD4 /* Debug */ = {
			isa = XCBuildConfiguration;
			buildSettings = {
				ALWAYS_SEARCH_USER_PATHS = NO;
				CLANG_CXX_LANGUAGE_STANDARD = "gnu++0x";
				CLANG_CXX_LIBRARY = "libc++";
				CLANG_ENABLE_MODULES = YES;
				CLANG_ENABLE_OBJC_ARC = YES;
				CLANG_WARN_BOOL_CONVERSION = YES;
				CLANG_WARN_CONSTANT_CONVERSION = YES;
				CLANG_WARN_DIRECT_OBJC_ISA_USAGE = YES_ERROR;
				CLANG_WARN_EMPTY_BODY = YES;
				CLANG_WARN_ENUM_CONVERSION = YES;
				CLANG_WARN_INT_CONVERSION = YES;
				CLANG_WARN_OBJC_ROOT_CLASS = YES_ERROR;
				CLANG_WARN_UNREACHABLE_CODE = YES;
				CLANG_WARN__DUPLICATE_METHOD_MATCH = YES;
				"CODE_SIGN_IDENTITY[sdk=iphoneos*]" = "iPhone Developer";
				COPY_PHASE_STRIP = NO;
				ENABLE_STRICT_OBJC_MSGSEND = YES;
				ENABLE_TESTABILITY = YES;
				GCC_C_LANGUAGE_STANDARD = gnu99;
				GCC_DYNAMIC_NO_PIC = NO;
				GCC_OPTIMIZATION_LEVEL = 0;
				GCC_PREPROCESSOR_DEFINITIONS = (
					"DEBUG=1",
					"$(inherited)",
				);
				GCC_SYMBOLS_PRIVATE_EXTERN = NO;
				GCC_WARN_64_TO_32_BIT_CONVERSION = YES;
				GCC_WARN_ABOUT_RETURN_TYPE = YES_ERROR;
				GCC_WARN_UNDECLARED_SELECTOR = YES;
				GCC_WARN_UNINITIALIZED_AUTOS = YES_AGGRESSIVE;
				GCC_WARN_UNUSED_FUNCTION = YES;
				GCC_WARN_UNUSED_VARIABLE = YES;
				IPHONEOS_DEPLOYMENT_TARGET = 8.1;
				MTL_ENABLE_DEBUG_INFO = YES;
				ONLY_ACTIVE_ARCH = YES;
				SDKROOT = iphoneos;
				SWIFT_OPTIMIZATION_LEVEL = "-Onone";
			};
			name = Debug;
		};
		5EC198001A1BB16D00F4DFD4 /* Release */ = {
			isa = XCBuildConfiguration;
			buildSettings = {
				ALWAYS_SEARCH_USER_PATHS = NO;
				CLANG_CXX_LANGUAGE_STANDARD = "gnu++0x";
				CLANG_CXX_LIBRARY = "libc++";
				CLANG_ENABLE_MODULES = YES;
				CLANG_ENABLE_OBJC_ARC = YES;
				CLANG_WARN_BOOL_CONVERSION = YES;
				CLANG_WARN_CONSTANT_CONVERSION = YES;
				CLANG_WARN_DIRECT_OBJC_ISA_USAGE = YES_ERROR;
				CLANG_WARN_EMPTY_BODY = YES;
				CLANG_WARN_ENUM_CONVERSION = YES;
				CLANG_WARN_INT_CONVERSION = YES;
				CLANG_WARN_OBJC_ROOT_CLASS = YES_ERROR;
				CLANG_WARN_UNREACHABLE_CODE = YES;
				CLANG_WARN__DUPLICATE_METHOD_MATCH = YES;
				"CODE_SIGN_IDENTITY[sdk=iphoneos*]" = "iPhone Developer";
				COPY_PHASE_STRIP = YES;
				ENABLE_NS_ASSERTIONS = NO;
				ENABLE_STRICT_OBJC_MSGSEND = YES;
				GCC_C_LANGUAGE_STANDARD = gnu99;
				GCC_WARN_64_TO_32_BIT_CONVERSION = YES;
				GCC_WARN_ABOUT_RETURN_TYPE = YES_ERROR;
				GCC_WARN_UNDECLARED_SELECTOR = YES;
				GCC_WARN_UNINITIALIZED_AUTOS = YES_AGGRESSIVE;
				GCC_WARN_UNUSED_FUNCTION = YES;
				GCC_WARN_UNUSED_VARIABLE = YES;
				IPHONEOS_DEPLOYMENT_TARGET = 8.1;
				MTL_ENABLE_DEBUG_INFO = NO;
				SDKROOT = iphoneos;
				VALIDATE_PRODUCT = YES;
			};
			name = Release;
		};
		5EC198021A1BB16D00F4DFD4 /* Debug */ = {
			isa = XCBuildConfiguration;
			baseConfigurationReference = 5EE5595758B8F345907B90C6 /* Pods-Demo.debug.xcconfig */;
			buildSettings = {
				ASSETCATALOG_COMPILER_APPICON_NAME = AppIcon;
				INFOPLIST_FILE = Demo/Info.plist;
				LD_RUNPATH_SEARCH_PATHS = "$(inherited) @executable_path/Frameworks";
				PRODUCT_BUNDLE_IDENTIFIER = "com.ashfurrow.$(PRODUCT_NAME:rfc1034identifier)";
				PRODUCT_NAME = "$(TARGET_NAME)";
			};
			name = Debug;
		};
		5EC198031A1BB16D00F4DFD4 /* Release */ = {
			isa = XCBuildConfiguration;
			baseConfigurationReference = 487360B8D68DE97717CCAC7B /* Pods-Demo.release.xcconfig */;
			buildSettings = {
				ASSETCATALOG_COMPILER_APPICON_NAME = AppIcon;
				INFOPLIST_FILE = Demo/Info.plist;
				LD_RUNPATH_SEARCH_PATHS = "$(inherited) @executable_path/Frameworks";
				PRODUCT_BUNDLE_IDENTIFIER = "com.ashfurrow.$(PRODUCT_NAME:rfc1034identifier)";
				PRODUCT_NAME = "$(TARGET_NAME)";
			};
			name = Release;
		};
		5EC198051A1BB16D00F4DFD4 /* Debug */ = {
			isa = XCBuildConfiguration;
			baseConfigurationReference = ABDB32862C71E98BCE40F1FE /* Pods-DemoTests.debug.xcconfig */;
			buildSettings = {
				GCC_PREPROCESSOR_DEFINITIONS = (
					"DEBUG=1",
					"$(inherited)",
				);
				INFOPLIST_FILE = DemoTests/Info.plist;
				LD_RUNPATH_SEARCH_PATHS = "$(inherited) @executable_path/Frameworks @loader_path/Frameworks";
				PRODUCT_BUNDLE_IDENTIFIER = "com.ashfurrow.$(PRODUCT_NAME:rfc1034identifier)";
				PRODUCT_NAME = "$(TARGET_NAME)";
			};
			name = Debug;
		};
		5EC198061A1BB16D00F4DFD4 /* Release */ = {
			isa = XCBuildConfiguration;
			baseConfigurationReference = E66A55196C6C3276E3E853BA /* Pods-DemoTests.release.xcconfig */;
			buildSettings = {
				INFOPLIST_FILE = DemoTests/Info.plist;
				LD_RUNPATH_SEARCH_PATHS = "$(inherited) @executable_path/Frameworks @loader_path/Frameworks";
				PRODUCT_BUNDLE_IDENTIFIER = "com.ashfurrow.$(PRODUCT_NAME:rfc1034identifier)";
				PRODUCT_NAME = "$(TARGET_NAME)";
			};
			name = Release;
		};
/* End XCBuildConfiguration section */

/* Begin XCConfigurationList section */
		5EC197DB1A1BB16D00F4DFD4 /* Build configuration list for PBXProject "Demo" */ = {
			isa = XCConfigurationList;
			buildConfigurations = (
				5EC197FF1A1BB16D00F4DFD4 /* Debug */,
				5EC198001A1BB16D00F4DFD4 /* Release */,
			);
			defaultConfigurationIsVisible = 0;
			defaultConfigurationName = Release;
		};
		5EC198011A1BB16D00F4DFD4 /* Build configuration list for PBXNativeTarget "Demo" */ = {
			isa = XCConfigurationList;
			buildConfigurations = (
				5EC198021A1BB16D00F4DFD4 /* Debug */,
				5EC198031A1BB16D00F4DFD4 /* Release */,
			);
			defaultConfigurationIsVisible = 0;
			defaultConfigurationName = Release;
		};
		5EC198041A1BB16D00F4DFD4 /* Build configuration list for PBXNativeTarget "DemoTests" */ = {
			isa = XCConfigurationList;
			buildConfigurations = (
				5EC198051A1BB16D00F4DFD4 /* Debug */,
				5EC198061A1BB16D00F4DFD4 /* Release */,
			);
			defaultConfigurationIsVisible = 0;
			defaultConfigurationName = Release;
		};
/* End XCConfigurationList section */
	};
	rootObject = 5EC197D81A1BB16D00F4DFD4 /* Project object */;
}
