PODS:
  - Alamofire (3.0.1)
  - Moya (4.0.2):
    - Moya/Core (= 4.0.2)
  - Moya/Core (4.0.2):
    - Alamofire (~> 3.0)
  - Nimble (2.0.0-rc.3)
  - OHHTTPStubs (4.2.0):
    - OHHTTPStubs/Default (= 4.2.0)
  - OHHTTPStubs/Core (4.2.0)
  - OHHTTPStubs/Default (4.2.0):
    - OHHTTPStubs/Core
    - OHHTTPStubs/JSON
    - OHHTTPStubs/NSURLSession
    - OHHTTPStubs/OHPathHelpers
  - OHHTTPStubs/JSON (4.2.0):
    - OHHTTPStubs/Core
  - OHHTTPStubs/NSURLSession (4.2.0):
    - OHHTTPStubs/Core
  - OHHTTPStubs/OHPathHelpers (4.2.0)
  - Quick (0.6.0)
  - ReactiveCocoa (4.0.2-alpha-1):
    - ReactiveCocoa/UI (= 4.0.2-alpha-1)
    - Result (~> 0.6-beta.1)
  - ReactiveCocoa/Core (4.0.2-alpha-1):
    - ReactiveCocoa/no-arc
    - Result (~> 0.6-beta.1)
  - ReactiveCocoa/no-arc (4.0.2-alpha-1):
    - Result (~> 0.6-beta.1)
  - ReactiveCocoa/UI (4.0.2-alpha-1):
    - ReactiveCocoa/Core
    - Result (~> 0.6-beta.1)
  - ReactiveMoya (4.0.2):
    - Alamofire (~> 3.0)
    - ReactiveCocoa (~> 4.0-alpha.1)
  - Result (0.6.0-beta.4)
  - RxMoya (4.0.2):
    - RxSwift (~> 2.0.0-alpha)
  - RxSwift (2.0.0-beta.1)

DEPENDENCIES:
  - Moya (from `../`)
  - Nimble (from `https://github.com/Quick/Nimble`)
  - OHHTTPStubs
  - Quick (from `https://github.com/Quick/Quick`)
  - ReactiveMoya (from `../`)
  - RxMoya (from `../`)

EXTERNAL SOURCES:
  Moya:
    :path: "../"
  Nimble:
    :git: https://github.com/Quick/Nimble
  Quick:
    :git: https://github.com/Quick/Quick
  ReactiveMoya:
    :path: "../"
  RxMoya:
    :path: "../"

CHECKOUT OPTIONS:
  Nimble:
    :commit: a87c41424b2b8bc7821cf9e0352f87f53daf5263
    :git: https://github.com/Quick/Nimble
  Quick:
    :commit: ac5eadd202dd67741628f80fb96e8c57388d954d
    :git: https://github.com/Quick/Quick

SPEC CHECKSUMS:
  Alamofire: 2457e1b2e6c46bb05c3a598c542b7bfd08893775
  Moya: 9a265fa31e0d3790e98d764ca8d781e997f01b8f
  Nimble: 2f64d173ad23dc39f10110840a1ed15f29ef75e8
  OHHTTPStubs: f639130b83fb5f4f022d38f841141b0a6fa77249
  Quick: aaa961333f0bec39bfefa4b759128e4eb39f0d0e
  ReactiveCocoa: 652cf90e5de65708e7e2111f77405756da21aabe
  ReactiveMoya: 75a4ff5bd662d1b3da16a0e115da123138eb577a
  Result: f7927152cbaec0c043abb06ba0bc432678818418
  RxMoya: ce4e39b4500e56e23db503a520b25920a5ea4fbe
  RxSwift: a9b0f4d876eac130cda0ae2f3fba627be3baf3ef

COCOAPODS: 0.39.0.beta.4
