PODS:
  - Alamofire (2.0.0)
  - Moya (2.0.0):
    - Moya/Core (= 2.0.0)
  - Moya/Core (2.0.0):
    - Alamofire
  - Moya/ReactiveCore (2.0.0):
    - Moya/Core
  - Moya/RxSwift (2.0.0):
    - Moya/ReactiveCore
    - RxSwift
  - Nimble (2.0.0-rc.2)
  - OHHTTPStubs (4.1.0)
  - Quick (0.5.1)
  - RxSwift (2.0.0-alpha.2)

DEPENDENCIES:
  - Alamofire (from `https://github.com/Alamofire/Alamofire`)
  - Moya (from `../`)
  - Moya/RxSwift (from `../`)
  - Nimble (from `https://github.com/Quick/Nimble`, branch `swift-2.0`)
  - OHHTTPStubs
  - Quick (from `https://github.com/Quick/Quick`, branch `swift-2.0`)
  - RxSwift (from `https://github.com/ReactiveX/RxSwift`, branch `rxswift-2.0`)

EXTERNAL SOURCES:
  Alamofire:
    :git: https://github.com/Alamofire/Alamofire
  Moya:
    :path: ../
  Nimble:
    :branch: swift-2.0
    :git: https://github.com/Quick/Nimble
  Quick:
    :branch: swift-2.0
    :git: https://github.com/Quick/Quick
  RxSwift:
    :branch: rxswift-2.0
    :git: https://github.com/ReactiveX/RxSwift

CHECKOUT OPTIONS:
  Alamofire:
    :commit: 343e24073990172de3c55871762f68d49838a3ce
    :git: https://github.com/Alamofire/Alamofire
  Nimble:
    :commit: dbfc4ebd53395361c14eb2c9b13f629fc541bba2
    :git: https://github.com/Quick/Nimble
  Quick:
    :commit: 4f7480ff9560e3791096e1a58ce09b6c0a8c926c
    :git: https://github.com/Quick/Quick
  RxSwift:
    :commit: d4b39565c83c5827a40c523164c123e6dc6605eb
    :git: https://github.com/ReactiveX/RxSwift

SPEC CHECKSUMS:
  Alamofire: 2f13548b29d25a58ecd91c9225fb51493e2b782b
  Moya: 4f6ee0cc668b80d6eed825ba48b571a67781240f
  Nimble: e3cf5e73a491daf21c2bc88783dbfc55ce8b8e02
  OHHTTPStubs: f3473ab21dbf0815253ac96b977d5c36f1daad09
  Quick: 7426537a99e75076d6930c5b6da58006e4a9f38a
  RxSwift: 0450126df5f8de3ec7ee789b420d7ba98baea364

COCOAPODS: 0.38.2
